
Microsoft Visual Studio Solution File, Format Version 12.00
# Visual Studio Version 17
VisualStudioVersion = 17.4.33205.214
MinimumVisualStudioVersion = 10.0.40219.1
Project("{8BC9CEB8-8B4A-11D0-8D11-00A0C91BC942}") = "Chuyen_De_De_Quy", "Chuyen_De_De_Quy\Chuyen_De_De_Quy.vcxproj", "{761C2E8E-2BF5-4B4E-98D0-A3CCAC3B78AC}"
EndProject
Project("{8BC9CEB8-8B4A-11D0-8D11-00A0C91BC942}") = "Bai_005", "Bai_005\Bai_005.vcxproj", "{5306CA1D-9B35-4ED9-8234-359A0C94CB0D}"
EndProject
Project("{8BC9CEB8-8B4A-11D0-8D11-00A0C91BC942}") = "Bai_011", "Bai_011\Bai_011.vcxproj", "{3443DD1E-C8F2-4FA4-8B9B-F058B5179D40}"
EndProject
Project("{8BC9CEB8-8B4A-11D0-8D11-00A0C91BC942}") = "Bai_017", "Bai_017\Bai_017.vcxproj", "{B01A7961-D0B6-4909-B0DF-315C51B7C1CF}"
EndProject
Project("{8BC9CEB8-8B4A-11D0-8D11-00A0C91BC942}") = "Bai_023", "Bai_023\Bai_023.vcxproj", "{17CB4720-C21B-4157-985F-D05557366A02}"
EndProject
Project("{8BC9CEB8-8B4A-11D0-8D11-00A0C91BC942}") = "Bai_029", "Bai_029\Bai_029.vcxproj", "{AB1CE593-E592-4CA9-905A-3B89EF395DE1}"
EndProject
Project("{8BC9CEB8-8B4A-11D0-8D11-00A0C91BC942}") = "Bai_035", "Bai_035\Bai_035.vcxproj", "{23709CFD-7515-4827-8A09-B7055A3A049C}"
EndProject
Project("{8BC9CEB8-8B4A-11D0-8D11-00A0C91BC942}") = "Bai_041", "Bai_041\Bai_041.vcxproj", "{C255003E-123C-456B-950E-5E71194285DA}"
EndProject
Project("{8BC9CEB8-8B4A-11D0-8D11-00A0C91BC942}") = "Bai_047", "Bai_047\Bai_047.vcxproj", "{BE78D813-D4B1-4F9B-B4A2-16F0C6530CBA}"
EndProject
Project("{8BC9CEB8-8B4A-11D0-8D11-00A0C91BC942}") = "Bai_053", "Bai_053\Bai_053.vcxproj", "{24525D8D-E8FB-4D32-A31D-162524C4E36D}"
EndProject
Project("{8BC9CEB8-8B4A-11D0-8D11-00A0C91BC942}") = "Bai_059", "Bai_059\Bai_059.vcxproj", "{3335E0CD-76A5-412F-840D-BE4F4256C21E}"
EndProject
Project("{8BC9CEB8-8B4A-11D0-8D11-00A0C91BC942}") = "Bai_065", "Bai_065\Bai_065.vcxproj", "{E30154AB-11F4-4D90-B4CF-79A5B7AF09D8}"
EndProject
Project("{8BC9CEB8-8B4A-11D0-8D11-00A0C91BC942}") = "Bai_071", "Bai_071\Bai_071.vcxproj", "{72F271A9-CC7A-4AF2-8FF8-D30FEEEDA58F}"
EndProject
Project("{8BC9CEB8-8B4A-11D0-8D11-00A0C91BC942}") = "Bai_077", "Bai_072\Bai_072.vcxproj", "{33A52C09-ECDC-4CC1-930C-5157F094479A}"
EndProject
Project("{8BC9CEB8-8B4A-11D0-8D11-00A0C91BC942}") = "Bai_083", "Bai_083\Bai_083.vcxproj", "{D0790DBA-F1D3-41EE-A547-571D6C1B0EC1}"
EndProject
Project("{8BC9CEB8-8B4A-11D0-8D11-00A0C91BC942}") = "Bai_089", "Bai_089\Bai_089.vcxproj", "{5F72C50A-B24B-4244-AD5A-A85A73EE42FF}"
EndProject
Project("{8BC9CEB8-8B4A-11D0-8D11-00A0C91BC942}") = "Bai_095", "Bai_095\Bai_095.vcxproj", "{A7AED510-A317-451D-B1ED-4ABF279EBF3F}"
EndProject
Project("{8BC9CEB8-8B4A-11D0-8D11-00A0C91BC942}") = "Bai_101", "Bai_101\Bai_101.vcxproj", "{D0A39AC2-6E04-4150-9E97-08182F526226}"
EndProject
Project("{8BC9CEB8-8B4A-11D0-8D11-00A0C91BC942}") = "Bai_107", "Bai_107\Bai_107.vcxproj", "{90820F40-6AC7-464F-A3DA-8CEE28B0D3C4}"
EndProject
Project("{8BC9CEB8-8B4A-11D0-8D11-00A0C91BC942}") = "Bai_113", "Bai_113\Bai_113.vcxproj", "{53D95355-007F-41F3-9AC6-DF4AE24DA530}"
EndProject
Project("{8BC9CEB8-8B4A-11D0-8D11-00A0C91BC942}") = "Bai_119", "Bai_119\Bai_119.vcxproj", "{B908E891-9BD4-48E6-B709-18D4410DD6E0}"
EndProject
Project("{8BC9CEB8-8B4A-11D0-8D11-00A0C91BC942}") = "Bai_125", "Bai_125\Bai_125.vcxproj", "{FA6402DC-CCBA-4579-A86F-BD08A70A8B39}"
EndProject
Project("{8BC9CEB8-8B4A-11D0-8D11-00A0C91BC942}") = "Bai_131", "Bai_131\Bai_131.vcxproj", "{49E7EC6D-1658-4EC1-A641-AC9E6BFB82E9}"
EndProject
Project("{8BC9CEB8-8B4A-11D0-8D11-00A0C91BC942}") = "Bai_137", "Bai_137\Bai_137.vcxproj", "{E9A8EF2B-4320-4B3D-BFFB-6889E52144AB}"
EndProject
Project("{8BC9CEB8-8B4A-11D0-8D11-00A0C91BC942}") = "Bai_143", "Bai_143\Bai_143.vcxproj", "{E8FD127B-AEDC-473D-BAFC-89039C1F22AA}"
EndProject
Project("{8BC9CEB8-8B4A-11D0-8D11-00A0C91BC942}") = "Bai_149", "Bai149\Bai149.vcxproj", "{712566A3-6C6C-454A-AE8E-EEDE085023E9}"
EndProject
Project("{8BC9CEB8-8B4A-11D0-8D11-00A0C91BC942}") = "Bai_155", "Bai_155\Bai_155.vcxproj", "{03FD3920-AA58-45EC-BD2C-20DC6855E385}"
EndProject
Project("{8BC9CEB8-8B4A-11D0-8D11-00A0C91BC942}") = "Bai_161", "Bai_161\Bai_161.vcxproj", "{6BCE0D0A-E376-4AA6-81AD-002971D66F26}"
EndProject
Project("{8BC9CEB8-8B4A-11D0-8D11-00A0C91BC942}") = "Bai_167", "Bai_167\Bai_167.vcxproj", "{8A56B0D3-33A3-4B18-8840-1EC8EA104C2E}"
EndProject
Project("{8BC9CEB8-8B4A-11D0-8D11-00A0C91BC942}") = "Bai_173", "Bai_173\Bai_173.vcxproj", "{516E9F4F-E68A-45E0-8A6A-1AFA091234EF}"
EndProject
Project("{8BC9CEB8-8B4A-11D0-8D11-00A0C91BC942}") = "Bai_179", "Bai_179\Bai_179.vcxproj", "{4DF81EA5-8FC6-46FB-B4E0-68E72CCAB9DA}"
EndProject
Project("{8BC9CEB8-8B4A-11D0-8D11-00A0C91BC942}") = "Bai_185", "Bai_185\Bai_185.vcxproj", "{77D0B4FD-BD96-4143-80D8-A915F50C8A55}"
EndProject
Project("{8BC9CEB8-8B4A-11D0-8D11-00A0C91BC942}") = "Bai_191", "Bai_191\Bai_191.vcxproj", "{A33945A5-9078-4F84-A252-D92D9C4EF2DD}"
EndProject
Project("{8BC9CEB8-8B4A-11D0-8D11-00A0C91BC942}") = "Bai_197", "Bai_197\Bai_197.vcxproj", "{CDB0796F-A609-44DC-AABF-0854BB60AF44}"
EndProject
Project("{8BC9CEB8-8B4A-11D0-8D11-00A0C91BC942}") = "Bai_203", "Bai_203\Bai_203.vcxproj", "{1C06F155-B849-406F-99E0-58EC3E871F67}"
EndProject
Project("{8BC9CEB8-8B4A-11D0-8D11-00A0C91BC942}") = "Bai_209", "Bai_209\Bai_209.vcxproj", "{53A52106-04E5-4416-ABFD-3D4708FD1046}"
EndProject
Project("{8BC9CEB8-8B4A-11D0-8D11-00A0C91BC942}") = "Bai_215", "Bai215\Bai215.vcxproj", "{E034EFD2-EF08-4CA0-9E04-7948EE55ECFE}"
EndProject
Project("{8BC9CEB8-8B4A-11D0-8D11-00A0C91BC942}") = "Bai_221", "Bai_221\Bai_221.vcxproj", "{8A02EDA1-8998-43AB-ADD9-C73B2709C46A}"
EndProject
Project("{8BC9CEB8-8B4A-11D0-8D11-00A0C91BC942}") = "Bai_227", "Bai_227\Bai_227.vcxproj", "{33466581-3E40-439C-B132-F0250D1EE42D}"
EndProject
Project("{8BC9CEB8-8B4A-11D0-8D11-00A0C91BC942}") = "Bai_233", "Bai_233\Bai_233.vcxproj", "{993362C6-C7AD-45A6-9841-F2519C6E9435}"
EndProject
Project("{8BC9CEB8-8B4A-11D0-8D11-00A0C91BC942}") = "Bai_239", "Bai_239\Bai_239.vcxproj", "{CED5E7A2-4F6C-4C70-9966-7CF2A6990854}"
EndProject
Project("{8BC9CEB8-8B4A-11D0-8D11-00A0C91BC942}") = "Bai_245", "Bai_245\Bai_245.vcxproj", "{94752887-F8A5-4D3D-9D09-DB84321D35C8}"
EndProject
Project("{8BC9CEB8-8B4A-11D0-8D11-00A0C91BC942}") = "Bai_251", "Bai_251\Bai_251.vcxproj", "{DC1D38A7-FCA3-4EC0-B56C-A2572FCCE87C}"
EndProject
Project("{8BC9CEB8-8B4A-11D0-8D11-00A0C91BC942}") = "Bai_257", "Bai_257\Bai_257.vcxproj", "{8AF06C51-B00F-47A9-B5F4-08F166F53B38}"
EndProject
Project("{8BC9CEB8-8B4A-11D0-8D11-00A0C91BC942}") = "Bai_263", "Bai_263\Bai_263.vcxproj", "{8D57F55B-99B0-4A48-AB71-A393F401DB94}"
EndProject
Project("{8BC9CEB8-8B4A-11D0-8D11-00A0C91BC942}") = "Bai_269", "Bai_269\Bai_269.vcxproj", "{39E922D3-3135-4A4A-8231-4D507347EB8C}"
EndProject
Project("{8BC9CEB8-8B4A-11D0-8D11-00A0C91BC942}") = "Bai_275", "Bai_275\Bai_275.vcxproj", "{9701E229-7180-427C-96CE-B74335B02080}"
EndProject
Project("{8BC9CEB8-8B4A-11D0-8D11-00A0C91BC942}") = "Bai_281", "Bai_281\Bai_281.vcxproj", "{6B021333-D40A-4A75-98E9-E001672C7CDC}"
EndProject
Project("{8BC9CEB8-8B4A-11D0-8D11-00A0C91BC942}") = "Bai_287", "Bai_287\Bai_287.vcxproj", "{79A8E3C4-D39A-4129-8BED-149695DC23B8}"
EndProject
Global
	GlobalSection(SolutionConfigurationPlatforms) = preSolution
		Debug|x64 = Debug|x64
		Debug|x86 = Debug|x86
		Release|x64 = Release|x64
		Release|x86 = Release|x86
	EndGlobalSection
	GlobalSection(ProjectConfigurationPlatforms) = postSolution
		{761C2E8E-2BF5-4B4E-98D0-A3CCAC3B78AC}.Debug|x64.ActiveCfg = Debug|x64
		{761C2E8E-2BF5-4B4E-98D0-A3CCAC3B78AC}.Debug|x64.Build.0 = Debug|x64
		{761C2E8E-2BF5-4B4E-98D0-A3CCAC3B78AC}.Debug|x86.ActiveCfg = Debug|Win32
		{761C2E8E-2BF5-4B4E-98D0-A3CCAC3B78AC}.Debug|x86.Build.0 = Debug|Win32
		{761C2E8E-2BF5-4B4E-98D0-A3CCAC3B78AC}.Release|x64.ActiveCfg = Release|x64
		{761C2E8E-2BF5-4B4E-98D0-A3CCAC3B78AC}.Release|x64.Build.0 = Release|x64
		{761C2E8E-2BF5-4B4E-98D0-A3CCAC3B78AC}.Release|x86.ActiveCfg = Release|Win32
		{761C2E8E-2BF5-4B4E-98D0-A3CCAC3B78AC}.Release|x86.Build.0 = Release|Win32
		{5306CA1D-9B35-4ED9-8234-359A0C94CB0D}.Debug|x64.ActiveCfg = Debug|x64
		{5306CA1D-9B35-4ED9-8234-359A0C94CB0D}.Debug|x64.Build.0 = Debug|x64
		{5306CA1D-9B35-4ED9-8234-359A0C94CB0D}.Debug|x86.ActiveCfg = Debug|Win32
		{5306CA1D-9B35-4ED9-8234-359A0C94CB0D}.Debug|x86.Build.0 = Debug|Win32
		{5306CA1D-9B35-4ED9-8234-359A0C94CB0D}.Release|x64.ActiveCfg = Release|x64
		{5306CA1D-9B35-4ED9-8234-359A0C94CB0D}.Release|x64.Build.0 = Release|x64
		{5306CA1D-9B35-4ED9-8234-359A0C94CB0D}.Release|x86.ActiveCfg = Release|Win32
		{5306CA1D-9B35-4ED9-8234-359A0C94CB0D}.Release|x86.Build.0 = Release|Win32
		{3443DD1E-C8F2-4FA4-8B9B-F058B5179D40}.Debug|x64.ActiveCfg = Debug|x64
		{3443DD1E-C8F2-4FA4-8B9B-F058B5179D40}.Debug|x64.Build.0 = Debug|x64
		{3443DD1E-C8F2-4FA4-8B9B-F058B5179D40}.Debug|x86.ActiveCfg = Debug|Win32
		{3443DD1E-C8F2-4FA4-8B9B-F058B5179D40}.Debug|x86.Build.0 = Debug|Win32
		{3443DD1E-C8F2-4FA4-8B9B-F058B5179D40}.Release|x64.ActiveCfg = Release|x64
		{3443DD1E-C8F2-4FA4-8B9B-F058B5179D40}.Release|x64.Build.0 = Release|x64
		{3443DD1E-C8F2-4FA4-8B9B-F058B5179D40}.Release|x86.ActiveCfg = Release|Win32
		{3443DD1E-C8F2-4FA4-8B9B-F058B5179D40}.Release|x86.Build.0 = Release|Win32
		{B01A7961-D0B6-4909-B0DF-315C51B7C1CF}.Debug|x64.ActiveCfg = Debug|x64
		{B01A7961-D0B6-4909-B0DF-315C51B7C1CF}.Debug|x64.Build.0 = Debug|x64
		{B01A7961-D0B6-4909-B0DF-315C51B7C1CF}.Debug|x86.ActiveCfg = Debug|Win32
		{B01A7961-D0B6-4909-B0DF-315C51B7C1CF}.Debug|x86.Build.0 = Debug|Win32
		{B01A7961-D0B6-4909-B0DF-315C51B7C1CF}.Release|x64.ActiveCfg = Release|x64
		{B01A7961-D0B6-4909-B0DF-315C51B7C1CF}.Release|x64.Build.0 = Release|x64
		{B01A7961-D0B6-4909-B0DF-315C51B7C1CF}.Release|x86.ActiveCfg = Release|Win32
		{B01A7961-D0B6-4909-B0DF-315C51B7C1CF}.Release|x86.Build.0 = Release|Win32
		{17CB4720-C21B-4157-985F-D05557366A02}.Debug|x64.ActiveCfg = Debug|x64
		{17CB4720-C21B-4157-985F-D05557366A02}.Debug|x64.Build.0 = Debug|x64
		{17CB4720-C21B-4157-985F-D05557366A02}.Debug|x86.ActiveCfg = Debug|Win32
		{17CB4720-C21B-4157-985F-D05557366A02}.Debug|x86.Build.0 = Debug|Win32
		{17CB4720-C21B-4157-985F-D05557366A02}.Release|x64.ActiveCfg = Release|x64
		{17CB4720-C21B-4157-985F-D05557366A02}.Release|x64.Build.0 = Release|x64
		{17CB4720-C21B-4157-985F-D05557366A02}.Release|x86.ActiveCfg = Release|Win32
		{17CB4720-C21B-4157-985F-D05557366A02}.Release|x86.Build.0 = Release|Win32
		{AB1CE593-E592-4CA9-905A-3B89EF395DE1}.Debug|x64.ActiveCfg = Debug|x64
		{AB1CE593-E592-4CA9-905A-3B89EF395DE1}.Debug|x64.Build.0 = Debug|x64
		{AB1CE593-E592-4CA9-905A-3B89EF395DE1}.Debug|x86.ActiveCfg = Debug|Win32
		{AB1CE593-E592-4CA9-905A-3B89EF395DE1}.Debug|x86.Build.0 = Debug|Win32
		{AB1CE593-E592-4CA9-905A-3B89EF395DE1}.Release|x64.ActiveCfg = Release|x64
		{AB1CE593-E592-4CA9-905A-3B89EF395DE1}.Release|x64.Build.0 = Release|x64
		{AB1CE593-E592-4CA9-905A-3B89EF395DE1}.Release|x86.ActiveCfg = Release|Win32
		{AB1CE593-E592-4CA9-905A-3B89EF395DE1}.Release|x86.Build.0 = Release|Win32
		{23709CFD-7515-4827-8A09-B7055A3A049C}.Debug|x64.ActiveCfg = Debug|x64
		{23709CFD-7515-4827-8A09-B7055A3A049C}.Debug|x64.Build.0 = Debug|x64
		{23709CFD-7515-4827-8A09-B7055A3A049C}.Debug|x86.ActiveCfg = Debug|Win32
		{23709CFD-7515-4827-8A09-B7055A3A049C}.Debug|x86.Build.0 = Debug|Win32
		{23709CFD-7515-4827-8A09-B7055A3A049C}.Release|x64.ActiveCfg = Release|x64
		{23709CFD-7515-4827-8A09-B7055A3A049C}.Release|x64.Build.0 = Release|x64
		{23709CFD-7515-4827-8A09-B7055A3A049C}.Release|x86.ActiveCfg = Release|Win32
		{23709CFD-7515-4827-8A09-B7055A3A049C}.Release|x86.Build.0 = Release|Win32
		{C255003E-123C-456B-950E-5E71194285DA}.Debug|x64.ActiveCfg = Debug|x64
		{C255003E-123C-456B-950E-5E71194285DA}.Debug|x64.Build.0 = Debug|x64
		{C255003E-123C-456B-950E-5E71194285DA}.Debug|x86.ActiveCfg = Debug|Win32
		{C255003E-123C-456B-950E-5E71194285DA}.Debug|x86.Build.0 = Debug|Win32
		{C255003E-123C-456B-950E-5E71194285DA}.Release|x64.ActiveCfg = Release|x64
		{C255003E-123C-456B-950E-5E71194285DA}.Release|x64.Build.0 = Release|x64
		{C255003E-123C-456B-950E-5E71194285DA}.Release|x86.ActiveCfg = Release|Win32
		{C255003E-123C-456B-950E-5E71194285DA}.Release|x86.Build.0 = Release|Win32
		{BE78D813-D4B1-4F9B-B4A2-16F0C6530CBA}.Debug|x64.ActiveCfg = Debug|x64
		{BE78D813-D4B1-4F9B-B4A2-16F0C6530CBA}.Debug|x64.Build.0 = Debug|x64
		{BE78D813-D4B1-4F9B-B4A2-16F0C6530CBA}.Debug|x86.ActiveCfg = Debug|Win32
		{BE78D813-D4B1-4F9B-B4A2-16F0C6530CBA}.Debug|x86.Build.0 = Debug|Win32
		{BE78D813-D4B1-4F9B-B4A2-16F0C6530CBA}.Release|x64.ActiveCfg = Release|x64
		{BE78D813-D4B1-4F9B-B4A2-16F0C6530CBA}.Release|x64.Build.0 = Release|x64
		{BE78D813-D4B1-4F9B-B4A2-16F0C6530CBA}.Release|x86.ActiveCfg = Release|Win32
		{BE78D813-D4B1-4F9B-B4A2-16F0C6530CBA}.Release|x86.Build.0 = Release|Win32
		{24525D8D-E8FB-4D32-A31D-162524C4E36D}.Debug|x64.ActiveCfg = Debug|x64
		{24525D8D-E8FB-4D32-A31D-162524C4E36D}.Debug|x64.Build.0 = Debug|x64
		{24525D8D-E8FB-4D32-A31D-162524C4E36D}.Debug|x86.ActiveCfg = Debug|Win32
		{24525D8D-E8FB-4D32-A31D-162524C4E36D}.Debug|x86.Build.0 = Debug|Win32
		{24525D8D-E8FB-4D32-A31D-162524C4E36D}.Release|x64.ActiveCfg = Release|x64
		{24525D8D-E8FB-4D32-A31D-162524C4E36D}.Release|x64.Build.0 = Release|x64
		{24525D8D-E8FB-4D32-A31D-162524C4E36D}.Release|x86.ActiveCfg = Release|Win32
		{24525D8D-E8FB-4D32-A31D-162524C4E36D}.Release|x86.Build.0 = Release|Win32
		{3335E0CD-76A5-412F-840D-BE4F4256C21E}.Debug|x64.ActiveCfg = Debug|x64
		{3335E0CD-76A5-412F-840D-BE4F4256C21E}.Debug|x64.Build.0 = Debug|x64
		{3335E0CD-76A5-412F-840D-BE4F4256C21E}.Debug|x86.ActiveCfg = Debug|Win32
		{3335E0CD-76A5-412F-840D-BE4F4256C21E}.Debug|x86.Build.0 = Debug|Win32
		{3335E0CD-76A5-412F-840D-BE4F4256C21E}.Release|x64.ActiveCfg = Release|x64
		{3335E0CD-76A5-412F-840D-BE4F4256C21E}.Release|x64.Build.0 = Release|x64
		{3335E0CD-76A5-412F-840D-BE4F4256C21E}.Release|x86.ActiveCfg = Release|Win32
		{3335E0CD-76A5-412F-840D-BE4F4256C21E}.Release|x86.Build.0 = Release|Win32
		{E30154AB-11F4-4D90-B4CF-79A5B7AF09D8}.Debug|x64.ActiveCfg = Debug|x64
		{E30154AB-11F4-4D90-B4CF-79A5B7AF09D8}.Debug|x64.Build.0 = Debug|x64
		{E30154AB-11F4-4D90-B4CF-79A5B7AF09D8}.Debug|x86.ActiveCfg = Debug|Win32
		{E30154AB-11F4-4D90-B4CF-79A5B7AF09D8}.Debug|x86.Build.0 = Debug|Win32
		{E30154AB-11F4-4D90-B4CF-79A5B7AF09D8}.Release|x64.ActiveCfg = Release|x64
		{E30154AB-11F4-4D90-B4CF-79A5B7AF09D8}.Release|x64.Build.0 = Release|x64
		{E30154AB-11F4-4D90-B4CF-79A5B7AF09D8}.Release|x86.ActiveCfg = Release|Win32
		{E30154AB-11F4-4D90-B4CF-79A5B7AF09D8}.Release|x86.Build.0 = Release|Win32
		{72F271A9-CC7A-4AF2-8FF8-D30FEEEDA58F}.Debug|x64.ActiveCfg = Debug|x64
		{72F271A9-CC7A-4AF2-8FF8-D30FEEEDA58F}.Debug|x64.Build.0 = Debug|x64
		{72F271A9-CC7A-4AF2-8FF8-D30FEEEDA58F}.Debug|x86.ActiveCfg = Debug|Win32
		{72F271A9-CC7A-4AF2-8FF8-D30FEEEDA58F}.Debug|x86.Build.0 = Debug|Win32
		{72F271A9-CC7A-4AF2-8FF8-D30FEEEDA58F}.Release|x64.ActiveCfg = Release|x64
		{72F271A9-CC7A-4AF2-8FF8-D30FEEEDA58F}.Release|x64.Build.0 = Release|x64
		{72F271A9-CC7A-4AF2-8FF8-D30FEEEDA58F}.Release|x86.ActiveCfg = Release|Win32
		{72F271A9-CC7A-4AF2-8FF8-D30FEEEDA58F}.Release|x86.Build.0 = Release|Win32
		{33A52C09-ECDC-4CC1-930C-5157F094479A}.Debug|x64.ActiveCfg = Debug|x64
		{33A52C09-ECDC-4CC1-930C-5157F094479A}.Debug|x64.Build.0 = Debug|x64
		{33A52C09-ECDC-4CC1-930C-5157F094479A}.Debug|x86.ActiveCfg = Debug|Win32
		{33A52C09-ECDC-4CC1-930C-5157F094479A}.Debug|x86.Build.0 = Debug|Win32
		{33A52C09-ECDC-4CC1-930C-5157F094479A}.Release|x64.ActiveCfg = Release|x64
		{33A52C09-ECDC-4CC1-930C-5157F094479A}.Release|x64.Build.0 = Release|x64
		{33A52C09-ECDC-4CC1-930C-5157F094479A}.Release|x86.ActiveCfg = Release|Win32
		{33A52C09-ECDC-4CC1-930C-5157F094479A}.Release|x86.Build.0 = Release|Win32
		{D0790DBA-F1D3-41EE-A547-571D6C1B0EC1}.Debug|x64.ActiveCfg = Debug|x64
		{D0790DBA-F1D3-41EE-A547-571D6C1B0EC1}.Debug|x64.Build.0 = Debug|x64
		{D0790DBA-F1D3-41EE-A547-571D6C1B0EC1}.Debug|x86.ActiveCfg = Debug|Win32
		{D0790DBA-F1D3-41EE-A547-571D6C1B0EC1}.Debug|x86.Build.0 = Debug|Win32
		{D0790DBA-F1D3-41EE-A547-571D6C1B0EC1}.Release|x64.ActiveCfg = Release|x64
		{D0790DBA-F1D3-41EE-A547-571D6C1B0EC1}.Release|x64.Build.0 = Release|x64
		{D0790DBA-F1D3-41EE-A547-571D6C1B0EC1}.Release|x86.ActiveCfg = Release|Win32
		{D0790DBA-F1D3-41EE-A547-571D6C1B0EC1}.Release|x86.Build.0 = Release|Win32
		{5F72C50A-B24B-4244-AD5A-A85A73EE42FF}.Debug|x64.ActiveCfg = Debug|x64
		{5F72C50A-B24B-4244-AD5A-A85A73EE42FF}.Debug|x64.Build.0 = Debug|x64
		{5F72C50A-B24B-4244-AD5A-A85A73EE42FF}.Debug|x86.ActiveCfg = Debug|Win32
		{5F72C50A-B24B-4244-AD5A-A85A73EE42FF}.Debug|x86.Build.0 = Debug|Win32
		{5F72C50A-B24B-4244-AD5A-A85A73EE42FF}.Release|x64.ActiveCfg = Release|x64
		{5F72C50A-B24B-4244-AD5A-A85A73EE42FF}.Release|x64.Build.0 = Release|x64
		{5F72C50A-B24B-4244-AD5A-A85A73EE42FF}.Release|x86.ActiveCfg = Release|Win32
		{5F72C50A-B24B-4244-AD5A-A85A73EE42FF}.Release|x86.Build.0 = Release|Win32
		{A7AED510-A317-451D-B1ED-4ABF279EBF3F}.Debug|x64.ActiveCfg = Debug|x64
		{A7AED510-A317-451D-B1ED-4ABF279EBF3F}.Debug|x64.Build.0 = Debug|x64
		{A7AED510-A317-451D-B1ED-4ABF279EBF3F}.Debug|x86.ActiveCfg = Debug|Win32
		{A7AED510-A317-451D-B1ED-4ABF279EBF3F}.Debug|x86.Build.0 = Debug|Win32
		{A7AED510-A317-451D-B1ED-4ABF279EBF3F}.Release|x64.ActiveCfg = Release|x64
		{A7AED510-A317-451D-B1ED-4ABF279EBF3F}.Release|x64.Build.0 = Release|x64
		{A7AED510-A317-451D-B1ED-4ABF279EBF3F}.Release|x86.ActiveCfg = Release|Win32
		{A7AED510-A317-451D-B1ED-4ABF279EBF3F}.Release|x86.Build.0 = Release|Win32
		{D0A39AC2-6E04-4150-9E97-08182F526226}.Debug|x64.ActiveCfg = Debug|x64
		{D0A39AC2-6E04-4150-9E97-08182F526226}.Debug|x64.Build.0 = Debug|x64
		{D0A39AC2-6E04-4150-9E97-08182F526226}.Debug|x86.ActiveCfg = Debug|Win32
		{D0A39AC2-6E04-4150-9E97-08182F526226}.Debug|x86.Build.0 = Debug|Win32
		{D0A39AC2-6E04-4150-9E97-08182F526226}.Release|x64.ActiveCfg = Release|x64
		{D0A39AC2-6E04-4150-9E97-08182F526226}.Release|x64.Build.0 = Release|x64
		{D0A39AC2-6E04-4150-9E97-08182F526226}.Release|x86.ActiveCfg = Release|Win32
		{D0A39AC2-6E04-4150-9E97-08182F526226}.Release|x86.Build.0 = Release|Win32
		{90820F40-6AC7-464F-A3DA-8CEE28B0D3C4}.Debug|x64.ActiveCfg = Debug|x64
		{90820F40-6AC7-464F-A3DA-8CEE28B0D3C4}.Debug|x64.Build.0 = Debug|x64
		{90820F40-6AC7-464F-A3DA-8CEE28B0D3C4}.Debug|x86.ActiveCfg = Debug|Win32
		{90820F40-6AC7-464F-A3DA-8CEE28B0D3C4}.Debug|x86.Build.0 = Debug|Win32
		{90820F40-6AC7-464F-A3DA-8CEE28B0D3C4}.Release|x64.ActiveCfg = Release|x64
		{90820F40-6AC7-464F-A3DA-8CEE28B0D3C4}.Release|x64.Build.0 = Release|x64
		{90820F40-6AC7-464F-A3DA-8CEE28B0D3C4}.Release|x86.ActiveCfg = Release|Win32
		{90820F40-6AC7-464F-A3DA-8CEE28B0D3C4}.Release|x86.Build.0 = Release|Win32
		{53D95355-007F-41F3-9AC6-DF4AE24DA530}.Debug|x64.ActiveCfg = Debug|x64
		{53D95355-007F-41F3-9AC6-DF4AE24DA530}.Debug|x64.Build.0 = Debug|x64
		{53D95355-007F-41F3-9AC6-DF4AE24DA530}.Debug|x86.ActiveCfg = Debug|Win32
		{53D95355-007F-41F3-9AC6-DF4AE24DA530}.Debug|x86.Build.0 = Debug|Win32
		{53D95355-007F-41F3-9AC6-DF4AE24DA530}.Release|x64.ActiveCfg = Release|x64
		{53D95355-007F-41F3-9AC6-DF4AE24DA530}.Release|x64.Build.0 = Release|x64
		{53D95355-007F-41F3-9AC6-DF4AE24DA530}.Release|x86.ActiveCfg = Release|Win32
		{53D95355-007F-41F3-9AC6-DF4AE24DA530}.Release|x86.Build.0 = Release|Win32
		{B908E891-9BD4-48E6-B709-18D4410DD6E0}.Debug|x64.ActiveCfg = Debug|x64
		{B908E891-9BD4-48E6-B709-18D4410DD6E0}.Debug|x64.Build.0 = Debug|x64
		{B908E891-9BD4-48E6-B709-18D4410DD6E0}.Debug|x86.ActiveCfg = Debug|Win32
		{B908E891-9BD4-48E6-B709-18D4410DD6E0}.Debug|x86.Build.0 = Debug|Win32
		{B908E891-9BD4-48E6-B709-18D4410DD6E0}.Release|x64.ActiveCfg = Release|x64
		{B908E891-9BD4-48E6-B709-18D4410DD6E0}.Release|x64.Build.0 = Release|x64
		{B908E891-9BD4-48E6-B709-18D4410DD6E0}.Release|x86.ActiveCfg = Release|Win32
		{B908E891-9BD4-48E6-B709-18D4410DD6E0}.Release|x86.Build.0 = Release|Win32
		{FA6402DC-CCBA-4579-A86F-BD08A70A8B39}.Debug|x64.ActiveCfg = Debug|x64
		{FA6402DC-CCBA-4579-A86F-BD08A70A8B39}.Debug|x64.Build.0 = Debug|x64
		{FA6402DC-CCBA-4579-A86F-BD08A70A8B39}.Debug|x86.ActiveCfg = Debug|Win32
		{FA6402DC-CCBA-4579-A86F-BD08A70A8B39}.Debug|x86.Build.0 = Debug|Win32
		{FA6402DC-CCBA-4579-A86F-BD08A70A8B39}.Release|x64.ActiveCfg = Release|x64
		{FA6402DC-CCBA-4579-A86F-BD08A70A8B39}.Release|x64.Build.0 = Release|x64
		{FA6402DC-CCBA-4579-A86F-BD08A70A8B39}.Release|x86.ActiveCfg = Release|Win32
		{FA6402DC-CCBA-4579-A86F-BD08A70A8B39}.Release|x86.Build.0 = Release|Win32
		{49E7EC6D-1658-4EC1-A641-AC9E6BFB82E9}.Debug|x64.ActiveCfg = Debug|x64
		{49E7EC6D-1658-4EC1-A641-AC9E6BFB82E9}.Debug|x64.Build.0 = Debug|x64
		{49E7EC6D-1658-4EC1-A641-AC9E6BFB82E9}.Debug|x86.ActiveCfg = Debug|Win32
		{49E7EC6D-1658-4EC1-A641-AC9E6BFB82E9}.Debug|x86.Build.0 = Debug|Win32
		{49E7EC6D-1658-4EC1-A641-AC9E6BFB82E9}.Release|x64.ActiveCfg = Release|x64
		{49E7EC6D-1658-4EC1-A641-AC9E6BFB82E9}.Release|x64.Build.0 = Release|x64
		{49E7EC6D-1658-4EC1-A641-AC9E6BFB82E9}.Release|x86.ActiveCfg = Release|Win32
		{49E7EC6D-1658-4EC1-A641-AC9E6BFB82E9}.Release|x86.Build.0 = Release|Win32
		{E9A8EF2B-4320-4B3D-BFFB-6889E52144AB}.Debug|x64.ActiveCfg = Debug|x64
		{E9A8EF2B-4320-4B3D-BFFB-6889E52144AB}.Debug|x64.Build.0 = Debug|x64
		{E9A8EF2B-4320-4B3D-BFFB-6889E52144AB}.Debug|x86.ActiveCfg = Debug|Win32
		{E9A8EF2B-4320-4B3D-BFFB-6889E52144AB}.Debug|x86.Build.0 = Debug|Win32
		{E9A8EF2B-4320-4B3D-BFFB-6889E52144AB}.Release|x64.ActiveCfg = Release|x64
		{E9A8EF2B-4320-4B3D-BFFB-6889E52144AB}.Release|x64.Build.0 = Release|x64
		{E9A8EF2B-4320-4B3D-BFFB-6889E52144AB}.Release|x86.ActiveCfg = Release|Win32
		{E9A8EF2B-4320-4B3D-BFFB-6889E52144AB}.Release|x86.Build.0 = Release|Win32
		{E8FD127B-AEDC-473D-BAFC-89039C1F22AA}.Debug|x64.ActiveCfg = Debug|x64
		{E8FD127B-AEDC-473D-BAFC-89039C1F22AA}.Debug|x64.Build.0 = Debug|x64
		{E8FD127B-AEDC-473D-BAFC-89039C1F22AA}.Debug|x86.ActiveCfg = Debug|Win32
		{E8FD127B-AEDC-473D-BAFC-89039C1F22AA}.Debug|x86.Build.0 = Debug|Win32
		{E8FD127B-AEDC-473D-BAFC-89039C1F22AA}.Release|x64.ActiveCfg = Release|x64
		{E8FD127B-AEDC-473D-BAFC-89039C1F22AA}.Release|x64.Build.0 = Release|x64
		{E8FD127B-AEDC-473D-BAFC-89039C1F22AA}.Release|x86.ActiveCfg = Release|Win32
		{E8FD127B-AEDC-473D-BAFC-89039C1F22AA}.Release|x86.Build.0 = Release|Win32
		{712566A3-6C6C-454A-AE8E-EEDE085023E9}.Debug|x64.ActiveCfg = Debug|x64
		{712566A3-6C6C-454A-AE8E-EEDE085023E9}.Debug|x64.Build.0 = Debug|x64
		{712566A3-6C6C-454A-AE8E-EEDE085023E9}.Debug|x86.ActiveCfg = Debug|Win32
		{712566A3-6C6C-454A-AE8E-EEDE085023E9}.Debug|x86.Build.0 = Debug|Win32
		{712566A3-6C6C-454A-AE8E-EEDE085023E9}.Release|x64.ActiveCfg = Release|x64
		{712566A3-6C6C-454A-AE8E-EEDE085023E9}.Release|x64.Build.0 = Release|x64
		{712566A3-6C6C-454A-AE8E-EEDE085023E9}.Release|x86.ActiveCfg = Release|Win32
		{712566A3-6C6C-454A-AE8E-EEDE085023E9}.Release|x86.Build.0 = Release|Win32
		{03FD3920-AA58-45EC-BD2C-20DC6855E385}.Debug|x64.ActiveCfg = Debug|x64
		{03FD3920-AA58-45EC-BD2C-20DC6855E385}.Debug|x64.Build.0 = Debug|x64
		{03FD3920-AA58-45EC-BD2C-20DC6855E385}.Debug|x86.ActiveCfg = Debug|Win32
		{03FD3920-AA58-45EC-BD2C-20DC6855E385}.Debug|x86.Build.0 = Debug|Win32
		{03FD3920-AA58-45EC-BD2C-20DC6855E385}.Release|x64.ActiveCfg = Release|x64
		{03FD3920-AA58-45EC-BD2C-20DC6855E385}.Release|x64.Build.0 = Release|x64
		{03FD3920-AA58-45EC-BD2C-20DC6855E385}.Release|x86.ActiveCfg = Release|Win32
		{03FD3920-AA58-45EC-BD2C-20DC6855E385}.Release|x86.Build.0 = Release|Win32
		{6BCE0D0A-E376-4AA6-81AD-002971D66F26}.Debug|x64.ActiveCfg = Debug|x64
		{6BCE0D0A-E376-4AA6-81AD-002971D66F26}.Debug|x64.Build.0 = Debug|x64
		{6BCE0D0A-E376-4AA6-81AD-002971D66F26}.Debug|x86.ActiveCfg = Debug|Win32
		{6BCE0D0A-E376-4AA6-81AD-002971D66F26}.Debug|x86.Build.0 = Debug|Win32
		{6BCE0D0A-E376-4AA6-81AD-002971D66F26}.Release|x64.ActiveCfg = Release|x64
		{6BCE0D0A-E376-4AA6-81AD-002971D66F26}.Release|x64.Build.0 = Release|x64
		{6BCE0D0A-E376-4AA6-81AD-002971D66F26}.Release|x86.ActiveCfg = Release|Win32
		{6BCE0D0A-E376-4AA6-81AD-002971D66F26}.Release|x86.Build.0 = Release|Win32
		{8A56B0D3-33A3-4B18-8840-1EC8EA104C2E}.Debug|x64.ActiveCfg = Debug|x64
		{8A56B0D3-33A3-4B18-8840-1EC8EA104C2E}.Debug|x64.Build.0 = Debug|x64
		{8A56B0D3-33A3-4B18-8840-1EC8EA104C2E}.Debug|x86.ActiveCfg = Debug|Win32
		{8A56B0D3-33A3-4B18-8840-1EC8EA104C2E}.Debug|x86.Build.0 = Debug|Win32
		{8A56B0D3-33A3-4B18-8840-1EC8EA104C2E}.Release|x64.ActiveCfg = Release|x64
		{8A56B0D3-33A3-4B18-8840-1EC8EA104C2E}.Release|x64.Build.0 = Release|x64
		{8A56B0D3-33A3-4B18-8840-1EC8EA104C2E}.Release|x86.ActiveCfg = Release|Win32
		{8A56B0D3-33A3-4B18-8840-1EC8EA104C2E}.Release|x86.Build.0 = Release|Win32
		{516E9F4F-E68A-45E0-8A6A-1AFA091234EF}.Debug|x64.ActiveCfg = Debug|x64
		{516E9F4F-E68A-45E0-8A6A-1AFA091234EF}.Debug|x64.Build.0 = Debug|x64
		{516E9F4F-E68A-45E0-8A6A-1AFA091234EF}.Debug|x86.ActiveCfg = Debug|Win32
		{516E9F4F-E68A-45E0-8A6A-1AFA091234EF}.Debug|x86.Build.0 = Debug|Win32
		{516E9F4F-E68A-45E0-8A6A-1AFA091234EF}.Release|x64.ActiveCfg = Release|x64
		{516E9F4F-E68A-45E0-8A6A-1AFA091234EF}.Release|x64.Build.0 = Release|x64
		{516E9F4F-E68A-45E0-8A6A-1AFA091234EF}.Release|x86.ActiveCfg = Release|Win32
		{516E9F4F-E68A-45E0-8A6A-1AFA091234EF}.Release|x86.Build.0 = Release|Win32
		{4DF81EA5-8FC6-46FB-B4E0-68E72CCAB9DA}.Debug|x64.ActiveCfg = Debug|x64
		{4DF81EA5-8FC6-46FB-B4E0-68E72CCAB9DA}.Debug|x64.Build.0 = Debug|x64
		{4DF81EA5-8FC6-46FB-B4E0-68E72CCAB9DA}.Debug|x86.ActiveCfg = Debug|Win32
		{4DF81EA5-8FC6-46FB-B4E0-68E72CCAB9DA}.Debug|x86.Build.0 = Debug|Win32
		{4DF81EA5-8FC6-46FB-B4E0-68E72CCAB9DA}.Release|x64.ActiveCfg = Release|x64
		{4DF81EA5-8FC6-46FB-B4E0-68E72CCAB9DA}.Release|x64.Build.0 = Release|x64
		{4DF81EA5-8FC6-46FB-B4E0-68E72CCAB9DA}.Release|x86.ActiveCfg = Release|Win32
		{4DF81EA5-8FC6-46FB-B4E0-68E72CCAB9DA}.Release|x86.Build.0 = Release|Win32
		{77D0B4FD-BD96-4143-80D8-A915F50C8A55}.Debug|x64.ActiveCfg = Debug|x64
		{77D0B4FD-BD96-4143-80D8-A915F50C8A55}.Debug|x64.Build.0 = Debug|x64
		{77D0B4FD-BD96-4143-80D8-A915F50C8A55}.Debug|x86.ActiveCfg = Debug|Win32
		{77D0B4FD-BD96-4143-80D8-A915F50C8A55}.Debug|x86.Build.0 = Debug|Win32
		{77D0B4FD-BD96-4143-80D8-A915F50C8A55}.Release|x64.ActiveCfg = Release|x64
		{77D0B4FD-BD96-4143-80D8-A915F50C8A55}.Release|x64.Build.0 = Release|x64
		{77D0B4FD-BD96-4143-80D8-A915F50C8A55}.Release|x86.ActiveCfg = Release|Win32
		{77D0B4FD-BD96-4143-80D8-A915F50C8A55}.Release|x86.Build.0 = Release|Win32
		{A33945A5-9078-4F84-A252-D92D9C4EF2DD}.Debug|x64.ActiveCfg = Debug|x64
		{A33945A5-9078-4F84-A252-D92D9C4EF2DD}.Debug|x64.Build.0 = Debug|x64
		{A33945A5-9078-4F84-A252-D92D9C4EF2DD}.Debug|x86.ActiveCfg = Debug|Win32
		{A33945A5-9078-4F84-A252-D92D9C4EF2DD}.Debug|x86.Build.0 = Debug|Win32
		{A33945A5-9078-4F84-A252-D92D9C4EF2DD}.Release|x64.ActiveCfg = Release|x64
		{A33945A5-9078-4F84-A252-D92D9C4EF2DD}.Release|x64.Build.0 = Release|x64
		{A33945A5-9078-4F84-A252-D92D9C4EF2DD}.Release|x86.ActiveCfg = Release|Win32
		{A33945A5-9078-4F84-A252-D92D9C4EF2DD}.Release|x86.Build.0 = Release|Win32
		{CDB0796F-A609-44DC-AABF-0854BB60AF44}.Debug|x64.ActiveCfg = Debug|x64
		{CDB0796F-A609-44DC-AABF-0854BB60AF44}.Debug|x64.Build.0 = Debug|x64
		{CDB0796F-A609-44DC-AABF-0854BB60AF44}.Debug|x86.ActiveCfg = Debug|Win32
		{CDB0796F-A609-44DC-AABF-0854BB60AF44}.Debug|x86.Build.0 = Debug|Win32
		{CDB0796F-A609-44DC-AABF-0854BB60AF44}.Release|x64.ActiveCfg = Release|x64
		{CDB0796F-A609-44DC-AABF-0854BB60AF44}.Release|x64.Build.0 = Release|x64
		{CDB0796F-A609-44DC-AABF-0854BB60AF44}.Release|x86.ActiveCfg = Release|Win32
		{CDB0796F-A609-44DC-AABF-0854BB60AF44}.Release|x86.Build.0 = Release|Win32
		{1C06F155-B849-406F-99E0-58EC3E871F67}.Debug|x64.ActiveCfg = Debug|x64
		{1C06F155-B849-406F-99E0-58EC3E871F67}.Debug|x64.Build.0 = Debug|x64
		{1C06F155-B849-406F-99E0-58EC3E871F67}.Debug|x86.ActiveCfg = Debug|Win32
		{1C06F155-B849-406F-99E0-58EC3E871F67}.Debug|x86.Build.0 = Debug|Win32
		{1C06F155-B849-406F-99E0-58EC3E871F67}.Release|x64.ActiveCfg = Release|x64
		{1C06F155-B849-406F-99E0-58EC3E871F67}.Release|x64.Build.0 = Release|x64
		{1C06F155-B849-406F-99E0-58EC3E871F67}.Release|x86.ActiveCfg = Release|Win32
		{1C06F155-B849-406F-99E0-58EC3E871F67}.Release|x86.Build.0 = Release|Win32
		{53A52106-04E5-4416-ABFD-3D4708FD1046}.Debug|x64.ActiveCfg = Debug|x64
		{53A52106-04E5-4416-ABFD-3D4708FD1046}.Debug|x64.Build.0 = Debug|x64
		{53A52106-04E5-4416-ABFD-3D4708FD1046}.Debug|x86.ActiveCfg = Debug|Win32
		{53A52106-04E5-4416-ABFD-3D4708FD1046}.Debug|x86.Build.0 = Debug|Win32
		{53A52106-04E5-4416-ABFD-3D4708FD1046}.Release|x64.ActiveCfg = Release|x64
		{53A52106-04E5-4416-ABFD-3D4708FD1046}.Release|x64.Build.0 = Release|x64
		{53A52106-04E5-4416-ABFD-3D4708FD1046}.Release|x86.ActiveCfg = Release|Win32
		{53A52106-04E5-4416-ABFD-3D4708FD1046}.Release|x86.Build.0 = Release|Win32
		{E034EFD2-EF08-4CA0-9E04-7948EE55ECFE}.Debug|x64.ActiveCfg = Debug|x64
		{E034EFD2-EF08-4CA0-9E04-7948EE55ECFE}.Debug|x64.Build.0 = Debug|x64
		{E034EFD2-EF08-4CA0-9E04-7948EE55ECFE}.Debug|x86.ActiveCfg = Debug|Win32
		{E034EFD2-EF08-4CA0-9E04-7948EE55ECFE}.Debug|x86.Build.0 = Debug|Win32
		{E034EFD2-EF08-4CA0-9E04-7948EE55ECFE}.Release|x64.ActiveCfg = Release|x64
		{E034EFD2-EF08-4CA0-9E04-7948EE55ECFE}.Release|x64.Build.0 = Release|x64
		{E034EFD2-EF08-4CA0-9E04-7948EE55ECFE}.Release|x86.ActiveCfg = Release|Win32
		{E034EFD2-EF08-4CA0-9E04-7948EE55ECFE}.Release|x86.Build.0 = Release|Win32
		{8A02EDA1-8998-43AB-ADD9-C73B2709C46A}.Debug|x64.ActiveCfg = Debug|x64
		{8A02EDA1-8998-43AB-ADD9-C73B2709C46A}.Debug|x64.Build.0 = Debug|x64
		{8A02EDA1-8998-43AB-ADD9-C73B2709C46A}.Debug|x86.ActiveCfg = Debug|Win32
		{8A02EDA1-8998-43AB-ADD9-C73B2709C46A}.Debug|x86.Build.0 = Debug|Win32
		{8A02EDA1-8998-43AB-ADD9-C73B2709C46A}.Release|x64.ActiveCfg = Release|x64
		{8A02EDA1-8998-43AB-ADD9-C73B2709C46A}.Release|x64.Build.0 = Release|x64
		{8A02EDA1-8998-43AB-ADD9-C73B2709C46A}.Release|x86.ActiveCfg = Release|Win32
		{8A02EDA1-8998-43AB-ADD9-C73B2709C46A}.Release|x86.Build.0 = Release|Win32
		{33466581-3E40-439C-B132-F0250D1EE42D}.Debug|x64.ActiveCfg = Debug|x64
		{33466581-3E40-439C-B132-F0250D1EE42D}.Debug|x64.Build.0 = Debug|x64
		{33466581-3E40-439C-B132-F0250D1EE42D}.Debug|x86.ActiveCfg = Debug|Win32
		{33466581-3E40-439C-B132-F0250D1EE42D}.Debug|x86.Build.0 = Debug|Win32
		{33466581-3E40-439C-B132-F0250D1EE42D}.Release|x64.ActiveCfg = Release|x64
		{33466581-3E40-439C-B132-F0250D1EE42D}.Release|x64.Build.0 = Release|x64
		{33466581-3E40-439C-B132-F0250D1EE42D}.Release|x86.ActiveCfg = Release|Win32
		{33466581-3E40-439C-B132-F0250D1EE42D}.Release|x86.Build.0 = Release|Win32
		{993362C6-C7AD-45A6-9841-F2519C6E9435}.Debug|x64.ActiveCfg = Debug|x64
		{993362C6-C7AD-45A6-9841-F2519C6E9435}.Debug|x64.Build.0 = Debug|x64
		{993362C6-C7AD-45A6-9841-F2519C6E9435}.Debug|x86.ActiveCfg = Debug|Win32
		{993362C6-C7AD-45A6-9841-F2519C6E9435}.Debug|x86.Build.0 = Debug|Win32
		{993362C6-C7AD-45A6-9841-F2519C6E9435}.Release|x64.ActiveCfg = Release|x64
		{993362C6-C7AD-45A6-9841-F2519C6E9435}.Release|x64.Build.0 = Release|x64
		{993362C6-C7AD-45A6-9841-F2519C6E9435}.Release|x86.ActiveCfg = Release|Win32
		{993362C6-C7AD-45A6-9841-F2519C6E9435}.Release|x86.Build.0 = Release|Win32
		{CED5E7A2-4F6C-4C70-9966-7CF2A6990854}.Debug|x64.ActiveCfg = Debug|x64
		{CED5E7A2-4F6C-4C70-9966-7CF2A6990854}.Debug|x64.Build.0 = Debug|x64
		{CED5E7A2-4F6C-4C70-9966-7CF2A6990854}.Debug|x86.ActiveCfg = Debug|Win32
		{CED5E7A2-4F6C-4C70-9966-7CF2A6990854}.Debug|x86.Build.0 = Debug|Win32
		{CED5E7A2-4F6C-4C70-9966-7CF2A6990854}.Release|x64.ActiveCfg = Release|x64
		{CED5E7A2-4F6C-4C70-9966-7CF2A6990854}.Release|x64.Build.0 = Release|x64
		{CED5E7A2-4F6C-4C70-9966-7CF2A6990854}.Release|x86.ActiveCfg = Release|Win32
		{CED5E7A2-4F6C-4C70-9966-7CF2A6990854}.Release|x86.Build.0 = Release|Win32
		{94752887-F8A5-4D3D-9D09-DB84321D35C8}.Debug|x64.ActiveCfg = Debug|x64
		{94752887-F8A5-4D3D-9D09-DB84321D35C8}.Debug|x64.Build.0 = Debug|x64
		{94752887-F8A5-4D3D-9D09-DB84321D35C8}.Debug|x86.ActiveCfg = Debug|Win32
		{94752887-F8A5-4D3D-9D09-DB84321D35C8}.Debug|x86.Build.0 = Debug|Win32
		{94752887-F8A5-4D3D-9D09-DB84321D35C8}.Release|x64.ActiveCfg = Release|x64
		{94752887-F8A5-4D3D-9D09-DB84321D35C8}.Release|x64.Build.0 = Release|x64
		{94752887-F8A5-4D3D-9D09-DB84321D35C8}.Release|x86.ActiveCfg = Release|Win32
		{94752887-F8A5-4D3D-9D09-DB84321D35C8}.Release|x86.Build.0 = Release|Win32
		{DC1D38A7-FCA3-4EC0-B56C-A2572FCCE87C}.Debug|x64.ActiveCfg = Debug|x64
		{DC1D38A7-FCA3-4EC0-B56C-A2572FCCE87C}.Debug|x64.Build.0 = Debug|x64
		{DC1D38A7-FCA3-4EC0-B56C-A2572FCCE87C}.Debug|x86.ActiveCfg = Debug|Win32
		{DC1D38A7-FCA3-4EC0-B56C-A2572FCCE87C}.Debug|x86.Build.0 = Debug|Win32
		{DC1D38A7-FCA3-4EC0-B56C-A2572FCCE87C}.Release|x64.ActiveCfg = Release|x64
		{DC1D38A7-FCA3-4EC0-B56C-A2572FCCE87C}.Release|x64.Build.0 = Release|x64
		{DC1D38A7-FCA3-4EC0-B56C-A2572FCCE87C}.Release|x86.ActiveCfg = Release|Win32
		{DC1D38A7-FCA3-4EC0-B56C-A2572FCCE87C}.Release|x86.Build.0 = Release|Win32
		{8AF06C51-B00F-47A9-B5F4-08F166F53B38}.Debug|x64.ActiveCfg = Debug|x64
		{8AF06C51-B00F-47A9-B5F4-08F166F53B38}.Debug|x64.Build.0 = Debug|x64
		{8AF06C51-B00F-47A9-B5F4-08F166F53B38}.Debug|x86.ActiveCfg = Debug|Win32
		{8AF06C51-B00F-47A9-B5F4-08F166F53B38}.Debug|x86.Build.0 = Debug|Win32
		{8AF06C51-B00F-47A9-B5F4-08F166F53B38}.Release|x64.ActiveCfg = Release|x64
		{8AF06C51-B00F-47A9-B5F4-08F166F53B38}.Release|x64.Build.0 = Release|x64
		{8AF06C51-B00F-47A9-B5F4-08F166F53B38}.Release|x86.ActiveCfg = Release|Win32
		{8AF06C51-B00F-47A9-B5F4-08F166F53B38}.Release|x86.Build.0 = Release|Win32
		{8D57F55B-99B0-4A48-AB71-A393F401DB94}.Debug|x64.ActiveCfg = Debug|x64
		{8D57F55B-99B0-4A48-AB71-A393F401DB94}.Debug|x64.Build.0 = Debug|x64
		{8D57F55B-99B0-4A48-AB71-A393F401DB94}.Debug|x86.ActiveCfg = Debug|Win32
		{8D57F55B-99B0-4A48-AB71-A393F401DB94}.Debug|x86.Build.0 = Debug|Win32
		{8D57F55B-99B0-4A48-AB71-A393F401DB94}.Release|x64.ActiveCfg = Release|x64
		{8D57F55B-99B0-4A48-AB71-A393F401DB94}.Release|x64.Build.0 = Release|x64
		{8D57F55B-99B0-4A48-AB71-A393F401DB94}.Release|x86.ActiveCfg = Release|Win32
		{8D57F55B-99B0-4A48-AB71-A393F401DB94}.Release|x86.Build.0 = Release|Win32
		{39E922D3-3135-4A4A-8231-4D507347EB8C}.Debug|x64.ActiveCfg = Debug|x64
		{39E922D3-3135-4A4A-8231-4D507347EB8C}.Debug|x64.Build.0 = Debug|x64
		{39E922D3-3135-4A4A-8231-4D507347EB8C}.Debug|x86.ActiveCfg = Debug|Win32
		{39E922D3-3135-4A4A-8231-4D507347EB8C}.Debug|x86.Build.0 = Debug|Win32
		{39E922D3-3135-4A4A-8231-4D507347EB8C}.Release|x64.ActiveCfg = Release|x64
		{39E922D3-3135-4A4A-8231-4D507347EB8C}.Release|x64.Build.0 = Release|x64
		{39E922D3-3135-4A4A-8231-4D507347EB8C}.Release|x86.ActiveCfg = Release|Win32
		{39E922D3-3135-4A4A-8231-4D507347EB8C}.Release|x86.Build.0 = Release|Win32
		{9701E229-7180-427C-96CE-B74335B02080}.Debug|x64.ActiveCfg = Debug|x64
		{9701E229-7180-427C-96CE-B74335B02080}.Debug|x64.Build.0 = Debug|x64
		{9701E229-7180-427C-96CE-B74335B02080}.Debug|x86.ActiveCfg = Debug|Win32
		{9701E229-7180-427C-96CE-B74335B02080}.Debug|x86.Build.0 = Debug|Win32
		{9701E229-7180-427C-96CE-B74335B02080}.Release|x64.ActiveCfg = Release|x64
		{9701E229-7180-427C-96CE-B74335B02080}.Release|x64.Build.0 = Release|x64
		{9701E229-7180-427C-96CE-B74335B02080}.Release|x86.ActiveCfg = Release|Win32
		{9701E229-7180-427C-96CE-B74335B02080}.Release|x86.Build.0 = Release|Win32
		{6B021333-D40A-4A75-98E9-E001672C7CDC}.Debug|x64.ActiveCfg = Debug|x64
		{6B021333-D40A-4A75-98E9-E001672C7CDC}.Debug|x64.Build.0 = Debug|x64
		{6B021333-D40A-4A75-98E9-E001672C7CDC}.Debug|x86.ActiveCfg = Debug|Win32
		{6B021333-D40A-4A75-98E9-E001672C7CDC}.Debug|x86.Build.0 = Debug|Win32
		{6B021333-D40A-4A75-98E9-E001672C7CDC}.Release|x64.ActiveCfg = Release|x64
		{6B021333-D40A-4A75-98E9-E001672C7CDC}.Release|x64.Build.0 = Release|x64
		{6B021333-D40A-4A75-98E9-E001672C7CDC}.Release|x86.ActiveCfg = Release|Win32
		{6B021333-D40A-4A75-98E9-E001672C7CDC}.Release|x86.Build.0 = Release|Win32
		{79A8E3C4-D39A-4129-8BED-149695DC23B8}.Debug|x64.ActiveCfg = Debug|x64
		{79A8E3C4-D39A-4129-8BED-149695DC23B8}.Debug|x64.Build.0 = Debug|x64
		{79A8E3C4-D39A-4129-8BED-149695DC23B8}.Debug|x86.ActiveCfg = Debug|Win32
		{79A8E3C4-D39A-4129-8BED-149695DC23B8}.Debug|x86.Build.0 = Debug|Win32
		{79A8E3C4-D39A-4129-8BED-149695DC23B8}.Release|x64.ActiveCfg = Release|x64
		{79A8E3C4-D39A-4129-8BED-149695DC23B8}.Release|x64.Build.0 = Release|x64
		{79A8E3C4-D39A-4129-8BED-149695DC23B8}.Release|x86.ActiveCfg = Release|Win32
		{79A8E3C4-D39A-4129-8BED-149695DC23B8}.Release|x86.Build.0 = Release|Win32
	EndGlobalSection
	GlobalSection(SolutionProperties) = preSolution
		HideSolutionNode = FALSE
	EndGlobalSection
	GlobalSection(ExtensibilityGlobals) = postSolution
		SolutionGuid = {33DF29C1-2AD0-4BA0-B7B9-759C4FCD518E}
	EndGlobalSection
EndGlobal
