
Microsoft Visual Studio Solution File, Format Version 12.00
# Visual Studio Version 17
VisualStudioVersion = 17.4.33205.214
MinimumVisualStudioVersion = 10.0.40219.1
Project("{8BC9CEB8-8B4A-11D0-8D11-00A0C91BC942}") = "Chuyen_De_De_Quy", "Chuyen_De_De_Quy\Chuyen_De_De_Quy.vcxproj", "{761C2E8E-2BF5-4B4E-98D0-A3CCAC3B78AC}"
EndProject
<<<<<<< HEAD
Project("{8BC9CEB8-8B4A-11D0-8D11-00A0C91BC942}") = "Bai_003", "Bai_003\Bai_003.vcxproj", "{632B9B24-7A34-43D7-932F-09FD8EC955DA}"
EndProject
Project("{8BC9CEB8-8B4A-11D0-8D11-00A0C91BC942}") = "Bai_009", "Bai_009\Bai_009.vcxproj", "{52B4F94B-D7DA-4B66-ACEF-96E6FC36648B}"
EndProject
Project("{8BC9CEB8-8B4A-11D0-8D11-00A0C91BC942}") = "Bai_015", "Bai_015\Bai_015.vcxproj", "{1582C5CB-A45C-4AE8-ADB0-9D8EE0795A8F}"
EndProject
Project("{8BC9CEB8-8B4A-11D0-8D11-00A0C91BC942}") = "Bai_021", "Bai_021\Bai_021.vcxproj", "{76B399A2-714C-45E3-9C94-39B7FE2E558E}"
EndProject
Project("{8BC9CEB8-8B4A-11D0-8D11-00A0C91BC942}") = "Bai_027", "Bai_027\Bai_027.vcxproj", "{53395831-952B-47EF-B5FE-689503BEAA6E}"
EndProject
Project("{8BC9CEB8-8B4A-11D0-8D11-00A0C91BC942}") = "Bai_033", "Bai_033\Bai_033.vcxproj", "{6E47B64D-EBAD-42B3-8CB7-E9AF69155C83}"
EndProject
Project("{8BC9CEB8-8B4A-11D0-8D11-00A0C91BC942}") = "Bai_039", "Bai_039\Bai_039.vcxproj", "{3C932688-300A-4314-9722-2CF395325B92}"
EndProject
Project("{8BC9CEB8-8B4A-11D0-8D11-00A0C91BC942}") = "Bai_045", "Bai_045\Bai_045.vcxproj", "{AA8B549F-8683-4C8D-89B8-46C8DFED735B}"
EndProject
Project("{8BC9CEB8-8B4A-11D0-8D11-00A0C91BC942}") = "Bai_051", "Bai_051\Bai_051.vcxproj", "{B91BCDDD-FF58-4659-865B-1E5C36F7ABA1}"
EndProject
Project("{8BC9CEB8-8B4A-11D0-8D11-00A0C91BC942}") = "Bai_057", "Bai_057\Bai_057.vcxproj", "{907090DE-441B-4631-94AA-32C13947C640}"
EndProject
Project("{8BC9CEB8-8B4A-11D0-8D11-00A0C91BC942}") = "Bai_063", "Bai_063\Bai_063.vcxproj", "{77999CA4-3DD8-47FF-8973-CDC0204A44E1}"
EndProject
Project("{8BC9CEB8-8B4A-11D0-8D11-00A0C91BC942}") = "Bai_069", "Bai_069\Bai_069.vcxproj", "{5E04D2FA-5091-409F-B4E3-5827852C8986}"
EndProject
Project("{8BC9CEB8-8B4A-11D0-8D11-00A0C91BC942}") = "Bai_075", "Bai_075\Bai_075.vcxproj", "{3B9CE15D-2AEC-48F3-8D4E-7BE6C3F3337A}"
EndProject
Project("{8BC9CEB8-8B4A-11D0-8D11-00A0C91BC942}") = "Bai_081", "Bai_081\Bai_081.vcxproj", "{5375AED9-D2A1-4CA6-83D5-EF4014B350BB}"
EndProject
Project("{8BC9CEB8-8B4A-11D0-8D11-00A0C91BC942}") = "Bai_087", "Bai_087\Bai_087.vcxproj", "{747A3338-75BE-4056-95F8-F7EBFA956E05}"
EndProject
Project("{8BC9CEB8-8B4A-11D0-8D11-00A0C91BC942}") = "Bai_093", "Bai_093\Bai_093.vcxproj", "{A3983DEC-44DD-4934-8F02-8154CA3244D1}"
EndProject
Project("{8BC9CEB8-8B4A-11D0-8D11-00A0C91BC942}") = "Bai_099", "Bai_099\Bai_099.vcxproj", "{00BE4793-78C5-455D-A2C1-0392E06E866E}"
EndProject
Project("{8BC9CEB8-8B4A-11D0-8D11-00A0C91BC942}") = "Bai_105", "Bai_105\Bai_105.vcxproj", "{8022C7E9-5BFA-4B58-90F1-5EA6CFE23F56}"
=======
Project("{8BC9CEB8-8B4A-11D0-8D11-00A0C91BC942}") = "Bai_002", "Bai_002\Bai_002.vcxproj", "{987995B9-9E8A-4CAA-B7DF-24DD307C71DD}"
EndProject
Project("{8BC9CEB8-8B4A-11D0-8D11-00A0C91BC942}") = "Bai_008", "Bai_008\Bai_008.vcxproj", "{19E31E5C-5BDA-460B-BCE0-5B02296DF849}"
EndProject
Project("{8BC9CEB8-8B4A-11D0-8D11-00A0C91BC942}") = "Bai_014", "Bai_014\Bai_014.vcxproj", "{306F7895-6004-4494-A644-3614245C0E4C}"
EndProject
Project("{8BC9CEB8-8B4A-11D0-8D11-00A0C91BC942}") = "Bai_020", "Bai_020\Bai_020.vcxproj", "{951B1023-705F-4383-BB98-99B811B27B41}"
EndProject
Project("{8BC9CEB8-8B4A-11D0-8D11-00A0C91BC942}") = "Bai_026", "Bai_026\Bai_026.vcxproj", "{A1E52A27-5F55-484E-8B69-20EA9F26A903}"
EndProject
Project("{8BC9CEB8-8B4A-11D0-8D11-00A0C91BC942}") = "Bai_032", "Bai_032\Bai_032.vcxproj", "{130F8843-1250-49BA-9D0B-670924B4173C}"
EndProject
Project("{8BC9CEB8-8B4A-11D0-8D11-00A0C91BC942}") = "Bai_038", "Bai_038\Bai_038.vcxproj", "{20756050-C0C5-4E62-AA67-1B4C83081FC5}"
EndProject
Project("{8BC9CEB8-8B4A-11D0-8D11-00A0C91BC942}") = "Bai_044", "Bai_044\Bai_044.vcxproj", "{47CDE9B7-14D7-483B-858F-D24841C3CB4F}"
EndProject
Project("{8BC9CEB8-8B4A-11D0-8D11-00A0C91BC942}") = "Bai_050", "Bai_050\Bai_050.vcxproj", "{1518841F-C9B2-48E5-8429-EA4C63400A5A}"
EndProject
Project("{8BC9CEB8-8B4A-11D0-8D11-00A0C91BC942}") = "Bai_056", "Bai_056\Bai_056.vcxproj", "{39B561C1-CBD3-4B8F-A23E-E7B81A6CC25A}"
EndProject
Project("{8BC9CEB8-8B4A-11D0-8D11-00A0C91BC942}") = "Bai_062", "Bai_062\Bai_062.vcxproj", "{EB68C5DD-42B5-41ED-86DE-541E5C629B58}"
EndProject
Project("{8BC9CEB8-8B4A-11D0-8D11-00A0C91BC942}") = "Bai_068", "Bai_068\Bai_068.vcxproj", "{FCDAD1E0-E098-4632-8970-AC70795146DB}"
EndProject
Project("{8BC9CEB8-8B4A-11D0-8D11-00A0C91BC942}") = "Bai_074", "Bai_074\Bai_074.vcxproj", "{094E1C9E-9A69-42AC-9390-78168B8D56ED}"
EndProject
Project("{8BC9CEB8-8B4A-11D0-8D11-00A0C91BC942}") = "Bai_080", "Bai_080\Bai_080.vcxproj", "{40372E71-DDFD-4A01-8C25-355A1D905DD5}"
EndProject
Project("{8BC9CEB8-8B4A-11D0-8D11-00A0C91BC942}") = "Bai_086", "Bai_086\Bai_086.vcxproj", "{CDC74139-D671-4FAF-8F80-1D5F0DC6531F}"
EndProject
Project("{8BC9CEB8-8B4A-11D0-8D11-00A0C91BC942}") = "Bai_092", "Bai_092\Bai_092.vcxproj", "{F59C2017-C843-4604-B66F-A43E15F6E670}"
EndProject
Project("{8BC9CEB8-8B4A-11D0-8D11-00A0C91BC942}") = "Bai_098", "Bai_098\Bai_098.vcxproj", "{994B89E7-C405-460F-8BF4-B37BA33E5107}"
EndProject
Project("{8BC9CEB8-8B4A-11D0-8D11-00A0C91BC942}") = "Bai_104", "Bai_104\Bai_104.vcxproj", "{54531648-CE09-4DAC-80D1-AC3D7F32E0A6}"
EndProject
Project("{8BC9CEB8-8B4A-11D0-8D11-00A0C91BC942}") = "Bai_110", "Bai_110\Bai_110.vcxproj", "{9AAA7E90-035A-4757-8038-24D8FE5A101A}"
EndProject
Project("{8BC9CEB8-8B4A-11D0-8D11-00A0C91BC942}") = "Bai_116", "Bai_116\Bai_116.vcxproj", "{CDB1B193-6FF7-43D2-ACC2-665E0B6A38CD}"
EndProject
Project("{8BC9CEB8-8B4A-11D0-8D11-00A0C91BC942}") = "Bai_122", "Bai_122\Bai_122.vcxproj", "{5739DF0E-FE87-44D6-8381-670703BCB16F}"
EndProject
Project("{8BC9CEB8-8B4A-11D0-8D11-00A0C91BC942}") = "Bai_128", "Bai_128\Bai_128.vcxproj", "{32945A66-58F8-4E26-8399-6382A03DA81F}"
EndProject
Project("{8BC9CEB8-8B4A-11D0-8D11-00A0C91BC942}") = "Bai_134", "Bai_134\Bai_134.vcxproj", "{4F6A7D00-241B-4D04-A3C0-213858D99535}"
EndProject
Project("{8BC9CEB8-8B4A-11D0-8D11-00A0C91BC942}") = "Bai_140", "Bai_140\Bai_140.vcxproj", "{19CC537D-7F96-4933-ACE8-DC9215744B55}"
EndProject
Project("{8BC9CEB8-8B4A-11D0-8D11-00A0C91BC942}") = "Bai_146", "Bai_146\Bai_146.vcxproj", "{54020030-9FDC-498A-9263-A3A28BEEDA15}"
EndProject
Project("{8BC9CEB8-8B4A-11D0-8D11-00A0C91BC942}") = "Bai_152", "Bai_152\Bai_152.vcxproj", "{0958524A-EB56-49A3-9D42-89E3BD8CC7B2}"
EndProject
Project("{8BC9CEB8-8B4A-11D0-8D11-00A0C91BC942}") = "Bai_158", "Bai_158\Bai_158.vcxproj", "{BED57EAE-FF6B-4655-96AD-8C4AF8E81629}"
EndProject
Project("{8BC9CEB8-8B4A-11D0-8D11-00A0C91BC942}") = "Bai_164", "Bai_164\Bai_164.vcxproj", "{405B7F99-9885-4ED5-83C1-25B0CD19F2C1}"
EndProject
Project("{8BC9CEB8-8B4A-11D0-8D11-00A0C91BC942}") = "Bai_170", "Bai_170\Bai_170.vcxproj", "{2A161CD8-76AA-4BEF-BD29-45E49CF2E5F0}"
EndProject
Project("{8BC9CEB8-8B4A-11D0-8D11-00A0C91BC942}") = "Bai_176", "Bai_176\Bai_176.vcxproj", "{2C935588-06B2-40C0-83BB-0F75F8BB7E5F}"
EndProject
Project("{8BC9CEB8-8B4A-11D0-8D11-00A0C91BC942}") = "Bai_182", "Bai_182\Bai_182.vcxproj", "{AC9EE4DE-2FAD-4B94-B2E7-AD4E64E62BD7}"
EndProject
Project("{8BC9CEB8-8B4A-11D0-8D11-00A0C91BC942}") = "Bai_188", "Bai_188\Bai_188.vcxproj", "{4DEE315B-C17D-4714-B54D-4E92D6F8BD8D}"
EndProject
Project("{8BC9CEB8-8B4A-11D0-8D11-00A0C91BC942}") = "Bai_194", "Bai_194\Bai_194.vcxproj", "{231E7E8A-2B6D-42CA-9B5C-4F4A94BADAB4}"
EndProject
Project("{8BC9CEB8-8B4A-11D0-8D11-00A0C91BC942}") = "Bai_200", "Bai_200\Bai_200.vcxproj", "{8BEE50BE-C302-47B1-A6C9-1D20CC951EF8}"
EndProject
Project("{8BC9CEB8-8B4A-11D0-8D11-00A0C91BC942}") = "Bai_206", "Bai_206\Bai_206.vcxproj", "{6C50EA05-85F0-42A0-82FC-388A8E42A34E}"
EndProject
Project("{8BC9CEB8-8B4A-11D0-8D11-00A0C91BC942}") = "Bai_212", "Bai_212\Bai_212.vcxproj", "{3C4F8D4B-AC9B-4E58-A2C4-3ADC274C7BDB}"
EndProject
Project("{8BC9CEB8-8B4A-11D0-8D11-00A0C91BC942}") = "Bai_218", "Bai_218\Bai_218.vcxproj", "{2FD51923-3061-4DE4-884A-0F79672D5D0E}"
EndProject
Project("{8BC9CEB8-8B4A-11D0-8D11-00A0C91BC942}") = "Bai_224", "Bai_224\Bai_224.vcxproj", "{2F083221-B5C3-4A1A-8031-E5453D008B31}"
EndProject
Project("{8BC9CEB8-8B4A-11D0-8D11-00A0C91BC942}") = "Bai_230", "Bai_230\Bai_230.vcxproj", "{C74214CB-E027-4076-ACCC-3053DD81560B}"
EndProject
Project("{8BC9CEB8-8B4A-11D0-8D11-00A0C91BC942}") = "Bai_236", "Bai_236\Bai_236.vcxproj", "{D5DEBC84-9E9E-475F-971E-1FACB505F63D}"
EndProject
Project("{8BC9CEB8-8B4A-11D0-8D11-00A0C91BC942}") = "Bai_242", "Bai_242\Bai_242.vcxproj", "{81CFEA80-13D9-42EF-9DA0-1AEDEE548A5B}"
EndProject
Project("{8BC9CEB8-8B4A-11D0-8D11-00A0C91BC942}") = "Bai_248", "Bai_248\Bai_248.vcxproj", "{470BEC5E-076A-4FEA-9155-62B468F0DCD0}"
EndProject
Project("{8BC9CEB8-8B4A-11D0-8D11-00A0C91BC942}") = "Bai_254", "Bai_254\Bai_254.vcxproj", "{06F0453D-95D0-4782-987D-4224B20D0F9F}"
EndProject
Project("{8BC9CEB8-8B4A-11D0-8D11-00A0C91BC942}") = "Bai_260", "Bai_260\Bai_260.vcxproj", "{37C7A1D0-8A10-4BAC-89DA-96D39145C5EC}"
EndProject
Project("{8BC9CEB8-8B4A-11D0-8D11-00A0C91BC942}") = "Bai_266", "Bai_266\Bai_266.vcxproj", "{8773E79E-6027-44E6-ADAC-970FF22AF311}"
EndProject
Project("{8BC9CEB8-8B4A-11D0-8D11-00A0C91BC942}") = "Bai_272", "Bai_272\Bai_272.vcxproj", "{6EC1E359-A568-43F3-983C-FB318ECCFCAB}"
EndProject
Project("{8BC9CEB8-8B4A-11D0-8D11-00A0C91BC942}") = "Bai_278", "Bai_278\Bai_278.vcxproj", "{07F26AE0-D2F0-49AD-A726-D18C71C96279}"
EndProject
Project("{8BC9CEB8-8B4A-11D0-8D11-00A0C91BC942}") = "Bai_284", "Bai_284\Bai_284.vcxproj", "{E17E4550-4FDE-4F7C-87D5-B77E7F0C04F6}"
EndProject
Project("{8BC9CEB8-8B4A-11D0-8D11-00A0C91BC942}") = "Bai_290", "Bai_290\Bai_290.vcxproj", "{E8D06306-EBB1-4208-8BD8-F18FE1C0D4B0}"
>>>>>>> 646194e1847c2c39301a7a0650fc5249c7f4983a
EndProject
Global
	GlobalSection(SolutionConfigurationPlatforms) = preSolution
		Debug|x64 = Debug|x64
		Debug|x86 = Debug|x86
		Release|x64 = Release|x64
		Release|x86 = Release|x86
	EndGlobalSection
	GlobalSection(ProjectConfigurationPlatforms) = postSolution
		{761C2E8E-2BF5-4B4E-98D0-A3CCAC3B78AC}.Debug|x64.ActiveCfg = Debug|x64
		{761C2E8E-2BF5-4B4E-98D0-A3CCAC3B78AC}.Debug|x64.Build.0 = Debug|x64
		{761C2E8E-2BF5-4B4E-98D0-A3CCAC3B78AC}.Debug|x86.ActiveCfg = Debug|Win32
		{761C2E8E-2BF5-4B4E-98D0-A3CCAC3B78AC}.Debug|x86.Build.0 = Debug|Win32
		{761C2E8E-2BF5-4B4E-98D0-A3CCAC3B78AC}.Release|x64.ActiveCfg = Release|x64
		{761C2E8E-2BF5-4B4E-98D0-A3CCAC3B78AC}.Release|x64.Build.0 = Release|x64
		{761C2E8E-2BF5-4B4E-98D0-A3CCAC3B78AC}.Release|x86.ActiveCfg = Release|Win32
		{761C2E8E-2BF5-4B4E-98D0-A3CCAC3B78AC}.Release|x86.Build.0 = Release|Win32
<<<<<<< HEAD
		{632B9B24-7A34-43D7-932F-09FD8EC955DA}.Debug|x64.ActiveCfg = Debug|x64
		{632B9B24-7A34-43D7-932F-09FD8EC955DA}.Debug|x64.Build.0 = Debug|x64
		{632B9B24-7A34-43D7-932F-09FD8EC955DA}.Debug|x86.ActiveCfg = Debug|Win32
		{632B9B24-7A34-43D7-932F-09FD8EC955DA}.Debug|x86.Build.0 = Debug|Win32
		{632B9B24-7A34-43D7-932F-09FD8EC955DA}.Release|x64.ActiveCfg = Release|x64
		{632B9B24-7A34-43D7-932F-09FD8EC955DA}.Release|x64.Build.0 = Release|x64
		{632B9B24-7A34-43D7-932F-09FD8EC955DA}.Release|x86.ActiveCfg = Release|Win32
		{632B9B24-7A34-43D7-932F-09FD8EC955DA}.Release|x86.Build.0 = Release|Win32
		{52B4F94B-D7DA-4B66-ACEF-96E6FC36648B}.Debug|x64.ActiveCfg = Debug|x64
		{52B4F94B-D7DA-4B66-ACEF-96E6FC36648B}.Debug|x64.Build.0 = Debug|x64
		{52B4F94B-D7DA-4B66-ACEF-96E6FC36648B}.Debug|x86.ActiveCfg = Debug|Win32
		{52B4F94B-D7DA-4B66-ACEF-96E6FC36648B}.Debug|x86.Build.0 = Debug|Win32
		{52B4F94B-D7DA-4B66-ACEF-96E6FC36648B}.Release|x64.ActiveCfg = Release|x64
		{52B4F94B-D7DA-4B66-ACEF-96E6FC36648B}.Release|x64.Build.0 = Release|x64
		{52B4F94B-D7DA-4B66-ACEF-96E6FC36648B}.Release|x86.ActiveCfg = Release|Win32
		{52B4F94B-D7DA-4B66-ACEF-96E6FC36648B}.Release|x86.Build.0 = Release|Win32
		{1582C5CB-A45C-4AE8-ADB0-9D8EE0795A8F}.Debug|x64.ActiveCfg = Debug|x64
		{1582C5CB-A45C-4AE8-ADB0-9D8EE0795A8F}.Debug|x64.Build.0 = Debug|x64
		{1582C5CB-A45C-4AE8-ADB0-9D8EE0795A8F}.Debug|x86.ActiveCfg = Debug|Win32
		{1582C5CB-A45C-4AE8-ADB0-9D8EE0795A8F}.Debug|x86.Build.0 = Debug|Win32
		{1582C5CB-A45C-4AE8-ADB0-9D8EE0795A8F}.Release|x64.ActiveCfg = Release|x64
		{1582C5CB-A45C-4AE8-ADB0-9D8EE0795A8F}.Release|x64.Build.0 = Release|x64
		{1582C5CB-A45C-4AE8-ADB0-9D8EE0795A8F}.Release|x86.ActiveCfg = Release|Win32
		{1582C5CB-A45C-4AE8-ADB0-9D8EE0795A8F}.Release|x86.Build.0 = Release|Win32
		{76B399A2-714C-45E3-9C94-39B7FE2E558E}.Debug|x64.ActiveCfg = Debug|x64
		{76B399A2-714C-45E3-9C94-39B7FE2E558E}.Debug|x64.Build.0 = Debug|x64
		{76B399A2-714C-45E3-9C94-39B7FE2E558E}.Debug|x86.ActiveCfg = Debug|Win32
		{76B399A2-714C-45E3-9C94-39B7FE2E558E}.Debug|x86.Build.0 = Debug|Win32
		{76B399A2-714C-45E3-9C94-39B7FE2E558E}.Release|x64.ActiveCfg = Release|x64
		{76B399A2-714C-45E3-9C94-39B7FE2E558E}.Release|x64.Build.0 = Release|x64
		{76B399A2-714C-45E3-9C94-39B7FE2E558E}.Release|x86.ActiveCfg = Release|Win32
		{76B399A2-714C-45E3-9C94-39B7FE2E558E}.Release|x86.Build.0 = Release|Win32
		{53395831-952B-47EF-B5FE-689503BEAA6E}.Debug|x64.ActiveCfg = Debug|x64
		{53395831-952B-47EF-B5FE-689503BEAA6E}.Debug|x64.Build.0 = Debug|x64
		{53395831-952B-47EF-B5FE-689503BEAA6E}.Debug|x86.ActiveCfg = Debug|Win32
		{53395831-952B-47EF-B5FE-689503BEAA6E}.Debug|x86.Build.0 = Debug|Win32
		{53395831-952B-47EF-B5FE-689503BEAA6E}.Release|x64.ActiveCfg = Release|x64
		{53395831-952B-47EF-B5FE-689503BEAA6E}.Release|x64.Build.0 = Release|x64
		{53395831-952B-47EF-B5FE-689503BEAA6E}.Release|x86.ActiveCfg = Release|Win32
		{53395831-952B-47EF-B5FE-689503BEAA6E}.Release|x86.Build.0 = Release|Win32
		{6E47B64D-EBAD-42B3-8CB7-E9AF69155C83}.Debug|x64.ActiveCfg = Debug|x64
		{6E47B64D-EBAD-42B3-8CB7-E9AF69155C83}.Debug|x64.Build.0 = Debug|x64
		{6E47B64D-EBAD-42B3-8CB7-E9AF69155C83}.Debug|x86.ActiveCfg = Debug|Win32
		{6E47B64D-EBAD-42B3-8CB7-E9AF69155C83}.Debug|x86.Build.0 = Debug|Win32
		{6E47B64D-EBAD-42B3-8CB7-E9AF69155C83}.Release|x64.ActiveCfg = Release|x64
		{6E47B64D-EBAD-42B3-8CB7-E9AF69155C83}.Release|x64.Build.0 = Release|x64
		{6E47B64D-EBAD-42B3-8CB7-E9AF69155C83}.Release|x86.ActiveCfg = Release|Win32
		{6E47B64D-EBAD-42B3-8CB7-E9AF69155C83}.Release|x86.Build.0 = Release|Win32
		{3C932688-300A-4314-9722-2CF395325B92}.Debug|x64.ActiveCfg = Debug|x64
		{3C932688-300A-4314-9722-2CF395325B92}.Debug|x64.Build.0 = Debug|x64
		{3C932688-300A-4314-9722-2CF395325B92}.Debug|x86.ActiveCfg = Debug|Win32
		{3C932688-300A-4314-9722-2CF395325B92}.Debug|x86.Build.0 = Debug|Win32
		{3C932688-300A-4314-9722-2CF395325B92}.Release|x64.ActiveCfg = Release|x64
		{3C932688-300A-4314-9722-2CF395325B92}.Release|x64.Build.0 = Release|x64
		{3C932688-300A-4314-9722-2CF395325B92}.Release|x86.ActiveCfg = Release|Win32
		{3C932688-300A-4314-9722-2CF395325B92}.Release|x86.Build.0 = Release|Win32
		{AA8B549F-8683-4C8D-89B8-46C8DFED735B}.Debug|x64.ActiveCfg = Debug|x64
		{AA8B549F-8683-4C8D-89B8-46C8DFED735B}.Debug|x64.Build.0 = Debug|x64
		{AA8B549F-8683-4C8D-89B8-46C8DFED735B}.Debug|x86.ActiveCfg = Debug|Win32
		{AA8B549F-8683-4C8D-89B8-46C8DFED735B}.Debug|x86.Build.0 = Debug|Win32
		{AA8B549F-8683-4C8D-89B8-46C8DFED735B}.Release|x64.ActiveCfg = Release|x64
		{AA8B549F-8683-4C8D-89B8-46C8DFED735B}.Release|x64.Build.0 = Release|x64
		{AA8B549F-8683-4C8D-89B8-46C8DFED735B}.Release|x86.ActiveCfg = Release|Win32
		{AA8B549F-8683-4C8D-89B8-46C8DFED735B}.Release|x86.Build.0 = Release|Win32
		{B91BCDDD-FF58-4659-865B-1E5C36F7ABA1}.Debug|x64.ActiveCfg = Debug|x64
		{B91BCDDD-FF58-4659-865B-1E5C36F7ABA1}.Debug|x64.Build.0 = Debug|x64
		{B91BCDDD-FF58-4659-865B-1E5C36F7ABA1}.Debug|x86.ActiveCfg = Debug|Win32
		{B91BCDDD-FF58-4659-865B-1E5C36F7ABA1}.Debug|x86.Build.0 = Debug|Win32
		{B91BCDDD-FF58-4659-865B-1E5C36F7ABA1}.Release|x64.ActiveCfg = Release|x64
		{B91BCDDD-FF58-4659-865B-1E5C36F7ABA1}.Release|x64.Build.0 = Release|x64
		{B91BCDDD-FF58-4659-865B-1E5C36F7ABA1}.Release|x86.ActiveCfg = Release|Win32
		{B91BCDDD-FF58-4659-865B-1E5C36F7ABA1}.Release|x86.Build.0 = Release|Win32
		{907090DE-441B-4631-94AA-32C13947C640}.Debug|x64.ActiveCfg = Debug|x64
		{907090DE-441B-4631-94AA-32C13947C640}.Debug|x64.Build.0 = Debug|x64
		{907090DE-441B-4631-94AA-32C13947C640}.Debug|x86.ActiveCfg = Debug|Win32
		{907090DE-441B-4631-94AA-32C13947C640}.Debug|x86.Build.0 = Debug|Win32
		{907090DE-441B-4631-94AA-32C13947C640}.Release|x64.ActiveCfg = Release|x64
		{907090DE-441B-4631-94AA-32C13947C640}.Release|x64.Build.0 = Release|x64
		{907090DE-441B-4631-94AA-32C13947C640}.Release|x86.ActiveCfg = Release|Win32
		{907090DE-441B-4631-94AA-32C13947C640}.Release|x86.Build.0 = Release|Win32
		{77999CA4-3DD8-47FF-8973-CDC0204A44E1}.Debug|x64.ActiveCfg = Debug|x64
		{77999CA4-3DD8-47FF-8973-CDC0204A44E1}.Debug|x64.Build.0 = Debug|x64
		{77999CA4-3DD8-47FF-8973-CDC0204A44E1}.Debug|x86.ActiveCfg = Debug|Win32
		{77999CA4-3DD8-47FF-8973-CDC0204A44E1}.Debug|x86.Build.0 = Debug|Win32
		{77999CA4-3DD8-47FF-8973-CDC0204A44E1}.Release|x64.ActiveCfg = Release|x64
		{77999CA4-3DD8-47FF-8973-CDC0204A44E1}.Release|x64.Build.0 = Release|x64
		{77999CA4-3DD8-47FF-8973-CDC0204A44E1}.Release|x86.ActiveCfg = Release|Win32
		{77999CA4-3DD8-47FF-8973-CDC0204A44E1}.Release|x86.Build.0 = Release|Win32
		{5E04D2FA-5091-409F-B4E3-5827852C8986}.Debug|x64.ActiveCfg = Debug|x64
		{5E04D2FA-5091-409F-B4E3-5827852C8986}.Debug|x64.Build.0 = Debug|x64
		{5E04D2FA-5091-409F-B4E3-5827852C8986}.Debug|x86.ActiveCfg = Debug|Win32
		{5E04D2FA-5091-409F-B4E3-5827852C8986}.Debug|x86.Build.0 = Debug|Win32
		{5E04D2FA-5091-409F-B4E3-5827852C8986}.Release|x64.ActiveCfg = Release|x64
		{5E04D2FA-5091-409F-B4E3-5827852C8986}.Release|x64.Build.0 = Release|x64
		{5E04D2FA-5091-409F-B4E3-5827852C8986}.Release|x86.ActiveCfg = Release|Win32
		{5E04D2FA-5091-409F-B4E3-5827852C8986}.Release|x86.Build.0 = Release|Win32
		{3B9CE15D-2AEC-48F3-8D4E-7BE6C3F3337A}.Debug|x64.ActiveCfg = Debug|x64
		{3B9CE15D-2AEC-48F3-8D4E-7BE6C3F3337A}.Debug|x64.Build.0 = Debug|x64
		{3B9CE15D-2AEC-48F3-8D4E-7BE6C3F3337A}.Debug|x86.ActiveCfg = Debug|Win32
		{3B9CE15D-2AEC-48F3-8D4E-7BE6C3F3337A}.Debug|x86.Build.0 = Debug|Win32
		{3B9CE15D-2AEC-48F3-8D4E-7BE6C3F3337A}.Release|x64.ActiveCfg = Release|x64
		{3B9CE15D-2AEC-48F3-8D4E-7BE6C3F3337A}.Release|x64.Build.0 = Release|x64
		{3B9CE15D-2AEC-48F3-8D4E-7BE6C3F3337A}.Release|x86.ActiveCfg = Release|Win32
		{3B9CE15D-2AEC-48F3-8D4E-7BE6C3F3337A}.Release|x86.Build.0 = Release|Win32
		{5375AED9-D2A1-4CA6-83D5-EF4014B350BB}.Debug|x64.ActiveCfg = Debug|x64
		{5375AED9-D2A1-4CA6-83D5-EF4014B350BB}.Debug|x64.Build.0 = Debug|x64
		{5375AED9-D2A1-4CA6-83D5-EF4014B350BB}.Debug|x86.ActiveCfg = Debug|Win32
		{5375AED9-D2A1-4CA6-83D5-EF4014B350BB}.Debug|x86.Build.0 = Debug|Win32
		{5375AED9-D2A1-4CA6-83D5-EF4014B350BB}.Release|x64.ActiveCfg = Release|x64
		{5375AED9-D2A1-4CA6-83D5-EF4014B350BB}.Release|x64.Build.0 = Release|x64
		{5375AED9-D2A1-4CA6-83D5-EF4014B350BB}.Release|x86.ActiveCfg = Release|Win32
		{5375AED9-D2A1-4CA6-83D5-EF4014B350BB}.Release|x86.Build.0 = Release|Win32
		{747A3338-75BE-4056-95F8-F7EBFA956E05}.Debug|x64.ActiveCfg = Debug|x64
		{747A3338-75BE-4056-95F8-F7EBFA956E05}.Debug|x64.Build.0 = Debug|x64
		{747A3338-75BE-4056-95F8-F7EBFA956E05}.Debug|x86.ActiveCfg = Debug|Win32
		{747A3338-75BE-4056-95F8-F7EBFA956E05}.Debug|x86.Build.0 = Debug|Win32
		{747A3338-75BE-4056-95F8-F7EBFA956E05}.Release|x64.ActiveCfg = Release|x64
		{747A3338-75BE-4056-95F8-F7EBFA956E05}.Release|x64.Build.0 = Release|x64
		{747A3338-75BE-4056-95F8-F7EBFA956E05}.Release|x86.ActiveCfg = Release|Win32
		{747A3338-75BE-4056-95F8-F7EBFA956E05}.Release|x86.Build.0 = Release|Win32
		{A3983DEC-44DD-4934-8F02-8154CA3244D1}.Debug|x64.ActiveCfg = Debug|x64
		{A3983DEC-44DD-4934-8F02-8154CA3244D1}.Debug|x64.Build.0 = Debug|x64
		{A3983DEC-44DD-4934-8F02-8154CA3244D1}.Debug|x86.ActiveCfg = Debug|Win32
		{A3983DEC-44DD-4934-8F02-8154CA3244D1}.Debug|x86.Build.0 = Debug|Win32
		{A3983DEC-44DD-4934-8F02-8154CA3244D1}.Release|x64.ActiveCfg = Release|x64
		{A3983DEC-44DD-4934-8F02-8154CA3244D1}.Release|x64.Build.0 = Release|x64
		{A3983DEC-44DD-4934-8F02-8154CA3244D1}.Release|x86.ActiveCfg = Release|Win32
		{A3983DEC-44DD-4934-8F02-8154CA3244D1}.Release|x86.Build.0 = Release|Win32
		{00BE4793-78C5-455D-A2C1-0392E06E866E}.Debug|x64.ActiveCfg = Debug|x64
		{00BE4793-78C5-455D-A2C1-0392E06E866E}.Debug|x64.Build.0 = Debug|x64
		{00BE4793-78C5-455D-A2C1-0392E06E866E}.Debug|x86.ActiveCfg = Debug|Win32
		{00BE4793-78C5-455D-A2C1-0392E06E866E}.Debug|x86.Build.0 = Debug|Win32
		{00BE4793-78C5-455D-A2C1-0392E06E866E}.Release|x64.ActiveCfg = Release|x64
		{00BE4793-78C5-455D-A2C1-0392E06E866E}.Release|x64.Build.0 = Release|x64
		{00BE4793-78C5-455D-A2C1-0392E06E866E}.Release|x86.ActiveCfg = Release|Win32
		{00BE4793-78C5-455D-A2C1-0392E06E866E}.Release|x86.Build.0 = Release|Win32
		{8022C7E9-5BFA-4B58-90F1-5EA6CFE23F56}.Debug|x64.ActiveCfg = Debug|x64
		{8022C7E9-5BFA-4B58-90F1-5EA6CFE23F56}.Debug|x64.Build.0 = Debug|x64
		{8022C7E9-5BFA-4B58-90F1-5EA6CFE23F56}.Debug|x86.ActiveCfg = Debug|Win32
		{8022C7E9-5BFA-4B58-90F1-5EA6CFE23F56}.Debug|x86.Build.0 = Debug|Win32
		{8022C7E9-5BFA-4B58-90F1-5EA6CFE23F56}.Release|x64.ActiveCfg = Release|x64
		{8022C7E9-5BFA-4B58-90F1-5EA6CFE23F56}.Release|x64.Build.0 = Release|x64
		{8022C7E9-5BFA-4B58-90F1-5EA6CFE23F56}.Release|x86.ActiveCfg = Release|Win32
		{8022C7E9-5BFA-4B58-90F1-5EA6CFE23F56}.Release|x86.Build.0 = Release|Win32
=======
		{987995B9-9E8A-4CAA-B7DF-24DD307C71DD}.Debug|x64.ActiveCfg = Debug|x64
		{987995B9-9E8A-4CAA-B7DF-24DD307C71DD}.Debug|x64.Build.0 = Debug|x64
		{987995B9-9E8A-4CAA-B7DF-24DD307C71DD}.Debug|x86.ActiveCfg = Debug|Win32
		{987995B9-9E8A-4CAA-B7DF-24DD307C71DD}.Debug|x86.Build.0 = Debug|Win32
		{987995B9-9E8A-4CAA-B7DF-24DD307C71DD}.Release|x64.ActiveCfg = Release|x64
		{987995B9-9E8A-4CAA-B7DF-24DD307C71DD}.Release|x64.Build.0 = Release|x64
		{987995B9-9E8A-4CAA-B7DF-24DD307C71DD}.Release|x86.ActiveCfg = Release|Win32
		{987995B9-9E8A-4CAA-B7DF-24DD307C71DD}.Release|x86.Build.0 = Release|Win32
		{19E31E5C-5BDA-460B-BCE0-5B02296DF849}.Debug|x64.ActiveCfg = Debug|x64
		{19E31E5C-5BDA-460B-BCE0-5B02296DF849}.Debug|x64.Build.0 = Debug|x64
		{19E31E5C-5BDA-460B-BCE0-5B02296DF849}.Debug|x86.ActiveCfg = Debug|Win32
		{19E31E5C-5BDA-460B-BCE0-5B02296DF849}.Debug|x86.Build.0 = Debug|Win32
		{19E31E5C-5BDA-460B-BCE0-5B02296DF849}.Release|x64.ActiveCfg = Release|x64
		{19E31E5C-5BDA-460B-BCE0-5B02296DF849}.Release|x64.Build.0 = Release|x64
		{19E31E5C-5BDA-460B-BCE0-5B02296DF849}.Release|x86.ActiveCfg = Release|Win32
		{19E31E5C-5BDA-460B-BCE0-5B02296DF849}.Release|x86.Build.0 = Release|Win32
		{306F7895-6004-4494-A644-3614245C0E4C}.Debug|x64.ActiveCfg = Debug|x64
		{306F7895-6004-4494-A644-3614245C0E4C}.Debug|x64.Build.0 = Debug|x64
		{306F7895-6004-4494-A644-3614245C0E4C}.Debug|x86.ActiveCfg = Debug|Win32
		{306F7895-6004-4494-A644-3614245C0E4C}.Debug|x86.Build.0 = Debug|Win32
		{306F7895-6004-4494-A644-3614245C0E4C}.Release|x64.ActiveCfg = Release|x64
		{306F7895-6004-4494-A644-3614245C0E4C}.Release|x64.Build.0 = Release|x64
		{306F7895-6004-4494-A644-3614245C0E4C}.Release|x86.ActiveCfg = Release|Win32
		{306F7895-6004-4494-A644-3614245C0E4C}.Release|x86.Build.0 = Release|Win32
		{951B1023-705F-4383-BB98-99B811B27B41}.Debug|x64.ActiveCfg = Debug|x64
		{951B1023-705F-4383-BB98-99B811B27B41}.Debug|x64.Build.0 = Debug|x64
		{951B1023-705F-4383-BB98-99B811B27B41}.Debug|x86.ActiveCfg = Debug|Win32
		{951B1023-705F-4383-BB98-99B811B27B41}.Debug|x86.Build.0 = Debug|Win32
		{951B1023-705F-4383-BB98-99B811B27B41}.Release|x64.ActiveCfg = Release|x64
		{951B1023-705F-4383-BB98-99B811B27B41}.Release|x64.Build.0 = Release|x64
		{951B1023-705F-4383-BB98-99B811B27B41}.Release|x86.ActiveCfg = Release|Win32
		{951B1023-705F-4383-BB98-99B811B27B41}.Release|x86.Build.0 = Release|Win32
		{A1E52A27-5F55-484E-8B69-20EA9F26A903}.Debug|x64.ActiveCfg = Debug|x64
		{A1E52A27-5F55-484E-8B69-20EA9F26A903}.Debug|x64.Build.0 = Debug|x64
		{A1E52A27-5F55-484E-8B69-20EA9F26A903}.Debug|x86.ActiveCfg = Debug|Win32
		{A1E52A27-5F55-484E-8B69-20EA9F26A903}.Debug|x86.Build.0 = Debug|Win32
		{A1E52A27-5F55-484E-8B69-20EA9F26A903}.Release|x64.ActiveCfg = Release|x64
		{A1E52A27-5F55-484E-8B69-20EA9F26A903}.Release|x64.Build.0 = Release|x64
		{A1E52A27-5F55-484E-8B69-20EA9F26A903}.Release|x86.ActiveCfg = Release|Win32
		{A1E52A27-5F55-484E-8B69-20EA9F26A903}.Release|x86.Build.0 = Release|Win32
		{130F8843-1250-49BA-9D0B-670924B4173C}.Debug|x64.ActiveCfg = Debug|x64
		{130F8843-1250-49BA-9D0B-670924B4173C}.Debug|x64.Build.0 = Debug|x64
		{130F8843-1250-49BA-9D0B-670924B4173C}.Debug|x86.ActiveCfg = Debug|Win32
		{130F8843-1250-49BA-9D0B-670924B4173C}.Debug|x86.Build.0 = Debug|Win32
		{130F8843-1250-49BA-9D0B-670924B4173C}.Release|x64.ActiveCfg = Release|x64
		{130F8843-1250-49BA-9D0B-670924B4173C}.Release|x64.Build.0 = Release|x64
		{130F8843-1250-49BA-9D0B-670924B4173C}.Release|x86.ActiveCfg = Release|Win32
		{130F8843-1250-49BA-9D0B-670924B4173C}.Release|x86.Build.0 = Release|Win32
		{20756050-C0C5-4E62-AA67-1B4C83081FC5}.Debug|x64.ActiveCfg = Debug|x64
		{20756050-C0C5-4E62-AA67-1B4C83081FC5}.Debug|x64.Build.0 = Debug|x64
		{20756050-C0C5-4E62-AA67-1B4C83081FC5}.Debug|x86.ActiveCfg = Debug|Win32
		{20756050-C0C5-4E62-AA67-1B4C83081FC5}.Debug|x86.Build.0 = Debug|Win32
		{20756050-C0C5-4E62-AA67-1B4C83081FC5}.Release|x64.ActiveCfg = Release|x64
		{20756050-C0C5-4E62-AA67-1B4C83081FC5}.Release|x64.Build.0 = Release|x64
		{20756050-C0C5-4E62-AA67-1B4C83081FC5}.Release|x86.ActiveCfg = Release|Win32
		{20756050-C0C5-4E62-AA67-1B4C83081FC5}.Release|x86.Build.0 = Release|Win32
		{47CDE9B7-14D7-483B-858F-D24841C3CB4F}.Debug|x64.ActiveCfg = Debug|x64
		{47CDE9B7-14D7-483B-858F-D24841C3CB4F}.Debug|x64.Build.0 = Debug|x64
		{47CDE9B7-14D7-483B-858F-D24841C3CB4F}.Debug|x86.ActiveCfg = Debug|Win32
		{47CDE9B7-14D7-483B-858F-D24841C3CB4F}.Debug|x86.Build.0 = Debug|Win32
		{47CDE9B7-14D7-483B-858F-D24841C3CB4F}.Release|x64.ActiveCfg = Release|x64
		{47CDE9B7-14D7-483B-858F-D24841C3CB4F}.Release|x64.Build.0 = Release|x64
		{47CDE9B7-14D7-483B-858F-D24841C3CB4F}.Release|x86.ActiveCfg = Release|Win32
		{47CDE9B7-14D7-483B-858F-D24841C3CB4F}.Release|x86.Build.0 = Release|Win32
		{1518841F-C9B2-48E5-8429-EA4C63400A5A}.Debug|x64.ActiveCfg = Debug|x64
		{1518841F-C9B2-48E5-8429-EA4C63400A5A}.Debug|x64.Build.0 = Debug|x64
		{1518841F-C9B2-48E5-8429-EA4C63400A5A}.Debug|x86.ActiveCfg = Debug|Win32
		{1518841F-C9B2-48E5-8429-EA4C63400A5A}.Debug|x86.Build.0 = Debug|Win32
		{1518841F-C9B2-48E5-8429-EA4C63400A5A}.Release|x64.ActiveCfg = Release|x64
		{1518841F-C9B2-48E5-8429-EA4C63400A5A}.Release|x64.Build.0 = Release|x64
		{1518841F-C9B2-48E5-8429-EA4C63400A5A}.Release|x86.ActiveCfg = Release|Win32
		{1518841F-C9B2-48E5-8429-EA4C63400A5A}.Release|x86.Build.0 = Release|Win32
		{39B561C1-CBD3-4B8F-A23E-E7B81A6CC25A}.Debug|x64.ActiveCfg = Debug|x64
		{39B561C1-CBD3-4B8F-A23E-E7B81A6CC25A}.Debug|x64.Build.0 = Debug|x64
		{39B561C1-CBD3-4B8F-A23E-E7B81A6CC25A}.Debug|x86.ActiveCfg = Debug|Win32
		{39B561C1-CBD3-4B8F-A23E-E7B81A6CC25A}.Debug|x86.Build.0 = Debug|Win32
		{39B561C1-CBD3-4B8F-A23E-E7B81A6CC25A}.Release|x64.ActiveCfg = Release|x64
		{39B561C1-CBD3-4B8F-A23E-E7B81A6CC25A}.Release|x64.Build.0 = Release|x64
		{39B561C1-CBD3-4B8F-A23E-E7B81A6CC25A}.Release|x86.ActiveCfg = Release|Win32
		{39B561C1-CBD3-4B8F-A23E-E7B81A6CC25A}.Release|x86.Build.0 = Release|Win32
		{EB68C5DD-42B5-41ED-86DE-541E5C629B58}.Debug|x64.ActiveCfg = Debug|x64
		{EB68C5DD-42B5-41ED-86DE-541E5C629B58}.Debug|x64.Build.0 = Debug|x64
		{EB68C5DD-42B5-41ED-86DE-541E5C629B58}.Debug|x86.ActiveCfg = Debug|Win32
		{EB68C5DD-42B5-41ED-86DE-541E5C629B58}.Debug|x86.Build.0 = Debug|Win32
		{EB68C5DD-42B5-41ED-86DE-541E5C629B58}.Release|x64.ActiveCfg = Release|x64
		{EB68C5DD-42B5-41ED-86DE-541E5C629B58}.Release|x64.Build.0 = Release|x64
		{EB68C5DD-42B5-41ED-86DE-541E5C629B58}.Release|x86.ActiveCfg = Release|Win32
		{EB68C5DD-42B5-41ED-86DE-541E5C629B58}.Release|x86.Build.0 = Release|Win32
		{FCDAD1E0-E098-4632-8970-AC70795146DB}.Debug|x64.ActiveCfg = Debug|x64
		{FCDAD1E0-E098-4632-8970-AC70795146DB}.Debug|x64.Build.0 = Debug|x64
		{FCDAD1E0-E098-4632-8970-AC70795146DB}.Debug|x86.ActiveCfg = Debug|Win32
		{FCDAD1E0-E098-4632-8970-AC70795146DB}.Debug|x86.Build.0 = Debug|Win32
		{FCDAD1E0-E098-4632-8970-AC70795146DB}.Release|x64.ActiveCfg = Release|x64
		{FCDAD1E0-E098-4632-8970-AC70795146DB}.Release|x64.Build.0 = Release|x64
		{FCDAD1E0-E098-4632-8970-AC70795146DB}.Release|x86.ActiveCfg = Release|Win32
		{FCDAD1E0-E098-4632-8970-AC70795146DB}.Release|x86.Build.0 = Release|Win32
		{094E1C9E-9A69-42AC-9390-78168B8D56ED}.Debug|x64.ActiveCfg = Debug|x64
		{094E1C9E-9A69-42AC-9390-78168B8D56ED}.Debug|x64.Build.0 = Debug|x64
		{094E1C9E-9A69-42AC-9390-78168B8D56ED}.Debug|x86.ActiveCfg = Debug|Win32
		{094E1C9E-9A69-42AC-9390-78168B8D56ED}.Debug|x86.Build.0 = Debug|Win32
		{094E1C9E-9A69-42AC-9390-78168B8D56ED}.Release|x64.ActiveCfg = Release|x64
		{094E1C9E-9A69-42AC-9390-78168B8D56ED}.Release|x64.Build.0 = Release|x64
		{094E1C9E-9A69-42AC-9390-78168B8D56ED}.Release|x86.ActiveCfg = Release|Win32
		{094E1C9E-9A69-42AC-9390-78168B8D56ED}.Release|x86.Build.0 = Release|Win32
		{40372E71-DDFD-4A01-8C25-355A1D905DD5}.Debug|x64.ActiveCfg = Debug|x64
		{40372E71-DDFD-4A01-8C25-355A1D905DD5}.Debug|x64.Build.0 = Debug|x64
		{40372E71-DDFD-4A01-8C25-355A1D905DD5}.Debug|x86.ActiveCfg = Debug|Win32
		{40372E71-DDFD-4A01-8C25-355A1D905DD5}.Debug|x86.Build.0 = Debug|Win32
		{40372E71-DDFD-4A01-8C25-355A1D905DD5}.Release|x64.ActiveCfg = Release|x64
		{40372E71-DDFD-4A01-8C25-355A1D905DD5}.Release|x64.Build.0 = Release|x64
		{40372E71-DDFD-4A01-8C25-355A1D905DD5}.Release|x86.ActiveCfg = Release|Win32
		{40372E71-DDFD-4A01-8C25-355A1D905DD5}.Release|x86.Build.0 = Release|Win32
		{CDC74139-D671-4FAF-8F80-1D5F0DC6531F}.Debug|x64.ActiveCfg = Debug|x64
		{CDC74139-D671-4FAF-8F80-1D5F0DC6531F}.Debug|x64.Build.0 = Debug|x64
		{CDC74139-D671-4FAF-8F80-1D5F0DC6531F}.Debug|x86.ActiveCfg = Debug|Win32
		{CDC74139-D671-4FAF-8F80-1D5F0DC6531F}.Debug|x86.Build.0 = Debug|Win32
		{CDC74139-D671-4FAF-8F80-1D5F0DC6531F}.Release|x64.ActiveCfg = Release|x64
		{CDC74139-D671-4FAF-8F80-1D5F0DC6531F}.Release|x64.Build.0 = Release|x64
		{CDC74139-D671-4FAF-8F80-1D5F0DC6531F}.Release|x86.ActiveCfg = Release|Win32
		{CDC74139-D671-4FAF-8F80-1D5F0DC6531F}.Release|x86.Build.0 = Release|Win32
		{F59C2017-C843-4604-B66F-A43E15F6E670}.Debug|x64.ActiveCfg = Debug|x64
		{F59C2017-C843-4604-B66F-A43E15F6E670}.Debug|x64.Build.0 = Debug|x64
		{F59C2017-C843-4604-B66F-A43E15F6E670}.Debug|x86.ActiveCfg = Debug|Win32
		{F59C2017-C843-4604-B66F-A43E15F6E670}.Debug|x86.Build.0 = Debug|Win32
		{F59C2017-C843-4604-B66F-A43E15F6E670}.Release|x64.ActiveCfg = Release|x64
		{F59C2017-C843-4604-B66F-A43E15F6E670}.Release|x64.Build.0 = Release|x64
		{F59C2017-C843-4604-B66F-A43E15F6E670}.Release|x86.ActiveCfg = Release|Win32
		{F59C2017-C843-4604-B66F-A43E15F6E670}.Release|x86.Build.0 = Release|Win32
		{994B89E7-C405-460F-8BF4-B37BA33E5107}.Debug|x64.ActiveCfg = Debug|x64
		{994B89E7-C405-460F-8BF4-B37BA33E5107}.Debug|x64.Build.0 = Debug|x64
		{994B89E7-C405-460F-8BF4-B37BA33E5107}.Debug|x86.ActiveCfg = Debug|Win32
		{994B89E7-C405-460F-8BF4-B37BA33E5107}.Debug|x86.Build.0 = Debug|Win32
		{994B89E7-C405-460F-8BF4-B37BA33E5107}.Release|x64.ActiveCfg = Release|x64
		{994B89E7-C405-460F-8BF4-B37BA33E5107}.Release|x64.Build.0 = Release|x64
		{994B89E7-C405-460F-8BF4-B37BA33E5107}.Release|x86.ActiveCfg = Release|Win32
		{994B89E7-C405-460F-8BF4-B37BA33E5107}.Release|x86.Build.0 = Release|Win32
		{54531648-CE09-4DAC-80D1-AC3D7F32E0A6}.Debug|x64.ActiveCfg = Debug|x64
		{54531648-CE09-4DAC-80D1-AC3D7F32E0A6}.Debug|x64.Build.0 = Debug|x64
		{54531648-CE09-4DAC-80D1-AC3D7F32E0A6}.Debug|x86.ActiveCfg = Debug|Win32
		{54531648-CE09-4DAC-80D1-AC3D7F32E0A6}.Debug|x86.Build.0 = Debug|Win32
		{54531648-CE09-4DAC-80D1-AC3D7F32E0A6}.Release|x64.ActiveCfg = Release|x64
		{54531648-CE09-4DAC-80D1-AC3D7F32E0A6}.Release|x64.Build.0 = Release|x64
		{54531648-CE09-4DAC-80D1-AC3D7F32E0A6}.Release|x86.ActiveCfg = Release|Win32
		{54531648-CE09-4DAC-80D1-AC3D7F32E0A6}.Release|x86.Build.0 = Release|Win32
		{9AAA7E90-035A-4757-8038-24D8FE5A101A}.Debug|x64.ActiveCfg = Debug|x64
		{9AAA7E90-035A-4757-8038-24D8FE5A101A}.Debug|x64.Build.0 = Debug|x64
		{9AAA7E90-035A-4757-8038-24D8FE5A101A}.Debug|x86.ActiveCfg = Debug|Win32
		{9AAA7E90-035A-4757-8038-24D8FE5A101A}.Debug|x86.Build.0 = Debug|Win32
		{9AAA7E90-035A-4757-8038-24D8FE5A101A}.Release|x64.ActiveCfg = Release|x64
		{9AAA7E90-035A-4757-8038-24D8FE5A101A}.Release|x64.Build.0 = Release|x64
		{9AAA7E90-035A-4757-8038-24D8FE5A101A}.Release|x86.ActiveCfg = Release|Win32
		{9AAA7E90-035A-4757-8038-24D8FE5A101A}.Release|x86.Build.0 = Release|Win32
		{CDB1B193-6FF7-43D2-ACC2-665E0B6A38CD}.Debug|x64.ActiveCfg = Debug|x64
		{CDB1B193-6FF7-43D2-ACC2-665E0B6A38CD}.Debug|x64.Build.0 = Debug|x64
		{CDB1B193-6FF7-43D2-ACC2-665E0B6A38CD}.Debug|x86.ActiveCfg = Debug|Win32
		{CDB1B193-6FF7-43D2-ACC2-665E0B6A38CD}.Debug|x86.Build.0 = Debug|Win32
		{CDB1B193-6FF7-43D2-ACC2-665E0B6A38CD}.Release|x64.ActiveCfg = Release|x64
		{CDB1B193-6FF7-43D2-ACC2-665E0B6A38CD}.Release|x64.Build.0 = Release|x64
		{CDB1B193-6FF7-43D2-ACC2-665E0B6A38CD}.Release|x86.ActiveCfg = Release|Win32
		{CDB1B193-6FF7-43D2-ACC2-665E0B6A38CD}.Release|x86.Build.0 = Release|Win32
		{5739DF0E-FE87-44D6-8381-670703BCB16F}.Debug|x64.ActiveCfg = Debug|x64
		{5739DF0E-FE87-44D6-8381-670703BCB16F}.Debug|x64.Build.0 = Debug|x64
		{5739DF0E-FE87-44D6-8381-670703BCB16F}.Debug|x86.ActiveCfg = Debug|Win32
		{5739DF0E-FE87-44D6-8381-670703BCB16F}.Debug|x86.Build.0 = Debug|Win32
		{5739DF0E-FE87-44D6-8381-670703BCB16F}.Release|x64.ActiveCfg = Release|x64
		{5739DF0E-FE87-44D6-8381-670703BCB16F}.Release|x64.Build.0 = Release|x64
		{5739DF0E-FE87-44D6-8381-670703BCB16F}.Release|x86.ActiveCfg = Release|Win32
		{5739DF0E-FE87-44D6-8381-670703BCB16F}.Release|x86.Build.0 = Release|Win32
		{32945A66-58F8-4E26-8399-6382A03DA81F}.Debug|x64.ActiveCfg = Debug|x64
		{32945A66-58F8-4E26-8399-6382A03DA81F}.Debug|x64.Build.0 = Debug|x64
		{32945A66-58F8-4E26-8399-6382A03DA81F}.Debug|x86.ActiveCfg = Debug|Win32
		{32945A66-58F8-4E26-8399-6382A03DA81F}.Debug|x86.Build.0 = Debug|Win32
		{32945A66-58F8-4E26-8399-6382A03DA81F}.Release|x64.ActiveCfg = Release|x64
		{32945A66-58F8-4E26-8399-6382A03DA81F}.Release|x64.Build.0 = Release|x64
		{32945A66-58F8-4E26-8399-6382A03DA81F}.Release|x86.ActiveCfg = Release|Win32
		{32945A66-58F8-4E26-8399-6382A03DA81F}.Release|x86.Build.0 = Release|Win32
		{4F6A7D00-241B-4D04-A3C0-213858D99535}.Debug|x64.ActiveCfg = Debug|x64
		{4F6A7D00-241B-4D04-A3C0-213858D99535}.Debug|x64.Build.0 = Debug|x64
		{4F6A7D00-241B-4D04-A3C0-213858D99535}.Debug|x86.ActiveCfg = Debug|Win32
		{4F6A7D00-241B-4D04-A3C0-213858D99535}.Debug|x86.Build.0 = Debug|Win32
		{4F6A7D00-241B-4D04-A3C0-213858D99535}.Release|x64.ActiveCfg = Release|x64
		{4F6A7D00-241B-4D04-A3C0-213858D99535}.Release|x64.Build.0 = Release|x64
		{4F6A7D00-241B-4D04-A3C0-213858D99535}.Release|x86.ActiveCfg = Release|Win32
		{4F6A7D00-241B-4D04-A3C0-213858D99535}.Release|x86.Build.0 = Release|Win32
		{19CC537D-7F96-4933-ACE8-DC9215744B55}.Debug|x64.ActiveCfg = Debug|x64
		{19CC537D-7F96-4933-ACE8-DC9215744B55}.Debug|x64.Build.0 = Debug|x64
		{19CC537D-7F96-4933-ACE8-DC9215744B55}.Debug|x86.ActiveCfg = Debug|Win32
		{19CC537D-7F96-4933-ACE8-DC9215744B55}.Debug|x86.Build.0 = Debug|Win32
		{19CC537D-7F96-4933-ACE8-DC9215744B55}.Release|x64.ActiveCfg = Release|x64
		{19CC537D-7F96-4933-ACE8-DC9215744B55}.Release|x64.Build.0 = Release|x64
		{19CC537D-7F96-4933-ACE8-DC9215744B55}.Release|x86.ActiveCfg = Release|Win32
		{19CC537D-7F96-4933-ACE8-DC9215744B55}.Release|x86.Build.0 = Release|Win32
		{54020030-9FDC-498A-9263-A3A28BEEDA15}.Debug|x64.ActiveCfg = Debug|x64
		{54020030-9FDC-498A-9263-A3A28BEEDA15}.Debug|x64.Build.0 = Debug|x64
		{54020030-9FDC-498A-9263-A3A28BEEDA15}.Debug|x86.ActiveCfg = Debug|Win32
		{54020030-9FDC-498A-9263-A3A28BEEDA15}.Debug|x86.Build.0 = Debug|Win32
		{54020030-9FDC-498A-9263-A3A28BEEDA15}.Release|x64.ActiveCfg = Release|x64
		{54020030-9FDC-498A-9263-A3A28BEEDA15}.Release|x64.Build.0 = Release|x64
		{54020030-9FDC-498A-9263-A3A28BEEDA15}.Release|x86.ActiveCfg = Release|Win32
		{54020030-9FDC-498A-9263-A3A28BEEDA15}.Release|x86.Build.0 = Release|Win32
		{0958524A-EB56-49A3-9D42-89E3BD8CC7B2}.Debug|x64.ActiveCfg = Debug|x64
		{0958524A-EB56-49A3-9D42-89E3BD8CC7B2}.Debug|x64.Build.0 = Debug|x64
		{0958524A-EB56-49A3-9D42-89E3BD8CC7B2}.Debug|x86.ActiveCfg = Debug|Win32
		{0958524A-EB56-49A3-9D42-89E3BD8CC7B2}.Debug|x86.Build.0 = Debug|Win32
		{0958524A-EB56-49A3-9D42-89E3BD8CC7B2}.Release|x64.ActiveCfg = Release|x64
		{0958524A-EB56-49A3-9D42-89E3BD8CC7B2}.Release|x64.Build.0 = Release|x64
		{0958524A-EB56-49A3-9D42-89E3BD8CC7B2}.Release|x86.ActiveCfg = Release|Win32
		{0958524A-EB56-49A3-9D42-89E3BD8CC7B2}.Release|x86.Build.0 = Release|Win32
		{BED57EAE-FF6B-4655-96AD-8C4AF8E81629}.Debug|x64.ActiveCfg = Debug|x64
		{BED57EAE-FF6B-4655-96AD-8C4AF8E81629}.Debug|x64.Build.0 = Debug|x64
		{BED57EAE-FF6B-4655-96AD-8C4AF8E81629}.Debug|x86.ActiveCfg = Debug|Win32
		{BED57EAE-FF6B-4655-96AD-8C4AF8E81629}.Debug|x86.Build.0 = Debug|Win32
		{BED57EAE-FF6B-4655-96AD-8C4AF8E81629}.Release|x64.ActiveCfg = Release|x64
		{BED57EAE-FF6B-4655-96AD-8C4AF8E81629}.Release|x64.Build.0 = Release|x64
		{BED57EAE-FF6B-4655-96AD-8C4AF8E81629}.Release|x86.ActiveCfg = Release|Win32
		{BED57EAE-FF6B-4655-96AD-8C4AF8E81629}.Release|x86.Build.0 = Release|Win32
		{405B7F99-9885-4ED5-83C1-25B0CD19F2C1}.Debug|x64.ActiveCfg = Debug|x64
		{405B7F99-9885-4ED5-83C1-25B0CD19F2C1}.Debug|x64.Build.0 = Debug|x64
		{405B7F99-9885-4ED5-83C1-25B0CD19F2C1}.Debug|x86.ActiveCfg = Debug|Win32
		{405B7F99-9885-4ED5-83C1-25B0CD19F2C1}.Debug|x86.Build.0 = Debug|Win32
		{405B7F99-9885-4ED5-83C1-25B0CD19F2C1}.Release|x64.ActiveCfg = Release|x64
		{405B7F99-9885-4ED5-83C1-25B0CD19F2C1}.Release|x64.Build.0 = Release|x64
		{405B7F99-9885-4ED5-83C1-25B0CD19F2C1}.Release|x86.ActiveCfg = Release|Win32
		{405B7F99-9885-4ED5-83C1-25B0CD19F2C1}.Release|x86.Build.0 = Release|Win32
		{2A161CD8-76AA-4BEF-BD29-45E49CF2E5F0}.Debug|x64.ActiveCfg = Debug|x64
		{2A161CD8-76AA-4BEF-BD29-45E49CF2E5F0}.Debug|x64.Build.0 = Debug|x64
		{2A161CD8-76AA-4BEF-BD29-45E49CF2E5F0}.Debug|x86.ActiveCfg = Debug|Win32
		{2A161CD8-76AA-4BEF-BD29-45E49CF2E5F0}.Debug|x86.Build.0 = Debug|Win32
		{2A161CD8-76AA-4BEF-BD29-45E49CF2E5F0}.Release|x64.ActiveCfg = Release|x64
		{2A161CD8-76AA-4BEF-BD29-45E49CF2E5F0}.Release|x64.Build.0 = Release|x64
		{2A161CD8-76AA-4BEF-BD29-45E49CF2E5F0}.Release|x86.ActiveCfg = Release|Win32
		{2A161CD8-76AA-4BEF-BD29-45E49CF2E5F0}.Release|x86.Build.0 = Release|Win32
		{2C935588-06B2-40C0-83BB-0F75F8BB7E5F}.Debug|x64.ActiveCfg = Debug|x64
		{2C935588-06B2-40C0-83BB-0F75F8BB7E5F}.Debug|x64.Build.0 = Debug|x64
		{2C935588-06B2-40C0-83BB-0F75F8BB7E5F}.Debug|x86.ActiveCfg = Debug|Win32
		{2C935588-06B2-40C0-83BB-0F75F8BB7E5F}.Debug|x86.Build.0 = Debug|Win32
		{2C935588-06B2-40C0-83BB-0F75F8BB7E5F}.Release|x64.ActiveCfg = Release|x64
		{2C935588-06B2-40C0-83BB-0F75F8BB7E5F}.Release|x64.Build.0 = Release|x64
		{2C935588-06B2-40C0-83BB-0F75F8BB7E5F}.Release|x86.ActiveCfg = Release|Win32
		{2C935588-06B2-40C0-83BB-0F75F8BB7E5F}.Release|x86.Build.0 = Release|Win32
		{AC9EE4DE-2FAD-4B94-B2E7-AD4E64E62BD7}.Debug|x64.ActiveCfg = Debug|x64
		{AC9EE4DE-2FAD-4B94-B2E7-AD4E64E62BD7}.Debug|x64.Build.0 = Debug|x64
		{AC9EE4DE-2FAD-4B94-B2E7-AD4E64E62BD7}.Debug|x86.ActiveCfg = Debug|Win32
		{AC9EE4DE-2FAD-4B94-B2E7-AD4E64E62BD7}.Debug|x86.Build.0 = Debug|Win32
		{AC9EE4DE-2FAD-4B94-B2E7-AD4E64E62BD7}.Release|x64.ActiveCfg = Release|x64
		{AC9EE4DE-2FAD-4B94-B2E7-AD4E64E62BD7}.Release|x64.Build.0 = Release|x64
		{AC9EE4DE-2FAD-4B94-B2E7-AD4E64E62BD7}.Release|x86.ActiveCfg = Release|Win32
		{AC9EE4DE-2FAD-4B94-B2E7-AD4E64E62BD7}.Release|x86.Build.0 = Release|Win32
		{4DEE315B-C17D-4714-B54D-4E92D6F8BD8D}.Debug|x64.ActiveCfg = Debug|x64
		{4DEE315B-C17D-4714-B54D-4E92D6F8BD8D}.Debug|x64.Build.0 = Debug|x64
		{4DEE315B-C17D-4714-B54D-4E92D6F8BD8D}.Debug|x86.ActiveCfg = Debug|Win32
		{4DEE315B-C17D-4714-B54D-4E92D6F8BD8D}.Debug|x86.Build.0 = Debug|Win32
		{4DEE315B-C17D-4714-B54D-4E92D6F8BD8D}.Release|x64.ActiveCfg = Release|x64
		{4DEE315B-C17D-4714-B54D-4E92D6F8BD8D}.Release|x64.Build.0 = Release|x64
		{4DEE315B-C17D-4714-B54D-4E92D6F8BD8D}.Release|x86.ActiveCfg = Release|Win32
		{4DEE315B-C17D-4714-B54D-4E92D6F8BD8D}.Release|x86.Build.0 = Release|Win32
		{231E7E8A-2B6D-42CA-9B5C-4F4A94BADAB4}.Debug|x64.ActiveCfg = Debug|x64
		{231E7E8A-2B6D-42CA-9B5C-4F4A94BADAB4}.Debug|x64.Build.0 = Debug|x64
		{231E7E8A-2B6D-42CA-9B5C-4F4A94BADAB4}.Debug|x86.ActiveCfg = Debug|Win32
		{231E7E8A-2B6D-42CA-9B5C-4F4A94BADAB4}.Debug|x86.Build.0 = Debug|Win32
		{231E7E8A-2B6D-42CA-9B5C-4F4A94BADAB4}.Release|x64.ActiveCfg = Release|x64
		{231E7E8A-2B6D-42CA-9B5C-4F4A94BADAB4}.Release|x64.Build.0 = Release|x64
		{231E7E8A-2B6D-42CA-9B5C-4F4A94BADAB4}.Release|x86.ActiveCfg = Release|Win32
		{231E7E8A-2B6D-42CA-9B5C-4F4A94BADAB4}.Release|x86.Build.0 = Release|Win32
		{8BEE50BE-C302-47B1-A6C9-1D20CC951EF8}.Debug|x64.ActiveCfg = Debug|x64
		{8BEE50BE-C302-47B1-A6C9-1D20CC951EF8}.Debug|x64.Build.0 = Debug|x64
		{8BEE50BE-C302-47B1-A6C9-1D20CC951EF8}.Debug|x86.ActiveCfg = Debug|Win32
		{8BEE50BE-C302-47B1-A6C9-1D20CC951EF8}.Debug|x86.Build.0 = Debug|Win32
		{8BEE50BE-C302-47B1-A6C9-1D20CC951EF8}.Release|x64.ActiveCfg = Release|x64
		{8BEE50BE-C302-47B1-A6C9-1D20CC951EF8}.Release|x64.Build.0 = Release|x64
		{8BEE50BE-C302-47B1-A6C9-1D20CC951EF8}.Release|x86.ActiveCfg = Release|Win32
		{8BEE50BE-C302-47B1-A6C9-1D20CC951EF8}.Release|x86.Build.0 = Release|Win32
		{6C50EA05-85F0-42A0-82FC-388A8E42A34E}.Debug|x64.ActiveCfg = Debug|x64
		{6C50EA05-85F0-42A0-82FC-388A8E42A34E}.Debug|x64.Build.0 = Debug|x64
		{6C50EA05-85F0-42A0-82FC-388A8E42A34E}.Debug|x86.ActiveCfg = Debug|Win32
		{6C50EA05-85F0-42A0-82FC-388A8E42A34E}.Debug|x86.Build.0 = Debug|Win32
		{6C50EA05-85F0-42A0-82FC-388A8E42A34E}.Release|x64.ActiveCfg = Release|x64
		{6C50EA05-85F0-42A0-82FC-388A8E42A34E}.Release|x64.Build.0 = Release|x64
		{6C50EA05-85F0-42A0-82FC-388A8E42A34E}.Release|x86.ActiveCfg = Release|Win32
		{6C50EA05-85F0-42A0-82FC-388A8E42A34E}.Release|x86.Build.0 = Release|Win32
		{3C4F8D4B-AC9B-4E58-A2C4-3ADC274C7BDB}.Debug|x64.ActiveCfg = Debug|x64
		{3C4F8D4B-AC9B-4E58-A2C4-3ADC274C7BDB}.Debug|x64.Build.0 = Debug|x64
		{3C4F8D4B-AC9B-4E58-A2C4-3ADC274C7BDB}.Debug|x86.ActiveCfg = Debug|Win32
		{3C4F8D4B-AC9B-4E58-A2C4-3ADC274C7BDB}.Debug|x86.Build.0 = Debug|Win32
		{3C4F8D4B-AC9B-4E58-A2C4-3ADC274C7BDB}.Release|x64.ActiveCfg = Release|x64
		{3C4F8D4B-AC9B-4E58-A2C4-3ADC274C7BDB}.Release|x64.Build.0 = Release|x64
		{3C4F8D4B-AC9B-4E58-A2C4-3ADC274C7BDB}.Release|x86.ActiveCfg = Release|Win32
		{3C4F8D4B-AC9B-4E58-A2C4-3ADC274C7BDB}.Release|x86.Build.0 = Release|Win32
		{2FD51923-3061-4DE4-884A-0F79672D5D0E}.Debug|x64.ActiveCfg = Debug|x64
		{2FD51923-3061-4DE4-884A-0F79672D5D0E}.Debug|x64.Build.0 = Debug|x64
		{2FD51923-3061-4DE4-884A-0F79672D5D0E}.Debug|x86.ActiveCfg = Debug|Win32
		{2FD51923-3061-4DE4-884A-0F79672D5D0E}.Debug|x86.Build.0 = Debug|Win32
		{2FD51923-3061-4DE4-884A-0F79672D5D0E}.Release|x64.ActiveCfg = Release|x64
		{2FD51923-3061-4DE4-884A-0F79672D5D0E}.Release|x64.Build.0 = Release|x64
		{2FD51923-3061-4DE4-884A-0F79672D5D0E}.Release|x86.ActiveCfg = Release|Win32
		{2FD51923-3061-4DE4-884A-0F79672D5D0E}.Release|x86.Build.0 = Release|Win32
		{2F083221-B5C3-4A1A-8031-E5453D008B31}.Debug|x64.ActiveCfg = Debug|x64
		{2F083221-B5C3-4A1A-8031-E5453D008B31}.Debug|x64.Build.0 = Debug|x64
		{2F083221-B5C3-4A1A-8031-E5453D008B31}.Debug|x86.ActiveCfg = Debug|Win32
		{2F083221-B5C3-4A1A-8031-E5453D008B31}.Debug|x86.Build.0 = Debug|Win32
		{2F083221-B5C3-4A1A-8031-E5453D008B31}.Release|x64.ActiveCfg = Release|x64
		{2F083221-B5C3-4A1A-8031-E5453D008B31}.Release|x64.Build.0 = Release|x64
		{2F083221-B5C3-4A1A-8031-E5453D008B31}.Release|x86.ActiveCfg = Release|Win32
		{2F083221-B5C3-4A1A-8031-E5453D008B31}.Release|x86.Build.0 = Release|Win32
		{C74214CB-E027-4076-ACCC-3053DD81560B}.Debug|x64.ActiveCfg = Debug|x64
		{C74214CB-E027-4076-ACCC-3053DD81560B}.Debug|x64.Build.0 = Debug|x64
		{C74214CB-E027-4076-ACCC-3053DD81560B}.Debug|x86.ActiveCfg = Debug|Win32
		{C74214CB-E027-4076-ACCC-3053DD81560B}.Debug|x86.Build.0 = Debug|Win32
		{C74214CB-E027-4076-ACCC-3053DD81560B}.Release|x64.ActiveCfg = Release|x64
		{C74214CB-E027-4076-ACCC-3053DD81560B}.Release|x64.Build.0 = Release|x64
		{C74214CB-E027-4076-ACCC-3053DD81560B}.Release|x86.ActiveCfg = Release|Win32
		{C74214CB-E027-4076-ACCC-3053DD81560B}.Release|x86.Build.0 = Release|Win32
		{D5DEBC84-9E9E-475F-971E-1FACB505F63D}.Debug|x64.ActiveCfg = Debug|x64
		{D5DEBC84-9E9E-475F-971E-1FACB505F63D}.Debug|x64.Build.0 = Debug|x64
		{D5DEBC84-9E9E-475F-971E-1FACB505F63D}.Debug|x86.ActiveCfg = Debug|Win32
		{D5DEBC84-9E9E-475F-971E-1FACB505F63D}.Debug|x86.Build.0 = Debug|Win32
		{D5DEBC84-9E9E-475F-971E-1FACB505F63D}.Release|x64.ActiveCfg = Release|x64
		{D5DEBC84-9E9E-475F-971E-1FACB505F63D}.Release|x64.Build.0 = Release|x64
		{D5DEBC84-9E9E-475F-971E-1FACB505F63D}.Release|x86.ActiveCfg = Release|Win32
		{D5DEBC84-9E9E-475F-971E-1FACB505F63D}.Release|x86.Build.0 = Release|Win32
		{81CFEA80-13D9-42EF-9DA0-1AEDEE548A5B}.Debug|x64.ActiveCfg = Debug|x64
		{81CFEA80-13D9-42EF-9DA0-1AEDEE548A5B}.Debug|x64.Build.0 = Debug|x64
		{81CFEA80-13D9-42EF-9DA0-1AEDEE548A5B}.Debug|x86.ActiveCfg = Debug|Win32
		{81CFEA80-13D9-42EF-9DA0-1AEDEE548A5B}.Debug|x86.Build.0 = Debug|Win32
		{81CFEA80-13D9-42EF-9DA0-1AEDEE548A5B}.Release|x64.ActiveCfg = Release|x64
		{81CFEA80-13D9-42EF-9DA0-1AEDEE548A5B}.Release|x64.Build.0 = Release|x64
		{81CFEA80-13D9-42EF-9DA0-1AEDEE548A5B}.Release|x86.ActiveCfg = Release|Win32
		{81CFEA80-13D9-42EF-9DA0-1AEDEE548A5B}.Release|x86.Build.0 = Release|Win32
		{470BEC5E-076A-4FEA-9155-62B468F0DCD0}.Debug|x64.ActiveCfg = Debug|x64
		{470BEC5E-076A-4FEA-9155-62B468F0DCD0}.Debug|x64.Build.0 = Debug|x64
		{470BEC5E-076A-4FEA-9155-62B468F0DCD0}.Debug|x86.ActiveCfg = Debug|Win32
		{470BEC5E-076A-4FEA-9155-62B468F0DCD0}.Debug|x86.Build.0 = Debug|Win32
		{470BEC5E-076A-4FEA-9155-62B468F0DCD0}.Release|x64.ActiveCfg = Release|x64
		{470BEC5E-076A-4FEA-9155-62B468F0DCD0}.Release|x64.Build.0 = Release|x64
		{470BEC5E-076A-4FEA-9155-62B468F0DCD0}.Release|x86.ActiveCfg = Release|Win32
		{470BEC5E-076A-4FEA-9155-62B468F0DCD0}.Release|x86.Build.0 = Release|Win32
		{06F0453D-95D0-4782-987D-4224B20D0F9F}.Debug|x64.ActiveCfg = Debug|x64
		{06F0453D-95D0-4782-987D-4224B20D0F9F}.Debug|x64.Build.0 = Debug|x64
		{06F0453D-95D0-4782-987D-4224B20D0F9F}.Debug|x86.ActiveCfg = Debug|Win32
		{06F0453D-95D0-4782-987D-4224B20D0F9F}.Debug|x86.Build.0 = Debug|Win32
		{06F0453D-95D0-4782-987D-4224B20D0F9F}.Release|x64.ActiveCfg = Release|x64
		{06F0453D-95D0-4782-987D-4224B20D0F9F}.Release|x64.Build.0 = Release|x64
		{06F0453D-95D0-4782-987D-4224B20D0F9F}.Release|x86.ActiveCfg = Release|Win32
		{06F0453D-95D0-4782-987D-4224B20D0F9F}.Release|x86.Build.0 = Release|Win32
		{37C7A1D0-8A10-4BAC-89DA-96D39145C5EC}.Debug|x64.ActiveCfg = Debug|x64
		{37C7A1D0-8A10-4BAC-89DA-96D39145C5EC}.Debug|x64.Build.0 = Debug|x64
		{37C7A1D0-8A10-4BAC-89DA-96D39145C5EC}.Debug|x86.ActiveCfg = Debug|Win32
		{37C7A1D0-8A10-4BAC-89DA-96D39145C5EC}.Debug|x86.Build.0 = Debug|Win32
		{37C7A1D0-8A10-4BAC-89DA-96D39145C5EC}.Release|x64.ActiveCfg = Release|x64
		{37C7A1D0-8A10-4BAC-89DA-96D39145C5EC}.Release|x64.Build.0 = Release|x64
		{37C7A1D0-8A10-4BAC-89DA-96D39145C5EC}.Release|x86.ActiveCfg = Release|Win32
		{37C7A1D0-8A10-4BAC-89DA-96D39145C5EC}.Release|x86.Build.0 = Release|Win32
		{8773E79E-6027-44E6-ADAC-970FF22AF311}.Debug|x64.ActiveCfg = Debug|x64
		{8773E79E-6027-44E6-ADAC-970FF22AF311}.Debug|x64.Build.0 = Debug|x64
		{8773E79E-6027-44E6-ADAC-970FF22AF311}.Debug|x86.ActiveCfg = Debug|Win32
		{8773E79E-6027-44E6-ADAC-970FF22AF311}.Debug|x86.Build.0 = Debug|Win32
		{8773E79E-6027-44E6-ADAC-970FF22AF311}.Release|x64.ActiveCfg = Release|x64
		{8773E79E-6027-44E6-ADAC-970FF22AF311}.Release|x64.Build.0 = Release|x64
		{8773E79E-6027-44E6-ADAC-970FF22AF311}.Release|x86.ActiveCfg = Release|Win32
		{8773E79E-6027-44E6-ADAC-970FF22AF311}.Release|x86.Build.0 = Release|Win32
		{6EC1E359-A568-43F3-983C-FB318ECCFCAB}.Debug|x64.ActiveCfg = Debug|x64
		{6EC1E359-A568-43F3-983C-FB318ECCFCAB}.Debug|x64.Build.0 = Debug|x64
		{6EC1E359-A568-43F3-983C-FB318ECCFCAB}.Debug|x86.ActiveCfg = Debug|Win32
		{6EC1E359-A568-43F3-983C-FB318ECCFCAB}.Debug|x86.Build.0 = Debug|Win32
		{6EC1E359-A568-43F3-983C-FB318ECCFCAB}.Release|x64.ActiveCfg = Release|x64
		{6EC1E359-A568-43F3-983C-FB318ECCFCAB}.Release|x64.Build.0 = Release|x64
		{6EC1E359-A568-43F3-983C-FB318ECCFCAB}.Release|x86.ActiveCfg = Release|Win32
		{6EC1E359-A568-43F3-983C-FB318ECCFCAB}.Release|x86.Build.0 = Release|Win32
		{07F26AE0-D2F0-49AD-A726-D18C71C96279}.Debug|x64.ActiveCfg = Debug|x64
		{07F26AE0-D2F0-49AD-A726-D18C71C96279}.Debug|x64.Build.0 = Debug|x64
		{07F26AE0-D2F0-49AD-A726-D18C71C96279}.Debug|x86.ActiveCfg = Debug|Win32
		{07F26AE0-D2F0-49AD-A726-D18C71C96279}.Debug|x86.Build.0 = Debug|Win32
		{07F26AE0-D2F0-49AD-A726-D18C71C96279}.Release|x64.ActiveCfg = Release|x64
		{07F26AE0-D2F0-49AD-A726-D18C71C96279}.Release|x64.Build.0 = Release|x64
		{07F26AE0-D2F0-49AD-A726-D18C71C96279}.Release|x86.ActiveCfg = Release|Win32
		{07F26AE0-D2F0-49AD-A726-D18C71C96279}.Release|x86.Build.0 = Release|Win32
		{E17E4550-4FDE-4F7C-87D5-B77E7F0C04F6}.Debug|x64.ActiveCfg = Debug|x64
		{E17E4550-4FDE-4F7C-87D5-B77E7F0C04F6}.Debug|x64.Build.0 = Debug|x64
		{E17E4550-4FDE-4F7C-87D5-B77E7F0C04F6}.Debug|x86.ActiveCfg = Debug|Win32
		{E17E4550-4FDE-4F7C-87D5-B77E7F0C04F6}.Debug|x86.Build.0 = Debug|Win32
		{E17E4550-4FDE-4F7C-87D5-B77E7F0C04F6}.Release|x64.ActiveCfg = Release|x64
		{E17E4550-4FDE-4F7C-87D5-B77E7F0C04F6}.Release|x64.Build.0 = Release|x64
		{E17E4550-4FDE-4F7C-87D5-B77E7F0C04F6}.Release|x86.ActiveCfg = Release|Win32
		{E17E4550-4FDE-4F7C-87D5-B77E7F0C04F6}.Release|x86.Build.0 = Release|Win32
		{E8D06306-EBB1-4208-8BD8-F18FE1C0D4B0}.Debug|x64.ActiveCfg = Debug|x64
		{E8D06306-EBB1-4208-8BD8-F18FE1C0D4B0}.Debug|x64.Build.0 = Debug|x64
		{E8D06306-EBB1-4208-8BD8-F18FE1C0D4B0}.Debug|x86.ActiveCfg = Debug|Win32
		{E8D06306-EBB1-4208-8BD8-F18FE1C0D4B0}.Debug|x86.Build.0 = Debug|Win32
		{E8D06306-EBB1-4208-8BD8-F18FE1C0D4B0}.Release|x64.ActiveCfg = Release|x64
		{E8D06306-EBB1-4208-8BD8-F18FE1C0D4B0}.Release|x64.Build.0 = Release|x64
		{E8D06306-EBB1-4208-8BD8-F18FE1C0D4B0}.Release|x86.ActiveCfg = Release|Win32
		{E8D06306-EBB1-4208-8BD8-F18FE1C0D4B0}.Release|x86.Build.0 = Release|Win32
>>>>>>> 646194e1847c2c39301a7a0650fc5249c7f4983a
	EndGlobalSection
	GlobalSection(SolutionProperties) = preSolution
		HideSolutionNode = FALSE
	EndGlobalSection
	GlobalSection(ExtensibilityGlobals) = postSolution
		SolutionGuid = {33DF29C1-2AD0-4BA0-B7B9-759C4FCD518E}
	EndGlobalSection
EndGlobal
