
Microsoft Visual Studio Solution File, Format Version 12.00
# Visual Studio Version 17
VisualStudioVersion = 17.4.33205.214
MinimumVisualStudioVersion = 10.0.40219.1
Project("{8BC9CEB8-8B4A-11D0-8D11-00A0C91BC942}") = "Chuyen_De_De_Quy", "Chuyen_De_De_Quy\Chuyen_De_De_Quy.vcxproj", "{761C2E8E-2BF5-4B4E-98D0-A3CCAC3B78AC}"
EndProject
Project("{8BC9CEB8-8B4A-11D0-8D11-00A0C91BC942}") = "Bai_006", "Bai_006\Bai_006.vcxproj", "{99DEDA24-4038-4F3A-8000-38DCFBA08AE7}"
EndProject
Project("{8BC9CEB8-8B4A-11D0-8D11-00A0C91BC942}") = "Bai_012", "Bai_012\Bai_012.vcxproj", "{E968C783-B26E-4796-B800-D82DB4E063C8}"
EndProject
Project("{8BC9CEB8-8B4A-11D0-8D11-00A0C91BC942}") = "Bai_018", "Bai_018\Bai_018.vcxproj", "{805766A9-48A7-453F-97E3-D2F2D42B7D63}"
EndProject
Project("{8BC9CEB8-8B4A-11D0-8D11-00A0C91BC942}") = "Bai_024", "Bai_024\Bai_024.vcxproj", "{0E9535CF-5E07-4E87-BE70-85231A7D8DF0}"
EndProject
Project("{8BC9CEB8-8B4A-11D0-8D11-00A0C91BC942}") = "Bai_030", "Bai_030\Bai_030.vcxproj", "{0F1F284B-F477-4F0A-9940-682A22D77FAE}"
EndProject
Project("{8BC9CEB8-8B4A-11D0-8D11-00A0C91BC942}") = "Bai_036", "Bai_036\Bai_036.vcxproj", "{15E19677-A8C5-4883-86FA-CD35683EBACE}"
EndProject
Project("{8BC9CEB8-8B4A-11D0-8D11-00A0C91BC942}") = "Bai_042", "Bai_042\Bai_042.vcxproj", "{703DAAE1-35CF-4980-9EF6-DBA2F8FE013E}"
EndProject
Project("{8BC9CEB8-8B4A-11D0-8D11-00A0C91BC942}") = "Bai_048", "Bai_048\Bai_048.vcxproj", "{421DC66F-5D47-49B0-801A-A250DDF18807}"
EndProject
Project("{8BC9CEB8-8B4A-11D0-8D11-00A0C91BC942}") = "Bai_054", "Bai_054\Bai_054.vcxproj", "{2BAA57C8-D089-47AE-86A1-2EB5F75757FF}"
EndProject
Project("{8BC9CEB8-8B4A-11D0-8D11-00A0C91BC942}") = "Bai_060", "Bai_060\Bai_060.vcxproj", "{75AA1754-4050-4748-82E3-CC1003F36C24}"
EndProject
Project("{8BC9CEB8-8B4A-11D0-8D11-00A0C91BC942}") = "Bai_066", "Bai_066\Bai_066.vcxproj", "{B56089AB-397E-4424-AF71-AC36FB730BBD}"
EndProject
Project("{8BC9CEB8-8B4A-11D0-8D11-00A0C91BC942}") = "Bai_072", "Bai_072\Bai_072.vcxproj", "{3192F9BE-39D4-411E-8BC4-2AF49070A7BE}"
EndProject
Project("{8BC9CEB8-8B4A-11D0-8D11-00A0C91BC942}") = "Bai_078", "Bai_078\Bai_078.vcxproj", "{5DCB6290-9A3B-47B4-AF75-9BCB3FD0E278}"
EndProject
Project("{8BC9CEB8-8B4A-11D0-8D11-00A0C91BC942}") = "Bai_084", "Bai_084\Bai_084.vcxproj", "{D70A4E4A-A630-4F10-9AA2-03A242AB645A}"
EndProject
Project("{8BC9CEB8-8B4A-11D0-8D11-00A0C91BC942}") = "Bai_090", "Bai_090\Bai_090.vcxproj", "{4A1A8D67-23E5-4B55-9A8D-9F7B75E2457D}"
EndProject
Project("{8BC9CEB8-8B4A-11D0-8D11-00A0C91BC942}") = "Bai_096", "Bai_096\Bai_096.vcxproj", "{15749678-D886-402F-95B1-4EE79E12A531}"
EndProject
Project("{8BC9CEB8-8B4A-11D0-8D11-00A0C91BC942}") = "Bai_102", "Bai_102\Bai_102.vcxproj", "{3BA06DB9-771A-45C5-8840-D27F200494A3}"
EndProject
Project("{8BC9CEB8-8B4A-11D0-8D11-00A0C91BC942}") = "Bai_108", "Bai_108\Bai_108.vcxproj", "{D41105A4-9B68-454C-9023-447B785BBB0D}"
EndProject
Project("{8BC9CEB8-8B4A-11D0-8D11-00A0C91BC942}") = "Bai_114", "Bai_114\Bai_114.vcxproj", "{E3623EC8-1437-4A22-8EDE-CDC730DEB982}"
EndProject
Project("{8BC9CEB8-8B4A-11D0-8D11-00A0C91BC942}") = "Bai_120", "Bai_120\Bai_120.vcxproj", "{C2E5727A-E952-4F0C-9053-7EE053228D3A}"
EndProject
Project("{8BC9CEB8-8B4A-11D0-8D11-00A0C91BC942}") = "Bai_126", "Bai_126\Bai_126.vcxproj", "{0B120063-13D3-4A23-A809-A23988506D75}"
EndProject
Project("{8BC9CEB8-8B4A-11D0-8D11-00A0C91BC942}") = "Bai_132", "Bai_132\Bai_132.vcxproj", "{64A30893-60F2-4B45-8040-D6DBE3871B9B}"
EndProject
Project("{8BC9CEB8-8B4A-11D0-8D11-00A0C91BC942}") = "Bai_138", "Bai_138\Bai_138.vcxproj", "{461268E7-140A-42A2-9209-A15E8E4A470D}"
EndProject
Project("{8BC9CEB8-8B4A-11D0-8D11-00A0C91BC942}") = "Bai_144", "Bai_144\Bai_144.vcxproj", "{658FE122-C5D2-4D82-8F74-7E992022C756}"
EndProject
Project("{8BC9CEB8-8B4A-11D0-8D11-00A0C91BC942}") = "Bai_150", "Bai_150\Bai_150.vcxproj", "{B2496592-C4DC-49A4-95F7-3ABADD7F28A5}"
EndProject
Project("{8BC9CEB8-8B4A-11D0-8D11-00A0C91BC942}") = "Bai_156", "Bai_156\Bai_156.vcxproj", "{D4915A04-E6E5-43D2-9FE0-8FC34B453A89}"
EndProject
Project("{8BC9CEB8-8B4A-11D0-8D11-00A0C91BC942}") = "Bai_162", "Bai_162\Bai_162.vcxproj", "{376BAE0C-8D3E-4F13-9E65-8AF556CF9884}"
EndProject
Project("{8BC9CEB8-8B4A-11D0-8D11-00A0C91BC942}") = "Bai_168", "Bai_168\Bai_168.vcxproj", "{032603F1-4AD4-4A36-B341-FB0A833D53F4}"
EndProject
Project("{8BC9CEB8-8B4A-11D0-8D11-00A0C91BC942}") = "Bai_174", "Bai_174\Bai_174.vcxproj", "{300F0F9C-F67E-41EA-B2B5-CADB8883B93A}"
EndProject
Project("{8BC9CEB8-8B4A-11D0-8D11-00A0C91BC942}") = "Bai_180", "Bai_180\Bai_180.vcxproj", "{AC881E2B-C587-4CD5-B8C5-B731767F0D68}"
EndProject
Project("{8BC9CEB8-8B4A-11D0-8D11-00A0C91BC942}") = "Bai_186", "Bai_186\Bai_186.vcxproj", "{329B0ED7-F70C-48F3-83FD-EB2C4E2A7055}"
EndProject
Project("{8BC9CEB8-8B4A-11D0-8D11-00A0C91BC942}") = "Bai_192", "Bai_192\Bai_192.vcxproj", "{4070F670-94C6-473E-8366-CEFDD6564C2A}"
EndProject
Project("{8BC9CEB8-8B4A-11D0-8D11-00A0C91BC942}") = "Bai_198", "Bai_198\Bai_198.vcxproj", "{32FB5D7A-3F56-471F-A3B0-20FD7608762D}"
EndProject
Project("{8BC9CEB8-8B4A-11D0-8D11-00A0C91BC942}") = "Bai_204", "Bai_204\Bai_204.vcxproj", "{85B28AE9-69DF-4B62-BBC2-4029D83B19F3}"
EndProject
Project("{8BC9CEB8-8B4A-11D0-8D11-00A0C91BC942}") = "Bai_210", "Bai_210\Bai_210.vcxproj", "{AEF7543D-BC73-4938-B5DF-9DB56F8A3285}"
EndProject
Project("{8BC9CEB8-8B4A-11D0-8D11-00A0C91BC942}") = "Bai_216", "Bai_216\Bai_216.vcxproj", "{7BAA5AE0-19B1-4269-BA8A-F91E43A5413B}"
EndProject
Project("{8BC9CEB8-8B4A-11D0-8D11-00A0C91BC942}") = "Bai_222", "Bai_222\Bai_222.vcxproj", "{EE10FBFC-07EB-4125-948E-3463581A7F91}"
EndProject
Project("{8BC9CEB8-8B4A-11D0-8D11-00A0C91BC942}") = "Bai_228", "Bai_228\Bai_228.vcxproj", "{10825A9D-F07E-4883-89FD-4F41390E66FD}"
EndProject
Project("{8BC9CEB8-8B4A-11D0-8D11-00A0C91BC942}") = "Bai_234", "Bai_234\Bai_234.vcxproj", "{60003561-1965-4767-99F3-2AB828E9D00A}"
EndProject
Project("{8BC9CEB8-8B4A-11D0-8D11-00A0C91BC942}") = "Bai_240", "Bai_240\Bai_240.vcxproj", "{24FE32B2-515B-47D9-9361-F09158C5BDF5}"
EndProject
Project("{8BC9CEB8-8B4A-11D0-8D11-00A0C91BC942}") = "Bai_246", "Bai_246\Bai_246.vcxproj", "{F8AF4BA7-ED49-4E69-8FDC-F0421F4A0FF8}"
EndProject
Project("{8BC9CEB8-8B4A-11D0-8D11-00A0C91BC942}") = "Bai_252", "Bai_252\Bai_252.vcxproj", "{3A9C4861-8114-400F-8881-CB4D2B9589B6}"
EndProject
Project("{8BC9CEB8-8B4A-11D0-8D11-00A0C91BC942}") = "Bai_258", "Bai_258\Bai_258.vcxproj", "{51648D3C-C361-47E1-8A1F-4E87223BE491}"
EndProject
Project("{8BC9CEB8-8B4A-11D0-8D11-00A0C91BC942}") = "Bai_264", "Bai_264\Bai_264.vcxproj", "{3B78DC1D-A6DF-4210-A20D-4FB692D9AC3F}"
EndProject
Project("{8BC9CEB8-8B4A-11D0-8D11-00A0C91BC942}") = "Bai_270", "Bai_270\Bai_270.vcxproj", "{84A8EFAC-58CE-451A-8904-76B2CAF0CC6C}"
EndProject
Project("{8BC9CEB8-8B4A-11D0-8D11-00A0C91BC942}") = "Bai_276", "Bai_276\Bai_276.vcxproj", "{A206B7B5-44CE-4405-80A5-CB558DF482B9}"
EndProject
Project("{8BC9CEB8-8B4A-11D0-8D11-00A0C91BC942}") = "Bai_282", "Bai_282\Bai_282.vcxproj", "{E6BEA06A-946A-4BA7-B125-476E5E46D8A6}"
EndProject
Project("{8BC9CEB8-8B4A-11D0-8D11-00A0C91BC942}") = "Bai_288", "Bai_288\Bai_288.vcxproj", "{49A57A15-043B-4D9E-96D1-6B02CB922A6F}"
EndProject
Global
	GlobalSection(SolutionConfigurationPlatforms) = preSolution
		Debug|x64 = Debug|x64
		Debug|x86 = Debug|x86
		Release|x64 = Release|x64
		Release|x86 = Release|x86
	EndGlobalSection
	GlobalSection(ProjectConfigurationPlatforms) = postSolution
		{761C2E8E-2BF5-4B4E-98D0-A3CCAC3B78AC}.Debug|x64.ActiveCfg = Debug|x64
		{761C2E8E-2BF5-4B4E-98D0-A3CCAC3B78AC}.Debug|x64.Build.0 = Debug|x64
		{761C2E8E-2BF5-4B4E-98D0-A3CCAC3B78AC}.Debug|x86.ActiveCfg = Debug|Win32
		{761C2E8E-2BF5-4B4E-98D0-A3CCAC3B78AC}.Debug|x86.Build.0 = Debug|Win32
		{761C2E8E-2BF5-4B4E-98D0-A3CCAC3B78AC}.Release|x64.ActiveCfg = Release|x64
		{761C2E8E-2BF5-4B4E-98D0-A3CCAC3B78AC}.Release|x64.Build.0 = Release|x64
		{761C2E8E-2BF5-4B4E-98D0-A3CCAC3B78AC}.Release|x86.ActiveCfg = Release|Win32
		{761C2E8E-2BF5-4B4E-98D0-A3CCAC3B78AC}.Release|x86.Build.0 = Release|Win32
		{99DEDA24-4038-4F3A-8000-38DCFBA08AE7}.Debug|x64.ActiveCfg = Debug|x64
		{99DEDA24-4038-4F3A-8000-38DCFBA08AE7}.Debug|x64.Build.0 = Debug|x64
		{99DEDA24-4038-4F3A-8000-38DCFBA08AE7}.Debug|x86.ActiveCfg = Debug|Win32
		{99DEDA24-4038-4F3A-8000-38DCFBA08AE7}.Debug|x86.Build.0 = Debug|Win32
		{99DEDA24-4038-4F3A-8000-38DCFBA08AE7}.Release|x64.ActiveCfg = Release|x64
		{99DEDA24-4038-4F3A-8000-38DCFBA08AE7}.Release|x64.Build.0 = Release|x64
		{99DEDA24-4038-4F3A-8000-38DCFBA08AE7}.Release|x86.ActiveCfg = Release|Win32
		{99DEDA24-4038-4F3A-8000-38DCFBA08AE7}.Release|x86.Build.0 = Release|Win32
		{E968C783-B26E-4796-B800-D82DB4E063C8}.Debug|x64.ActiveCfg = Debug|x64
		{E968C783-B26E-4796-B800-D82DB4E063C8}.Debug|x64.Build.0 = Debug|x64
		{E968C783-B26E-4796-B800-D82DB4E063C8}.Debug|x86.ActiveCfg = Debug|Win32
		{E968C783-B26E-4796-B800-D82DB4E063C8}.Debug|x86.Build.0 = Debug|Win32
		{E968C783-B26E-4796-B800-D82DB4E063C8}.Release|x64.ActiveCfg = Release|x64
		{E968C783-B26E-4796-B800-D82DB4E063C8}.Release|x64.Build.0 = Release|x64
		{E968C783-B26E-4796-B800-D82DB4E063C8}.Release|x86.ActiveCfg = Release|Win32
		{E968C783-B26E-4796-B800-D82DB4E063C8}.Release|x86.Build.0 = Release|Win32
		{805766A9-48A7-453F-97E3-D2F2D42B7D63}.Debug|x64.ActiveCfg = Debug|x64
		{805766A9-48A7-453F-97E3-D2F2D42B7D63}.Debug|x64.Build.0 = Debug|x64
		{805766A9-48A7-453F-97E3-D2F2D42B7D63}.Debug|x86.ActiveCfg = Debug|Win32
		{805766A9-48A7-453F-97E3-D2F2D42B7D63}.Debug|x86.Build.0 = Debug|Win32
		{805766A9-48A7-453F-97E3-D2F2D42B7D63}.Release|x64.ActiveCfg = Release|x64
		{805766A9-48A7-453F-97E3-D2F2D42B7D63}.Release|x64.Build.0 = Release|x64
		{805766A9-48A7-453F-97E3-D2F2D42B7D63}.Release|x86.ActiveCfg = Release|Win32
		{805766A9-48A7-453F-97E3-D2F2D42B7D63}.Release|x86.Build.0 = Release|Win32
		{0E9535CF-5E07-4E87-BE70-85231A7D8DF0}.Debug|x64.ActiveCfg = Debug|x64
		{0E9535CF-5E07-4E87-BE70-85231A7D8DF0}.Debug|x64.Build.0 = Debug|x64
		{0E9535CF-5E07-4E87-BE70-85231A7D8DF0}.Debug|x86.ActiveCfg = Debug|Win32
		{0E9535CF-5E07-4E87-BE70-85231A7D8DF0}.Debug|x86.Build.0 = Debug|Win32
		{0E9535CF-5E07-4E87-BE70-85231A7D8DF0}.Release|x64.ActiveCfg = Release|x64
		{0E9535CF-5E07-4E87-BE70-85231A7D8DF0}.Release|x64.Build.0 = Release|x64
		{0E9535CF-5E07-4E87-BE70-85231A7D8DF0}.Release|x86.ActiveCfg = Release|Win32
		{0E9535CF-5E07-4E87-BE70-85231A7D8DF0}.Release|x86.Build.0 = Release|Win32
		{0F1F284B-F477-4F0A-9940-682A22D77FAE}.Debug|x64.ActiveCfg = Debug|x64
		{0F1F284B-F477-4F0A-9940-682A22D77FAE}.Debug|x64.Build.0 = Debug|x64
		{0F1F284B-F477-4F0A-9940-682A22D77FAE}.Debug|x86.ActiveCfg = Debug|Win32
		{0F1F284B-F477-4F0A-9940-682A22D77FAE}.Debug|x86.Build.0 = Debug|Win32
		{0F1F284B-F477-4F0A-9940-682A22D77FAE}.Release|x64.ActiveCfg = Release|x64
		{0F1F284B-F477-4F0A-9940-682A22D77FAE}.Release|x64.Build.0 = Release|x64
		{0F1F284B-F477-4F0A-9940-682A22D77FAE}.Release|x86.ActiveCfg = Release|Win32
		{0F1F284B-F477-4F0A-9940-682A22D77FAE}.Release|x86.Build.0 = Release|Win32
		{15E19677-A8C5-4883-86FA-CD35683EBACE}.Debug|x64.ActiveCfg = Debug|x64
		{15E19677-A8C5-4883-86FA-CD35683EBACE}.Debug|x64.Build.0 = Debug|x64
		{15E19677-A8C5-4883-86FA-CD35683EBACE}.Debug|x86.ActiveCfg = Debug|Win32
		{15E19677-A8C5-4883-86FA-CD35683EBACE}.Debug|x86.Build.0 = Debug|Win32
		{15E19677-A8C5-4883-86FA-CD35683EBACE}.Release|x64.ActiveCfg = Release|x64
		{15E19677-A8C5-4883-86FA-CD35683EBACE}.Release|x64.Build.0 = Release|x64
		{15E19677-A8C5-4883-86FA-CD35683EBACE}.Release|x86.ActiveCfg = Release|Win32
		{15E19677-A8C5-4883-86FA-CD35683EBACE}.Release|x86.Build.0 = Release|Win32
		{703DAAE1-35CF-4980-9EF6-DBA2F8FE013E}.Debug|x64.ActiveCfg = Debug|x64
		{703DAAE1-35CF-4980-9EF6-DBA2F8FE013E}.Debug|x64.Build.0 = Debug|x64
		{703DAAE1-35CF-4980-9EF6-DBA2F8FE013E}.Debug|x86.ActiveCfg = Debug|Win32
		{703DAAE1-35CF-4980-9EF6-DBA2F8FE013E}.Debug|x86.Build.0 = Debug|Win32
		{703DAAE1-35CF-4980-9EF6-DBA2F8FE013E}.Release|x64.ActiveCfg = Release|x64
		{703DAAE1-35CF-4980-9EF6-DBA2F8FE013E}.Release|x64.Build.0 = Release|x64
		{703DAAE1-35CF-4980-9EF6-DBA2F8FE013E}.Release|x86.ActiveCfg = Release|Win32
		{703DAAE1-35CF-4980-9EF6-DBA2F8FE013E}.Release|x86.Build.0 = Release|Win32
		{421DC66F-5D47-49B0-801A-A250DDF18807}.Debug|x64.ActiveCfg = Debug|x64
		{421DC66F-5D47-49B0-801A-A250DDF18807}.Debug|x64.Build.0 = Debug|x64
		{421DC66F-5D47-49B0-801A-A250DDF18807}.Debug|x86.ActiveCfg = Debug|Win32
		{421DC66F-5D47-49B0-801A-A250DDF18807}.Debug|x86.Build.0 = Debug|Win32
		{421DC66F-5D47-49B0-801A-A250DDF18807}.Release|x64.ActiveCfg = Release|x64
		{421DC66F-5D47-49B0-801A-A250DDF18807}.Release|x64.Build.0 = Release|x64
		{421DC66F-5D47-49B0-801A-A250DDF18807}.Release|x86.ActiveCfg = Release|Win32
		{421DC66F-5D47-49B0-801A-A250DDF18807}.Release|x86.Build.0 = Release|Win32
		{2BAA57C8-D089-47AE-86A1-2EB5F75757FF}.Debug|x64.ActiveCfg = Debug|x64
		{2BAA57C8-D089-47AE-86A1-2EB5F75757FF}.Debug|x64.Build.0 = Debug|x64
		{2BAA57C8-D089-47AE-86A1-2EB5F75757FF}.Debug|x86.ActiveCfg = Debug|Win32
		{2BAA57C8-D089-47AE-86A1-2EB5F75757FF}.Debug|x86.Build.0 = Debug|Win32
		{2BAA57C8-D089-47AE-86A1-2EB5F75757FF}.Release|x64.ActiveCfg = Release|x64
		{2BAA57C8-D089-47AE-86A1-2EB5F75757FF}.Release|x64.Build.0 = Release|x64
		{2BAA57C8-D089-47AE-86A1-2EB5F75757FF}.Release|x86.ActiveCfg = Release|Win32
		{2BAA57C8-D089-47AE-86A1-2EB5F75757FF}.Release|x86.Build.0 = Release|Win32
		{75AA1754-4050-4748-82E3-CC1003F36C24}.Debug|x64.ActiveCfg = Debug|x64
		{75AA1754-4050-4748-82E3-CC1003F36C24}.Debug|x64.Build.0 = Debug|x64
		{75AA1754-4050-4748-82E3-CC1003F36C24}.Debug|x86.ActiveCfg = Debug|Win32
		{75AA1754-4050-4748-82E3-CC1003F36C24}.Debug|x86.Build.0 = Debug|Win32
		{75AA1754-4050-4748-82E3-CC1003F36C24}.Release|x64.ActiveCfg = Release|x64
		{75AA1754-4050-4748-82E3-CC1003F36C24}.Release|x64.Build.0 = Release|x64
		{75AA1754-4050-4748-82E3-CC1003F36C24}.Release|x86.ActiveCfg = Release|Win32
		{75AA1754-4050-4748-82E3-CC1003F36C24}.Release|x86.Build.0 = Release|Win32
		{B56089AB-397E-4424-AF71-AC36FB730BBD}.Debug|x64.ActiveCfg = Debug|x64
		{B56089AB-397E-4424-AF71-AC36FB730BBD}.Debug|x64.Build.0 = Debug|x64
		{B56089AB-397E-4424-AF71-AC36FB730BBD}.Debug|x86.ActiveCfg = Debug|Win32
		{B56089AB-397E-4424-AF71-AC36FB730BBD}.Debug|x86.Build.0 = Debug|Win32
		{B56089AB-397E-4424-AF71-AC36FB730BBD}.Release|x64.ActiveCfg = Release|x64
		{B56089AB-397E-4424-AF71-AC36FB730BBD}.Release|x64.Build.0 = Release|x64
		{B56089AB-397E-4424-AF71-AC36FB730BBD}.Release|x86.ActiveCfg = Release|Win32
		{B56089AB-397E-4424-AF71-AC36FB730BBD}.Release|x86.Build.0 = Release|Win32
		{3192F9BE-39D4-411E-8BC4-2AF49070A7BE}.Debug|x64.ActiveCfg = Debug|x64
		{3192F9BE-39D4-411E-8BC4-2AF49070A7BE}.Debug|x64.Build.0 = Debug|x64
		{3192F9BE-39D4-411E-8BC4-2AF49070A7BE}.Debug|x86.ActiveCfg = Debug|Win32
		{3192F9BE-39D4-411E-8BC4-2AF49070A7BE}.Debug|x86.Build.0 = Debug|Win32
		{3192F9BE-39D4-411E-8BC4-2AF49070A7BE}.Release|x64.ActiveCfg = Release|x64
		{3192F9BE-39D4-411E-8BC4-2AF49070A7BE}.Release|x64.Build.0 = Release|x64
		{3192F9BE-39D4-411E-8BC4-2AF49070A7BE}.Release|x86.ActiveCfg = Release|Win32
		{3192F9BE-39D4-411E-8BC4-2AF49070A7BE}.Release|x86.Build.0 = Release|Win32
		{5DCB6290-9A3B-47B4-AF75-9BCB3FD0E278}.Debug|x64.ActiveCfg = Debug|x64
		{5DCB6290-9A3B-47B4-AF75-9BCB3FD0E278}.Debug|x64.Build.0 = Debug|x64
		{5DCB6290-9A3B-47B4-AF75-9BCB3FD0E278}.Debug|x86.ActiveCfg = Debug|Win32
		{5DCB6290-9A3B-47B4-AF75-9BCB3FD0E278}.Debug|x86.Build.0 = Debug|Win32
		{5DCB6290-9A3B-47B4-AF75-9BCB3FD0E278}.Release|x64.ActiveCfg = Release|x64
		{5DCB6290-9A3B-47B4-AF75-9BCB3FD0E278}.Release|x64.Build.0 = Release|x64
		{5DCB6290-9A3B-47B4-AF75-9BCB3FD0E278}.Release|x86.ActiveCfg = Release|Win32
		{5DCB6290-9A3B-47B4-AF75-9BCB3FD0E278}.Release|x86.Build.0 = Release|Win32
		{D70A4E4A-A630-4F10-9AA2-03A242AB645A}.Debug|x64.ActiveCfg = Debug|x64
		{D70A4E4A-A630-4F10-9AA2-03A242AB645A}.Debug|x64.Build.0 = Debug|x64
		{D70A4E4A-A630-4F10-9AA2-03A242AB645A}.Debug|x86.ActiveCfg = Debug|Win32
		{D70A4E4A-A630-4F10-9AA2-03A242AB645A}.Debug|x86.Build.0 = Debug|Win32
		{D70A4E4A-A630-4F10-9AA2-03A242AB645A}.Release|x64.ActiveCfg = Release|x64
		{D70A4E4A-A630-4F10-9AA2-03A242AB645A}.Release|x64.Build.0 = Release|x64
		{D70A4E4A-A630-4F10-9AA2-03A242AB645A}.Release|x86.ActiveCfg = Release|Win32
		{D70A4E4A-A630-4F10-9AA2-03A242AB645A}.Release|x86.Build.0 = Release|Win32
		{4A1A8D67-23E5-4B55-9A8D-9F7B75E2457D}.Debug|x64.ActiveCfg = Debug|x64
		{4A1A8D67-23E5-4B55-9A8D-9F7B75E2457D}.Debug|x64.Build.0 = Debug|x64
		{4A1A8D67-23E5-4B55-9A8D-9F7B75E2457D}.Debug|x86.ActiveCfg = Debug|Win32
		{4A1A8D67-23E5-4B55-9A8D-9F7B75E2457D}.Debug|x86.Build.0 = Debug|Win32
		{4A1A8D67-23E5-4B55-9A8D-9F7B75E2457D}.Release|x64.ActiveCfg = Release|x64
		{4A1A8D67-23E5-4B55-9A8D-9F7B75E2457D}.Release|x64.Build.0 = Release|x64
		{4A1A8D67-23E5-4B55-9A8D-9F7B75E2457D}.Release|x86.ActiveCfg = Release|Win32
		{4A1A8D67-23E5-4B55-9A8D-9F7B75E2457D}.Release|x86.Build.0 = Release|Win32
		{15749678-D886-402F-95B1-4EE79E12A531}.Debug|x64.ActiveCfg = Debug|x64
		{15749678-D886-402F-95B1-4EE79E12A531}.Debug|x64.Build.0 = Debug|x64
		{15749678-D886-402F-95B1-4EE79E12A531}.Debug|x86.ActiveCfg = Debug|Win32
		{15749678-D886-402F-95B1-4EE79E12A531}.Debug|x86.Build.0 = Debug|Win32
		{15749678-D886-402F-95B1-4EE79E12A531}.Release|x64.ActiveCfg = Release|x64
		{15749678-D886-402F-95B1-4EE79E12A531}.Release|x64.Build.0 = Release|x64
		{15749678-D886-402F-95B1-4EE79E12A531}.Release|x86.ActiveCfg = Release|Win32
		{15749678-D886-402F-95B1-4EE79E12A531}.Release|x86.Build.0 = Release|Win32
		{3BA06DB9-771A-45C5-8840-D27F200494A3}.Debug|x64.ActiveCfg = Debug|x64
		{3BA06DB9-771A-45C5-8840-D27F200494A3}.Debug|x64.Build.0 = Debug|x64
		{3BA06DB9-771A-45C5-8840-D27F200494A3}.Debug|x86.ActiveCfg = Debug|Win32
		{3BA06DB9-771A-45C5-8840-D27F200494A3}.Debug|x86.Build.0 = Debug|Win32
		{3BA06DB9-771A-45C5-8840-D27F200494A3}.Release|x64.ActiveCfg = Release|x64
		{3BA06DB9-771A-45C5-8840-D27F200494A3}.Release|x64.Build.0 = Release|x64
		{3BA06DB9-771A-45C5-8840-D27F200494A3}.Release|x86.ActiveCfg = Release|Win32
		{3BA06DB9-771A-45C5-8840-D27F200494A3}.Release|x86.Build.0 = Release|Win32
		{D41105A4-9B68-454C-9023-447B785BBB0D}.Debug|x64.ActiveCfg = Debug|x64
		{D41105A4-9B68-454C-9023-447B785BBB0D}.Debug|x64.Build.0 = Debug|x64
		{D41105A4-9B68-454C-9023-447B785BBB0D}.Debug|x86.ActiveCfg = Debug|Win32
		{D41105A4-9B68-454C-9023-447B785BBB0D}.Debug|x86.Build.0 = Debug|Win32
		{D41105A4-9B68-454C-9023-447B785BBB0D}.Release|x64.ActiveCfg = Release|x64
		{D41105A4-9B68-454C-9023-447B785BBB0D}.Release|x64.Build.0 = Release|x64
		{D41105A4-9B68-454C-9023-447B785BBB0D}.Release|x86.ActiveCfg = Release|Win32
		{D41105A4-9B68-454C-9023-447B785BBB0D}.Release|x86.Build.0 = Release|Win32
		{E3623EC8-1437-4A22-8EDE-CDC730DEB982}.Debug|x64.ActiveCfg = Debug|x64
		{E3623EC8-1437-4A22-8EDE-CDC730DEB982}.Debug|x64.Build.0 = Debug|x64
		{E3623EC8-1437-4A22-8EDE-CDC730DEB982}.Debug|x86.ActiveCfg = Debug|Win32
		{E3623EC8-1437-4A22-8EDE-CDC730DEB982}.Debug|x86.Build.0 = Debug|Win32
		{E3623EC8-1437-4A22-8EDE-CDC730DEB982}.Release|x64.ActiveCfg = Release|x64
		{E3623EC8-1437-4A22-8EDE-CDC730DEB982}.Release|x64.Build.0 = Release|x64
		{E3623EC8-1437-4A22-8EDE-CDC730DEB982}.Release|x86.ActiveCfg = Release|Win32
		{E3623EC8-1437-4A22-8EDE-CDC730DEB982}.Release|x86.Build.0 = Release|Win32
		{C2E5727A-E952-4F0C-9053-7EE053228D3A}.Debug|x64.ActiveCfg = Debug|x64
		{C2E5727A-E952-4F0C-9053-7EE053228D3A}.Debug|x64.Build.0 = Debug|x64
		{C2E5727A-E952-4F0C-9053-7EE053228D3A}.Debug|x86.ActiveCfg = Debug|Win32
		{C2E5727A-E952-4F0C-9053-7EE053228D3A}.Debug|x86.Build.0 = Debug|Win32
		{C2E5727A-E952-4F0C-9053-7EE053228D3A}.Release|x64.ActiveCfg = Release|x64
		{C2E5727A-E952-4F0C-9053-7EE053228D3A}.Release|x64.Build.0 = Release|x64
		{C2E5727A-E952-4F0C-9053-7EE053228D3A}.Release|x86.ActiveCfg = Release|Win32
		{C2E5727A-E952-4F0C-9053-7EE053228D3A}.Release|x86.Build.0 = Release|Win32
		{0B120063-13D3-4A23-A809-A23988506D75}.Debug|x64.ActiveCfg = Debug|x64
		{0B120063-13D3-4A23-A809-A23988506D75}.Debug|x64.Build.0 = Debug|x64
		{0B120063-13D3-4A23-A809-A23988506D75}.Debug|x86.ActiveCfg = Debug|Win32
		{0B120063-13D3-4A23-A809-A23988506D75}.Debug|x86.Build.0 = Debug|Win32
		{0B120063-13D3-4A23-A809-A23988506D75}.Release|x64.ActiveCfg = Release|x64
		{0B120063-13D3-4A23-A809-A23988506D75}.Release|x64.Build.0 = Release|x64
		{0B120063-13D3-4A23-A809-A23988506D75}.Release|x86.ActiveCfg = Release|Win32
		{0B120063-13D3-4A23-A809-A23988506D75}.Release|x86.Build.0 = Release|Win32
		{64A30893-60F2-4B45-8040-D6DBE3871B9B}.Debug|x64.ActiveCfg = Debug|x64
		{64A30893-60F2-4B45-8040-D6DBE3871B9B}.Debug|x64.Build.0 = Debug|x64
		{64A30893-60F2-4B45-8040-D6DBE3871B9B}.Debug|x86.ActiveCfg = Debug|Win32
		{64A30893-60F2-4B45-8040-D6DBE3871B9B}.Debug|x86.Build.0 = Debug|Win32
		{64A30893-60F2-4B45-8040-D6DBE3871B9B}.Release|x64.ActiveCfg = Release|x64
		{64A30893-60F2-4B45-8040-D6DBE3871B9B}.Release|x64.Build.0 = Release|x64
		{64A30893-60F2-4B45-8040-D6DBE3871B9B}.Release|x86.ActiveCfg = Release|Win32
		{64A30893-60F2-4B45-8040-D6DBE3871B9B}.Release|x86.Build.0 = Release|Win32
		{461268E7-140A-42A2-9209-A15E8E4A470D}.Debug|x64.ActiveCfg = Debug|x64
		{461268E7-140A-42A2-9209-A15E8E4A470D}.Debug|x64.Build.0 = Debug|x64
		{461268E7-140A-42A2-9209-A15E8E4A470D}.Debug|x86.ActiveCfg = Debug|Win32
		{461268E7-140A-42A2-9209-A15E8E4A470D}.Debug|x86.Build.0 = Debug|Win32
		{461268E7-140A-42A2-9209-A15E8E4A470D}.Release|x64.ActiveCfg = Release|x64
		{461268E7-140A-42A2-9209-A15E8E4A470D}.Release|x64.Build.0 = Release|x64
		{461268E7-140A-42A2-9209-A15E8E4A470D}.Release|x86.ActiveCfg = Release|Win32
		{461268E7-140A-42A2-9209-A15E8E4A470D}.Release|x86.Build.0 = Release|Win32
		{658FE122-C5D2-4D82-8F74-7E992022C756}.Debug|x64.ActiveCfg = Debug|x64
		{658FE122-C5D2-4D82-8F74-7E992022C756}.Debug|x64.Build.0 = Debug|x64
		{658FE122-C5D2-4D82-8F74-7E992022C756}.Debug|x86.ActiveCfg = Debug|Win32
		{658FE122-C5D2-4D82-8F74-7E992022C756}.Debug|x86.Build.0 = Debug|Win32
		{658FE122-C5D2-4D82-8F74-7E992022C756}.Release|x64.ActiveCfg = Release|x64
		{658FE122-C5D2-4D82-8F74-7E992022C756}.Release|x64.Build.0 = Release|x64
		{658FE122-C5D2-4D82-8F74-7E992022C756}.Release|x86.ActiveCfg = Release|Win32
		{658FE122-C5D2-4D82-8F74-7E992022C756}.Release|x86.Build.0 = Release|Win32
		{B2496592-C4DC-49A4-95F7-3ABADD7F28A5}.Debug|x64.ActiveCfg = Debug|x64
		{B2496592-C4DC-49A4-95F7-3ABADD7F28A5}.Debug|x64.Build.0 = Debug|x64
		{B2496592-C4DC-49A4-95F7-3ABADD7F28A5}.Debug|x86.ActiveCfg = Debug|Win32
		{B2496592-C4DC-49A4-95F7-3ABADD7F28A5}.Debug|x86.Build.0 = Debug|Win32
		{B2496592-C4DC-49A4-95F7-3ABADD7F28A5}.Release|x64.ActiveCfg = Release|x64
		{B2496592-C4DC-49A4-95F7-3ABADD7F28A5}.Release|x64.Build.0 = Release|x64
		{B2496592-C4DC-49A4-95F7-3ABADD7F28A5}.Release|x86.ActiveCfg = Release|Win32
		{B2496592-C4DC-49A4-95F7-3ABADD7F28A5}.Release|x86.Build.0 = Release|Win32
		{D4915A04-E6E5-43D2-9FE0-8FC34B453A89}.Debug|x64.ActiveCfg = Debug|x64
		{D4915A04-E6E5-43D2-9FE0-8FC34B453A89}.Debug|x64.Build.0 = Debug|x64
		{D4915A04-E6E5-43D2-9FE0-8FC34B453A89}.Debug|x86.ActiveCfg = Debug|Win32
		{D4915A04-E6E5-43D2-9FE0-8FC34B453A89}.Debug|x86.Build.0 = Debug|Win32
		{D4915A04-E6E5-43D2-9FE0-8FC34B453A89}.Release|x64.ActiveCfg = Release|x64
		{D4915A04-E6E5-43D2-9FE0-8FC34B453A89}.Release|x64.Build.0 = Release|x64
		{D4915A04-E6E5-43D2-9FE0-8FC34B453A89}.Release|x86.ActiveCfg = Release|Win32
		{D4915A04-E6E5-43D2-9FE0-8FC34B453A89}.Release|x86.Build.0 = Release|Win32
		{376BAE0C-8D3E-4F13-9E65-8AF556CF9884}.Debug|x64.ActiveCfg = Debug|x64
		{376BAE0C-8D3E-4F13-9E65-8AF556CF9884}.Debug|x64.Build.0 = Debug|x64
		{376BAE0C-8D3E-4F13-9E65-8AF556CF9884}.Debug|x86.ActiveCfg = Debug|Win32
		{376BAE0C-8D3E-4F13-9E65-8AF556CF9884}.Debug|x86.Build.0 = Debug|Win32
		{376BAE0C-8D3E-4F13-9E65-8AF556CF9884}.Release|x64.ActiveCfg = Release|x64
		{376BAE0C-8D3E-4F13-9E65-8AF556CF9884}.Release|x64.Build.0 = Release|x64
		{376BAE0C-8D3E-4F13-9E65-8AF556CF9884}.Release|x86.ActiveCfg = Release|Win32
		{376BAE0C-8D3E-4F13-9E65-8AF556CF9884}.Release|x86.Build.0 = Release|Win32
		{032603F1-4AD4-4A36-B341-FB0A833D53F4}.Debug|x64.ActiveCfg = Debug|x64
		{032603F1-4AD4-4A36-B341-FB0A833D53F4}.Debug|x64.Build.0 = Debug|x64
		{032603F1-4AD4-4A36-B341-FB0A833D53F4}.Debug|x86.ActiveCfg = Debug|Win32
		{032603F1-4AD4-4A36-B341-FB0A833D53F4}.Debug|x86.Build.0 = Debug|Win32
		{032603F1-4AD4-4A36-B341-FB0A833D53F4}.Release|x64.ActiveCfg = Release|x64
		{032603F1-4AD4-4A36-B341-FB0A833D53F4}.Release|x64.Build.0 = Release|x64
		{032603F1-4AD4-4A36-B341-FB0A833D53F4}.Release|x86.ActiveCfg = Release|Win32
		{032603F1-4AD4-4A36-B341-FB0A833D53F4}.Release|x86.Build.0 = Release|Win32
		{300F0F9C-F67E-41EA-B2B5-CADB8883B93A}.Debug|x64.ActiveCfg = Debug|x64
		{300F0F9C-F67E-41EA-B2B5-CADB8883B93A}.Debug|x64.Build.0 = Debug|x64
		{300F0F9C-F67E-41EA-B2B5-CADB8883B93A}.Debug|x86.ActiveCfg = Debug|Win32
		{300F0F9C-F67E-41EA-B2B5-CADB8883B93A}.Debug|x86.Build.0 = Debug|Win32
		{300F0F9C-F67E-41EA-B2B5-CADB8883B93A}.Release|x64.ActiveCfg = Release|x64
		{300F0F9C-F67E-41EA-B2B5-CADB8883B93A}.Release|x64.Build.0 = Release|x64
		{300F0F9C-F67E-41EA-B2B5-CADB8883B93A}.Release|x86.ActiveCfg = Release|Win32
		{300F0F9C-F67E-41EA-B2B5-CADB8883B93A}.Release|x86.Build.0 = Release|Win32
		{AC881E2B-C587-4CD5-B8C5-B731767F0D68}.Debug|x64.ActiveCfg = Debug|x64
		{AC881E2B-C587-4CD5-B8C5-B731767F0D68}.Debug|x64.Build.0 = Debug|x64
		{AC881E2B-C587-4CD5-B8C5-B731767F0D68}.Debug|x86.ActiveCfg = Debug|Win32
		{AC881E2B-C587-4CD5-B8C5-B731767F0D68}.Debug|x86.Build.0 = Debug|Win32
		{AC881E2B-C587-4CD5-B8C5-B731767F0D68}.Release|x64.ActiveCfg = Release|x64
		{AC881E2B-C587-4CD5-B8C5-B731767F0D68}.Release|x64.Build.0 = Release|x64
		{AC881E2B-C587-4CD5-B8C5-B731767F0D68}.Release|x86.ActiveCfg = Release|Win32
		{AC881E2B-C587-4CD5-B8C5-B731767F0D68}.Release|x86.Build.0 = Release|Win32
		{329B0ED7-F70C-48F3-83FD-EB2C4E2A7055}.Debug|x64.ActiveCfg = Debug|x64
		{329B0ED7-F70C-48F3-83FD-EB2C4E2A7055}.Debug|x64.Build.0 = Debug|x64
		{329B0ED7-F70C-48F3-83FD-EB2C4E2A7055}.Debug|x86.ActiveCfg = Debug|Win32
		{329B0ED7-F70C-48F3-83FD-EB2C4E2A7055}.Debug|x86.Build.0 = Debug|Win32
		{329B0ED7-F70C-48F3-83FD-EB2C4E2A7055}.Release|x64.ActiveCfg = Release|x64
		{329B0ED7-F70C-48F3-83FD-EB2C4E2A7055}.Release|x64.Build.0 = Release|x64
		{329B0ED7-F70C-48F3-83FD-EB2C4E2A7055}.Release|x86.ActiveCfg = Release|Win32
		{329B0ED7-F70C-48F3-83FD-EB2C4E2A7055}.Release|x86.Build.0 = Release|Win32
		{4070F670-94C6-473E-8366-CEFDD6564C2A}.Debug|x64.ActiveCfg = Debug|x64
		{4070F670-94C6-473E-8366-CEFDD6564C2A}.Debug|x64.Build.0 = Debug|x64
		{4070F670-94C6-473E-8366-CEFDD6564C2A}.Debug|x86.ActiveCfg = Debug|Win32
		{4070F670-94C6-473E-8366-CEFDD6564C2A}.Debug|x86.Build.0 = Debug|Win32
		{4070F670-94C6-473E-8366-CEFDD6564C2A}.Release|x64.ActiveCfg = Release|x64
		{4070F670-94C6-473E-8366-CEFDD6564C2A}.Release|x64.Build.0 = Release|x64
		{4070F670-94C6-473E-8366-CEFDD6564C2A}.Release|x86.ActiveCfg = Release|Win32
		{4070F670-94C6-473E-8366-CEFDD6564C2A}.Release|x86.Build.0 = Release|Win32
		{32FB5D7A-3F56-471F-A3B0-20FD7608762D}.Debug|x64.ActiveCfg = Debug|x64
		{32FB5D7A-3F56-471F-A3B0-20FD7608762D}.Debug|x64.Build.0 = Debug|x64
		{32FB5D7A-3F56-471F-A3B0-20FD7608762D}.Debug|x86.ActiveCfg = Debug|Win32
		{32FB5D7A-3F56-471F-A3B0-20FD7608762D}.Debug|x86.Build.0 = Debug|Win32
		{32FB5D7A-3F56-471F-A3B0-20FD7608762D}.Release|x64.ActiveCfg = Release|x64
		{32FB5D7A-3F56-471F-A3B0-20FD7608762D}.Release|x64.Build.0 = Release|x64
		{32FB5D7A-3F56-471F-A3B0-20FD7608762D}.Release|x86.ActiveCfg = Release|Win32
		{32FB5D7A-3F56-471F-A3B0-20FD7608762D}.Release|x86.Build.0 = Release|Win32
		{85B28AE9-69DF-4B62-BBC2-4029D83B19F3}.Debug|x64.ActiveCfg = Debug|x64
		{85B28AE9-69DF-4B62-BBC2-4029D83B19F3}.Debug|x64.Build.0 = Debug|x64
		{85B28AE9-69DF-4B62-BBC2-4029D83B19F3}.Debug|x86.ActiveCfg = Debug|Win32
		{85B28AE9-69DF-4B62-BBC2-4029D83B19F3}.Debug|x86.Build.0 = Debug|Win32
		{85B28AE9-69DF-4B62-BBC2-4029D83B19F3}.Release|x64.ActiveCfg = Release|x64
		{85B28AE9-69DF-4B62-BBC2-4029D83B19F3}.Release|x64.Build.0 = Release|x64
		{85B28AE9-69DF-4B62-BBC2-4029D83B19F3}.Release|x86.ActiveCfg = Release|Win32
		{85B28AE9-69DF-4B62-BBC2-4029D83B19F3}.Release|x86.Build.0 = Release|Win32
		{AEF7543D-BC73-4938-B5DF-9DB56F8A3285}.Debug|x64.ActiveCfg = Debug|x64
		{AEF7543D-BC73-4938-B5DF-9DB56F8A3285}.Debug|x64.Build.0 = Debug|x64
		{AEF7543D-BC73-4938-B5DF-9DB56F8A3285}.Debug|x86.ActiveCfg = Debug|Win32
		{AEF7543D-BC73-4938-B5DF-9DB56F8A3285}.Debug|x86.Build.0 = Debug|Win32
		{AEF7543D-BC73-4938-B5DF-9DB56F8A3285}.Release|x64.ActiveCfg = Release|x64
		{AEF7543D-BC73-4938-B5DF-9DB56F8A3285}.Release|x64.Build.0 = Release|x64
		{AEF7543D-BC73-4938-B5DF-9DB56F8A3285}.Release|x86.ActiveCfg = Release|Win32
		{AEF7543D-BC73-4938-B5DF-9DB56F8A3285}.Release|x86.Build.0 = Release|Win32
		{7BAA5AE0-19B1-4269-BA8A-F91E43A5413B}.Debug|x64.ActiveCfg = Debug|x64
		{7BAA5AE0-19B1-4269-BA8A-F91E43A5413B}.Debug|x64.Build.0 = Debug|x64
		{7BAA5AE0-19B1-4269-BA8A-F91E43A5413B}.Debug|x86.ActiveCfg = Debug|Win32
		{7BAA5AE0-19B1-4269-BA8A-F91E43A5413B}.Debug|x86.Build.0 = Debug|Win32
		{7BAA5AE0-19B1-4269-BA8A-F91E43A5413B}.Release|x64.ActiveCfg = Release|x64
		{7BAA5AE0-19B1-4269-BA8A-F91E43A5413B}.Release|x64.Build.0 = Release|x64
		{7BAA5AE0-19B1-4269-BA8A-F91E43A5413B}.Release|x86.ActiveCfg = Release|Win32
		{7BAA5AE0-19B1-4269-BA8A-F91E43A5413B}.Release|x86.Build.0 = Release|Win32
		{EE10FBFC-07EB-4125-948E-3463581A7F91}.Debug|x64.ActiveCfg = Debug|x64
		{EE10FBFC-07EB-4125-948E-3463581A7F91}.Debug|x64.Build.0 = Debug|x64
		{EE10FBFC-07EB-4125-948E-3463581A7F91}.Debug|x86.ActiveCfg = Debug|Win32
		{EE10FBFC-07EB-4125-948E-3463581A7F91}.Debug|x86.Build.0 = Debug|Win32
		{EE10FBFC-07EB-4125-948E-3463581A7F91}.Release|x64.ActiveCfg = Release|x64
		{EE10FBFC-07EB-4125-948E-3463581A7F91}.Release|x64.Build.0 = Release|x64
		{EE10FBFC-07EB-4125-948E-3463581A7F91}.Release|x86.ActiveCfg = Release|Win32
		{EE10FBFC-07EB-4125-948E-3463581A7F91}.Release|x86.Build.0 = Release|Win32
		{10825A9D-F07E-4883-89FD-4F41390E66FD}.Debug|x64.ActiveCfg = Debug|x64
		{10825A9D-F07E-4883-89FD-4F41390E66FD}.Debug|x64.Build.0 = Debug|x64
		{10825A9D-F07E-4883-89FD-4F41390E66FD}.Debug|x86.ActiveCfg = Debug|Win32
		{10825A9D-F07E-4883-89FD-4F41390E66FD}.Debug|x86.Build.0 = Debug|Win32
		{10825A9D-F07E-4883-89FD-4F41390E66FD}.Release|x64.ActiveCfg = Release|x64
		{10825A9D-F07E-4883-89FD-4F41390E66FD}.Release|x64.Build.0 = Release|x64
		{10825A9D-F07E-4883-89FD-4F41390E66FD}.Release|x86.ActiveCfg = Release|Win32
		{10825A9D-F07E-4883-89FD-4F41390E66FD}.Release|x86.Build.0 = Release|Win32
		{60003561-1965-4767-99F3-2AB828E9D00A}.Debug|x64.ActiveCfg = Debug|x64
		{60003561-1965-4767-99F3-2AB828E9D00A}.Debug|x64.Build.0 = Debug|x64
		{60003561-1965-4767-99F3-2AB828E9D00A}.Debug|x86.ActiveCfg = Debug|Win32
		{60003561-1965-4767-99F3-2AB828E9D00A}.Debug|x86.Build.0 = Debug|Win32
		{60003561-1965-4767-99F3-2AB828E9D00A}.Release|x64.ActiveCfg = Release|x64
		{60003561-1965-4767-99F3-2AB828E9D00A}.Release|x64.Build.0 = Release|x64
		{60003561-1965-4767-99F3-2AB828E9D00A}.Release|x86.ActiveCfg = Release|Win32
		{60003561-1965-4767-99F3-2AB828E9D00A}.Release|x86.Build.0 = Release|Win32
		{24FE32B2-515B-47D9-9361-F09158C5BDF5}.Debug|x64.ActiveCfg = Debug|x64
		{24FE32B2-515B-47D9-9361-F09158C5BDF5}.Debug|x64.Build.0 = Debug|x64
		{24FE32B2-515B-47D9-9361-F09158C5BDF5}.Debug|x86.ActiveCfg = Debug|Win32
		{24FE32B2-515B-47D9-9361-F09158C5BDF5}.Debug|x86.Build.0 = Debug|Win32
		{24FE32B2-515B-47D9-9361-F09158C5BDF5}.Release|x64.ActiveCfg = Release|x64
		{24FE32B2-515B-47D9-9361-F09158C5BDF5}.Release|x64.Build.0 = Release|x64
		{24FE32B2-515B-47D9-9361-F09158C5BDF5}.Release|x86.ActiveCfg = Release|Win32
		{24FE32B2-515B-47D9-9361-F09158C5BDF5}.Release|x86.Build.0 = Release|Win32
		{F8AF4BA7-ED49-4E69-8FDC-F0421F4A0FF8}.Debug|x64.ActiveCfg = Debug|x64
		{F8AF4BA7-ED49-4E69-8FDC-F0421F4A0FF8}.Debug|x64.Build.0 = Debug|x64
		{F8AF4BA7-ED49-4E69-8FDC-F0421F4A0FF8}.Debug|x86.ActiveCfg = Debug|Win32
		{F8AF4BA7-ED49-4E69-8FDC-F0421F4A0FF8}.Debug|x86.Build.0 = Debug|Win32
		{F8AF4BA7-ED49-4E69-8FDC-F0421F4A0FF8}.Release|x64.ActiveCfg = Release|x64
		{F8AF4BA7-ED49-4E69-8FDC-F0421F4A0FF8}.Release|x64.Build.0 = Release|x64
		{F8AF4BA7-ED49-4E69-8FDC-F0421F4A0FF8}.Release|x86.ActiveCfg = Release|Win32
		{F8AF4BA7-ED49-4E69-8FDC-F0421F4A0FF8}.Release|x86.Build.0 = Release|Win32
		{3A9C4861-8114-400F-8881-CB4D2B9589B6}.Debug|x64.ActiveCfg = Debug|x64
		{3A9C4861-8114-400F-8881-CB4D2B9589B6}.Debug|x64.Build.0 = Debug|x64
		{3A9C4861-8114-400F-8881-CB4D2B9589B6}.Debug|x86.ActiveCfg = Debug|Win32
		{3A9C4861-8114-400F-8881-CB4D2B9589B6}.Debug|x86.Build.0 = Debug|Win32
		{3A9C4861-8114-400F-8881-CB4D2B9589B6}.Release|x64.ActiveCfg = Release|x64
		{3A9C4861-8114-400F-8881-CB4D2B9589B6}.Release|x64.Build.0 = Release|x64
		{3A9C4861-8114-400F-8881-CB4D2B9589B6}.Release|x86.ActiveCfg = Release|Win32
		{3A9C4861-8114-400F-8881-CB4D2B9589B6}.Release|x86.Build.0 = Release|Win32
		{51648D3C-C361-47E1-8A1F-4E87223BE491}.Debug|x64.ActiveCfg = Debug|x64
		{51648D3C-C361-47E1-8A1F-4E87223BE491}.Debug|x64.Build.0 = Debug|x64
		{51648D3C-C361-47E1-8A1F-4E87223BE491}.Debug|x86.ActiveCfg = Debug|Win32
		{51648D3C-C361-47E1-8A1F-4E87223BE491}.Debug|x86.Build.0 = Debug|Win32
		{51648D3C-C361-47E1-8A1F-4E87223BE491}.Release|x64.ActiveCfg = Release|x64
		{51648D3C-C361-47E1-8A1F-4E87223BE491}.Release|x64.Build.0 = Release|x64
		{51648D3C-C361-47E1-8A1F-4E87223BE491}.Release|x86.ActiveCfg = Release|Win32
		{51648D3C-C361-47E1-8A1F-4E87223BE491}.Release|x86.Build.0 = Release|Win32
		{3B78DC1D-A6DF-4210-A20D-4FB692D9AC3F}.Debug|x64.ActiveCfg = Debug|x64
		{3B78DC1D-A6DF-4210-A20D-4FB692D9AC3F}.Debug|x64.Build.0 = Debug|x64
		{3B78DC1D-A6DF-4210-A20D-4FB692D9AC3F}.Debug|x86.ActiveCfg = Debug|Win32
		{3B78DC1D-A6DF-4210-A20D-4FB692D9AC3F}.Debug|x86.Build.0 = Debug|Win32
		{3B78DC1D-A6DF-4210-A20D-4FB692D9AC3F}.Release|x64.ActiveCfg = Release|x64
		{3B78DC1D-A6DF-4210-A20D-4FB692D9AC3F}.Release|x64.Build.0 = Release|x64
		{3B78DC1D-A6DF-4210-A20D-4FB692D9AC3F}.Release|x86.ActiveCfg = Release|Win32
		{3B78DC1D-A6DF-4210-A20D-4FB692D9AC3F}.Release|x86.Build.0 = Release|Win32
		{84A8EFAC-58CE-451A-8904-76B2CAF0CC6C}.Debug|x64.ActiveCfg = Debug|x64
		{84A8EFAC-58CE-451A-8904-76B2CAF0CC6C}.Debug|x64.Build.0 = Debug|x64
		{84A8EFAC-58CE-451A-8904-76B2CAF0CC6C}.Debug|x86.ActiveCfg = Debug|Win32
		{84A8EFAC-58CE-451A-8904-76B2CAF0CC6C}.Debug|x86.Build.0 = Debug|Win32
		{84A8EFAC-58CE-451A-8904-76B2CAF0CC6C}.Release|x64.ActiveCfg = Release|x64
		{84A8EFAC-58CE-451A-8904-76B2CAF0CC6C}.Release|x64.Build.0 = Release|x64
		{84A8EFAC-58CE-451A-8904-76B2CAF0CC6C}.Release|x86.ActiveCfg = Release|Win32
		{84A8EFAC-58CE-451A-8904-76B2CAF0CC6C}.Release|x86.Build.0 = Release|Win32
		{A206B7B5-44CE-4405-80A5-CB558DF482B9}.Debug|x64.ActiveCfg = Debug|x64
		{A206B7B5-44CE-4405-80A5-CB558DF482B9}.Debug|x64.Build.0 = Debug|x64
		{A206B7B5-44CE-4405-80A5-CB558DF482B9}.Debug|x86.ActiveCfg = Debug|Win32
		{A206B7B5-44CE-4405-80A5-CB558DF482B9}.Debug|x86.Build.0 = Debug|Win32
		{A206B7B5-44CE-4405-80A5-CB558DF482B9}.Release|x64.ActiveCfg = Release|x64
		{A206B7B5-44CE-4405-80A5-CB558DF482B9}.Release|x64.Build.0 = Release|x64
		{A206B7B5-44CE-4405-80A5-CB558DF482B9}.Release|x86.ActiveCfg = Release|Win32
		{A206B7B5-44CE-4405-80A5-CB558DF482B9}.Release|x86.Build.0 = Release|Win32
		{E6BEA06A-946A-4BA7-B125-476E5E46D8A6}.Debug|x64.ActiveCfg = Debug|x64
		{E6BEA06A-946A-4BA7-B125-476E5E46D8A6}.Debug|x64.Build.0 = Debug|x64
		{E6BEA06A-946A-4BA7-B125-476E5E46D8A6}.Debug|x86.ActiveCfg = Debug|Win32
		{E6BEA06A-946A-4BA7-B125-476E5E46D8A6}.Debug|x86.Build.0 = Debug|Win32
		{E6BEA06A-946A-4BA7-B125-476E5E46D8A6}.Release|x64.ActiveCfg = Release|x64
		{E6BEA06A-946A-4BA7-B125-476E5E46D8A6}.Release|x64.Build.0 = Release|x64
		{E6BEA06A-946A-4BA7-B125-476E5E46D8A6}.Release|x86.ActiveCfg = Release|Win32
		{E6BEA06A-946A-4BA7-B125-476E5E46D8A6}.Release|x86.Build.0 = Release|Win32
		{49A57A15-043B-4D9E-96D1-6B02CB922A6F}.Debug|x64.ActiveCfg = Debug|x64
		{49A57A15-043B-4D9E-96D1-6B02CB922A6F}.Debug|x64.Build.0 = Debug|x64
		{49A57A15-043B-4D9E-96D1-6B02CB922A6F}.Debug|x86.ActiveCfg = Debug|Win32
		{49A57A15-043B-4D9E-96D1-6B02CB922A6F}.Debug|x86.Build.0 = Debug|Win32
		{49A57A15-043B-4D9E-96D1-6B02CB922A6F}.Release|x64.ActiveCfg = Release|x64
		{49A57A15-043B-4D9E-96D1-6B02CB922A6F}.Release|x64.Build.0 = Release|x64
		{49A57A15-043B-4D9E-96D1-6B02CB922A6F}.Release|x86.ActiveCfg = Release|Win32
		{49A57A15-043B-4D9E-96D1-6B02CB922A6F}.Release|x86.Build.0 = Release|Win32
	EndGlobalSection
	GlobalSection(SolutionProperties) = preSolution
		HideSolutionNode = FALSE
	EndGlobalSection
	GlobalSection(ExtensibilityGlobals) = postSolution
		SolutionGuid = {33DF29C1-2AD0-4BA0-B7B9-759C4FCD518E}
	EndGlobalSection
EndGlobal
